
Microsoft Visual Studio Solution File, Format Version 12.00
# Visual Studio Version 17
VisualStudioVersion = 17.14.36429.23 d17.14
MinimumVisualStudioVersion = 10.0.40219.1
Project("{8BC9CEB8-8B4A-11D0-8D11-00A0C91BC942}") = "T5-1", "T5-1\T5-1.vcxproj", "{564EFCBE-1272-4F2A-BC05-82B778827F35}"
EndProject
Project("{8BC9CEB8-8B4A-11D0-8D11-00A0C91BC942}") = "T5-2", "T5-2\T5-2.vcxproj", "{4420758E-C12F-4646-BD5A-F86466DB178C}"
EndProject
Project("{8BC9CEB8-8B4A-11D0-8D11-00A0C91BC942}") = "T5-3", "T5-3\T5-3.vcxproj", "{DE81A4AC-DA55-4C38-88AC-416D4FFCB463}"
EndProject
Project("{8BC9CEB8-8B4A-11D0-8D11-00A0C91BC942}") = "T6-1", "T6-1\T6-1.vcxproj", "{A7F73A92-0616-4617-8C3D-19EDEBB02F87}"
EndProject
Project("{8BC9CEB8-8B4A-11D0-8D11-00A0C91BC942}") = "T6-2", "T6-2\T6-2.vcxproj", "{8D26F2C6-E013-4B1E-A80D-80D8332DAF94}"
EndProject
Project("{8BC9CEB8-8B4A-11D0-8D11-00A0C91BC942}") = "T7-1", "T7-1\T7-1.vcxproj", "{DF4E662E-C2A7-4EDC-8DC8-C88B12039229}"
EndProject
Project("{8BC9CEB8-8B4A-11D0-8D11-00A0C91BC942}") = "T7-2", "T7-2\T7-2.vcxproj", "{A952385B-C743-411A-9F33-51399FC87DBF}"
EndProject
Project("{8BC9CEB8-8B4A-11D0-8D11-00A0C91BC942}") = "T8", "T8\T8.vcxproj", "{0F6372A5-89A5-4F55-9C00-8550157DC3A3}"
EndProject
Project("{8BC9CEB8-8B4A-11D0-8D11-00A0C91BC942}") = "T9", "T9\T9.vcxproj", "{E753936A-F5F3-4958-9C13-404C9F018B1E}"
EndProject
Project("{8BC9CEB8-8B4A-11D0-8D11-00A0C91BC942}") = "T10", "T10\T10.vcxproj", "{57DA26C0-505F-4D2A-99F6-11CF43B3DFC9}"
EndProject
Global
	GlobalSection(SolutionConfigurationPlatforms) = preSolution
		Debug|ARM64 = Debug|ARM64
		Debug|x64 = Debug|x64
		Debug|x86 = Debug|x86
		Release|ARM64 = Release|ARM64
		Release|x64 = Release|x64
		Release|x86 = Release|x86
	EndGlobalSection
	GlobalSection(ProjectConfigurationPlatforms) = postSolution
		{564EFCBE-1272-4F2A-BC05-82B778827F35}.Debug|ARM64.ActiveCfg = Debug|ARM64
		{564EFCBE-1272-4F2A-BC05-82B778827F35}.Debug|ARM64.Build.0 = Debug|ARM64
		{564EFCBE-1272-4F2A-BC05-82B778827F35}.Debug|x64.ActiveCfg = Debug|x64
		{564EFCBE-1272-4F2A-BC05-82B778827F35}.Debug|x64.Build.0 = Debug|x64
		{564EFCBE-1272-4F2A-BC05-82B778827F35}.Debug|x86.ActiveCfg = Debug|Win32
		{564EFCBE-1272-4F2A-BC05-82B778827F35}.Debug|x86.Build.0 = Debug|Win32
		{564EFCBE-1272-4F2A-BC05-82B778827F35}.Release|ARM64.ActiveCfg = Release|ARM64
		{564EFCBE-1272-4F2A-BC05-82B778827F35}.Release|ARM64.Build.0 = Release|ARM64
		{564EFCBE-1272-4F2A-BC05-82B778827F35}.Release|x64.ActiveCfg = Release|x64
		{564EFCBE-1272-4F2A-BC05-82B778827F35}.Release|x64.Build.0 = Release|x64
		{564EFCBE-1272-4F2A-BC05-82B778827F35}.Release|x86.ActiveCfg = Release|Win32
		{564EFCBE-1272-4F2A-BC05-82B778827F35}.Release|x86.Build.0 = Release|Win32
		{4420758E-C12F-4646-BD5A-F86466DB178C}.Debug|ARM64.ActiveCfg = Debug|ARM64
		{4420758E-C12F-4646-BD5A-F86466DB178C}.Debug|ARM64.Build.0 = Debug|ARM64
		{4420758E-C12F-4646-BD5A-F86466DB178C}.Debug|x64.ActiveCfg = Debug|x64
		{4420758E-C12F-4646-BD5A-F86466DB178C}.Debug|x64.Build.0 = Debug|x64
		{4420758E-C12F-4646-BD5A-F86466DB178C}.Debug|x86.ActiveCfg = Debug|Win32
		{4420758E-C12F-4646-BD5A-F86466DB178C}.Debug|x86.Build.0 = Debug|Win32
		{4420758E-C12F-4646-BD5A-F86466DB178C}.Release|ARM64.ActiveCfg = Release|ARM64
		{4420758E-C12F-4646-BD5A-F86466DB178C}.Release|ARM64.Build.0 = Release|ARM64
		{4420758E-C12F-4646-BD5A-F86466DB178C}.Release|x64.ActiveCfg = Release|x64
		{4420758E-C12F-4646-BD5A-F86466DB178C}.Release|x64.Build.0 = Release|x64
		{4420758E-C12F-4646-BD5A-F86466DB178C}.Release|x86.ActiveCfg = Release|Win32
		{4420758E-C12F-4646-BD5A-F86466DB178C}.Release|x86.Build.0 = Release|Win32
		{DE81A4AC-DA55-4C38-88AC-416D4FFCB463}.Debug|ARM64.ActiveCfg = Debug|ARM64
		{DE81A4AC-DA55-4C38-88AC-416D4FFCB463}.Debug|ARM64.Build.0 = Debug|ARM64
		{DE81A4AC-DA55-4C38-88AC-416D4FFCB463}.Debug|x64.ActiveCfg = Debug|x64
		{DE81A4AC-DA55-4C38-88AC-416D4FFCB463}.Debug|x64.Build.0 = Debug|x64
		{DE81A4AC-DA55-4C38-88AC-416D4FFCB463}.Debug|x86.ActiveCfg = Debug|Win32
		{DE81A4AC-DA55-4C38-88AC-416D4FFCB463}.Debug|x86.Build.0 = Debug|Win32
		{DE81A4AC-DA55-4C38-88AC-416D4FFCB463}.Release|ARM64.ActiveCfg = Release|ARM64
		{DE81A4AC-DA55-4C38-88AC-416D4FFCB463}.Release|ARM64.Build.0 = Release|ARM64
		{DE81A4AC-DA55-4C38-88AC-416D4FFCB463}.Release|x64.ActiveCfg = Release|x64
		{DE81A4AC-DA55-4C38-88AC-416D4FFCB463}.Release|x64.Build.0 = Release|x64
		{DE81A4AC-DA55-4C38-88AC-416D4FFCB463}.Release|x86.ActiveCfg = Release|Win32
		{DE81A4AC-DA55-4C38-88AC-416D4FFCB463}.Release|x86.Build.0 = Release|Win32
		{A7F73A92-0616-4617-8C3D-19EDEBB02F87}.Debug|ARM64.ActiveCfg = Debug|ARM64
		{A7F73A92-0616-4617-8C3D-19EDEBB02F87}.Debug|ARM64.Build.0 = Debug|ARM64
		{A7F73A92-0616-4617-8C3D-19EDEBB02F87}.Debug|x64.ActiveCfg = Debug|x64
		{A7F73A92-0616-4617-8C3D-19EDEBB02F87}.Debug|x64.Build.0 = Debug|x64
		{A7F73A92-0616-4617-8C3D-19EDEBB02F87}.Debug|x86.ActiveCfg = Debug|Win32
		{A7F73A92-0616-4617-8C3D-19EDEBB02F87}.Debug|x86.Build.0 = Debug|Win32
		{A7F73A92-0616-4617-8C3D-19EDEBB02F87}.Release|ARM64.ActiveCfg = Release|ARM64
		{A7F73A92-0616-4617-8C3D-19EDEBB02F87}.Release|ARM64.Build.0 = Release|ARM64
		{A7F73A92-0616-4617-8C3D-19EDEBB02F87}.Release|x64.ActiveCfg = Release|x64
		{A7F73A92-0616-4617-8C3D-19EDEBB02F87}.Release|x64.Build.0 = Release|x64
		{A7F73A92-0616-4617-8C3D-19EDEBB02F87}.Release|x86.ActiveCfg = Release|Win32
		{A7F73A92-0616-4617-8C3D-19EDEBB02F87}.Release|x86.Build.0 = Release|Win32
		{8D26F2C6-E013-4B1E-A80D-80D8332DAF94}.Debug|ARM64.ActiveCfg = Debug|ARM64
		{8D26F2C6-E013-4B1E-A80D-80D8332DAF94}.Debug|ARM64.Build.0 = Debug|ARM64
		{8D26F2C6-E013-4B1E-A80D-80D8332DAF94}.Debug|x64.ActiveCfg = Debug|x64
		{8D26F2C6-E013-4B1E-A80D-80D8332DAF94}.Debug|x64.Build.0 = Debug|x64
		{8D26F2C6-E013-4B1E-A80D-80D8332DAF94}.Debug|x86.ActiveCfg = Debug|Win32
		{8D26F2C6-E013-4B1E-A80D-80D8332DAF94}.Debug|x86.Build.0 = Debug|Win32
		{8D26F2C6-E013-4B1E-A80D-80D8332DAF94}.Release|ARM64.ActiveCfg = Release|ARM64
		{8D26F2C6-E013-4B1E-A80D-80D8332DAF94}.Release|ARM64.Build.0 = Release|ARM64
		{8D26F2C6-E013-4B1E-A80D-80D8332DAF94}.Release|x64.ActiveCfg = Release|x64
		{8D26F2C6-E013-4B1E-A80D-80D8332DAF94}.Release|x64.Build.0 = Release|x64
		{8D26F2C6-E013-4B1E-A80D-80D8332DAF94}.Release|x86.ActiveCfg = Release|Win32
		{8D26F2C6-E013-4B1E-A80D-80D8332DAF94}.Release|x86.Build.0 = Release|Win32
		{DF4E662E-C2A7-4EDC-8DC8-C88B12039229}.Debug|ARM64.ActiveCfg = Debug|ARM64
		{DF4E662E-C2A7-4EDC-8DC8-C88B12039229}.Debug|ARM64.Build.0 = Debug|ARM64
		{DF4E662E-C2A7-4EDC-8DC8-C88B12039229}.Debug|x64.ActiveCfg = Debug|x64
		{DF4E662E-C2A7-4EDC-8DC8-C88B12039229}.Debug|x64.Build.0 = Debug|x64
		{DF4E662E-C2A7-4EDC-8DC8-C88B12039229}.Debug|x86.ActiveCfg = Debug|Win32
		{DF4E662E-C2A7-4EDC-8DC8-C88B12039229}.Debug|x86.Build.0 = Debug|Win32
		{DF4E662E-C2A7-4EDC-8DC8-C88B12039229}.Release|ARM64.ActiveCfg = Release|ARM64
		{DF4E662E-C2A7-4EDC-8DC8-C88B12039229}.Release|ARM64.Build.0 = Release|ARM64
		{DF4E662E-C2A7-4EDC-8DC8-C88B12039229}.Release|x64.ActiveCfg = Release|x64
		{DF4E662E-C2A7-4EDC-8DC8-C88B12039229}.Release|x64.Build.0 = Release|x64
		{DF4E662E-C2A7-4EDC-8DC8-C88B12039229}.Release|x86.ActiveCfg = Release|Win32
		{DF4E662E-C2A7-4EDC-8DC8-C88B12039229}.Release|x86.Build.0 = Release|Win32
		{A952385B-C743-411A-9F33-51399FC87DBF}.Debug|ARM64.ActiveCfg = Debug|ARM64
		{A952385B-C743-411A-9F33-51399FC87DBF}.Debug|ARM64.Build.0 = Debug|ARM64
		{A952385B-C743-411A-9F33-51399FC87DBF}.Debug|x64.ActiveCfg = Debug|x64
		{A952385B-C743-411A-9F33-51399FC87DBF}.Debug|x64.Build.0 = Debug|x64
		{A952385B-C743-411A-9F33-51399FC87DBF}.Debug|x86.ActiveCfg = Debug|Win32
		{A952385B-C743-411A-9F33-51399FC87DBF}.Debug|x86.Build.0 = Debug|Win32
		{A952385B-C743-411A-9F33-51399FC87DBF}.Release|ARM64.ActiveCfg = Release|ARM64
		{A952385B-C743-411A-9F33-51399FC87DBF}.Release|ARM64.Build.0 = Release|ARM64
		{A952385B-C743-411A-9F33-51399FC87DBF}.Release|x64.ActiveCfg = Release|x64
		{A952385B-C743-411A-9F33-51399FC87DBF}.Release|x64.Build.0 = Release|x64
		{A952385B-C743-411A-9F33-51399FC87DBF}.Release|x86.ActiveCfg = Release|Win32
		{A952385B-C743-411A-9F33-51399FC87DBF}.Release|x86.Build.0 = Release|Win32
		{0F6372A5-89A5-4F55-9C00-8550157DC3A3}.Debug|ARM64.ActiveCfg = Debug|ARM64
		{0F6372A5-89A5-4F55-9C00-8550157DC3A3}.Debug|ARM64.Build.0 = Debug|ARM64
		{0F6372A5-89A5-4F55-9C00-8550157DC3A3}.Debug|x64.ActiveCfg = Debug|x64
		{0F6372A5-89A5-4F55-9C00-8550157DC3A3}.Debug|x64.Build.0 = Debug|x64
		{0F6372A5-89A5-4F55-9C00-8550157DC3A3}.Debug|x86.ActiveCfg = Debug|Win32
		{0F6372A5-89A5-4F55-9C00-8550157DC3A3}.Debug|x86.Build.0 = Debug|Win32
		{0F6372A5-89A5-4F55-9C00-8550157DC3A3}.Release|ARM64.ActiveCfg = Release|ARM64
		{0F6372A5-89A5-4F55-9C00-8550157DC3A3}.Release|ARM64.Build.0 = Release|ARM64
		{0F6372A5-89A5-4F55-9C00-8550157DC3A3}.Release|x64.ActiveCfg = Release|x64
		{0F6372A5-89A5-4F55-9C00-8550157DC3A3}.Release|x64.Build.0 = Release|x64
		{0F6372A5-89A5-4F55-9C00-8550157DC3A3}.Release|x86.ActiveCfg = Release|Win32
		{0F6372A5-89A5-4F55-9C00-8550157DC3A3}.Release|x86.Build.0 = Release|Win32
		{E753936A-F5F3-4958-9C13-404C9F018B1E}.Debug|ARM64.ActiveCfg = Debug|ARM64
		{E753936A-F5F3-4958-9C13-404C9F018B1E}.Debug|ARM64.Build.0 = Debug|ARM64
		{E753936A-F5F3-4958-9C13-404C9F018B1E}.Debug|x64.ActiveCfg = Debug|x64
		{E753936A-F5F3-4958-9C13-404C9F018B1E}.Debug|x64.Build.0 = Debug|x64
		{E753936A-F5F3-4958-9C13-404C9F018B1E}.Debug|x86.ActiveCfg = Debug|Win32
		{E753936A-F5F3-4958-9C13-404C9F018B1E}.Debug|x86.Build.0 = Debug|Win32
		{E753936A-F5F3-4958-9C13-404C9F018B1E}.Release|ARM64.ActiveCfg = Release|ARM64
		{E753936A-F5F3-4958-9C13-404C9F018B1E}.Release|ARM64.Build.0 = Release|ARM64
		{E753936A-F5F3-4958-9C13-404C9F018B1E}.Release|x64.ActiveCfg = Release|x64
		{E753936A-F5F3-4958-9C13-404C9F018B1E}.Release|x64.Build.0 = Release|x64
		{E753936A-F5F3-4958-9C13-404C9F018B1E}.Release|x86.ActiveCfg = Release|Win32
		{E753936A-F5F3-4958-9C13-404C9F018B1E}.Release|x86.Build.0 = Release|Win32
		{57DA26C0-505F-4D2A-99F6-11CF43B3DFC9}.Debug|ARM64.ActiveCfg = Debug|ARM64
		{57DA26C0-505F-4D2A-99F6-11CF43B3DFC9}.Debug|ARM64.Build.0 = Debug|ARM64
		{57DA26C0-505F-4D2A-99F6-11CF43B3DFC9}.Debug|x64.ActiveCfg = Debug|x64
		{57DA26C0-505F-4D2A-99F6-11CF43B3DFC9}.Debug|x64.Build.0 = Debug|x64
		{57DA26C0-505F-4D2A-99F6-11CF43B3DFC9}.Debug|x86.ActiveCfg = Debug|Win32
		{57DA26C0-505F-4D2A-99F6-11CF43B3DFC9}.Debug|x86.Build.0 = Debug|Win32
		{57DA26C0-505F-4D2A-99F6-11CF43B3DFC9}.Release|ARM64.ActiveCfg = Release|ARM64
		{57DA26C0-505F-4D2A-99F6-11CF43B3DFC9}.Release|ARM64.Build.0 = Release|ARM64
		{57DA26C0-505F-4D2A-99F6-11CF43B3DFC9}.Release|x64.ActiveCfg = Release|x64
		{57DA26C0-505F-4D2A-99F6-11CF43B3DFC9}.Release|x64.Build.0 = Release|x64
		{57DA26C0-505F-4D2A-99F6-11CF43B3DFC9}.Release|x86.ActiveCfg = Release|Win32
		{57DA26C0-505F-4D2A-99F6-11CF43B3DFC9}.Release|x86.Build.0 = Release|Win32
	EndGlobalSection
	GlobalSection(SolutionProperties) = preSolution
		HideSolutionNode = FALSE
	EndGlobalSection
	GlobalSection(ExtensibilityGlobals) = postSolution
		SolutionGuid = {7E5FA27D-A402-4DEC-A6B8-271C30E57A76}
	EndGlobalSection
EndGlobal
