
Microsoft Visual Studio Solution File, Format Version 12.00
# Visual Studio Version 17
VisualStudioVersion = 17.14.36429.23
MinimumVisualStudioVersion = 10.0.40219.1
Project("{8BC9CEB8-8B4A-11D0-8D11-00A0C91BC942}") = "T08", "T08\T08.vcxproj", "{3ABD9F6E-9C4E-436B-ACA8-3D0648CCB09B}"
EndProject
Project("{8BC9CEB8-8B4A-11D0-8D11-00A0C91BC942}") = "T09-1", "T09\T09.vcxproj", "{9B1513B7-A3FB-4661-8267-BC5DB5F77ED6}"
EndProject
Project("{8BC9CEB8-8B4A-11D0-8D11-00A0C91BC942}") = "T09-2", "T09-2\T09-2.vcxproj", "{567B7FDE-CFC3-4E6B-9161-1D705EAB891F}"
EndProject
Project("{8BC9CEB8-8B4A-11D0-8D11-00A0C91BC942}") = "T10", "T10\T10.vcxproj", "{92668D43-BD6A-46BF-B579-1238C0B6A53B}"
EndProject
Project("{8BC9CEB8-8B4A-11D0-8D11-00A0C91BC942}") = "T11", "T11\T11.vcxproj", "{D4F023A7-211D-4BC9-93F0-3E1209D857DF}"
EndProject
Project("{8BC9CEB8-8B4A-11D0-8D11-00A0C91BC942}") = "T12", "T12\T12.vcxproj", "{E115065B-0516-4EBC-848D-9A8F666503BA}"
EndProject
Project("{8BC9CEB8-8B4A-11D0-8D11-00A0C91BC942}") = "T13", "T13\T13.vcxproj", "{E85655E8-7D6C-40EC-976E-55023F075B7E}"
EndProject
Project("{8BC9CEB8-8B4A-11D0-8D11-00A0C91BC942}") = "T14", "T14\T14.vcxproj", "{D0A48411-5E21-4814-A449-8F4D12FE8988}"
EndProject
Project("{8BC9CEB8-8B4A-11D0-8D11-00A0C91BC942}") = "T15", "T15\T15.vcxproj", "{E39A579E-00FB-419C-8FB5-EC9CB97090CF}"
EndProject
Project("{8BC9CEB8-8B4A-11D0-8D11-00A0C91BC942}") = "T16", "T16\T16.vcxproj", "{E04BDC27-F3B4-4892-9A39-23320F7AFECD}"
EndProject
Project("{8BC9CEB8-8B4A-11D0-8D11-00A0C91BC942}") = "T17", "T17\T17.vcxproj", "{BB40C445-BC02-4D41-AD6B-5DEB682A8E40}"
EndProject
Project("{8BC9CEB8-8B4A-11D0-8D11-00A0C91BC942}") = "T18", "T18\T18.vcxproj", "{E7594441-865E-4ED0-BB9A-ACEAC9507123}"
EndProject
Project("{8BC9CEB8-8B4A-11D0-8D11-00A0C91BC942}") = "T19-1", "T19\T19.vcxproj", "{A80D1AAC-8D0E-40A7-9F56-9A86347C95E1}"
EndProject
Project("{8BC9CEB8-8B4A-11D0-8D11-00A0C91BC942}") = "T20-1", "T20\T20.vcxproj", "{39A840B4-F544-4119-A926-F75AF6CB4C21}"
EndProject
Project("{8BC9CEB8-8B4A-11D0-8D11-00A0C91BC942}") = "T21", "T21\T21.vcxproj", "{1FAC51C6-3186-4809-984F-032BC0A123E9}"
EndProject
Project("{8BC9CEB8-8B4A-11D0-8D11-00A0C91BC942}") = "T20-2", "T20-2\T20-2.vcxproj", "{510BC514-A12D-4839-978B-949733EBB720}"
EndProject
Project("{8BC9CEB8-8B4A-11D0-8D11-00A0C91BC942}") = "T22-1", "T22\T22.vcxproj", "{F64A0EB3-1686-47BB-BD77-3CA60572CFD0}"
EndProject
Project("{8BC9CEB8-8B4A-11D0-8D11-00A0C91BC942}") = "T22-2", "T22-2\T22-2.vcxproj", "{538AD3FA-FCD8-4A21-887C-D7F61C2FF898}"
EndProject
Project("{8BC9CEB8-8B4A-11D0-8D11-00A0C91BC942}") = "T23-1", "T23-1\T23-1.vcxproj", "{7DA62E08-7B70-4589-B404-50E8D4978AB6}"
EndProject
Project("{8BC9CEB8-8B4A-11D0-8D11-00A0C91BC942}") = "T23-2", "T23-2\T23-2.vcxproj", "{A596E36C-F304-4521-B18A-74B5449AE92C}"
EndProject
Project("{8BC9CEB8-8B4A-11D0-8D11-00A0C91BC942}") = "T24-1", "T24-1\T24-1.vcxproj", "{F3A206B6-4AF0-4502-A393-518F35F967F6}"
EndProject
Project("{8BC9CEB8-8B4A-11D0-8D11-00A0C91BC942}") = "T24-2", "T24-2\T24-2.vcxproj", "{A8E810DB-35B5-4F64-A39F-2486C22491D8}"
EndProject
Project("{8BC9CEB8-8B4A-11D0-8D11-00A0C91BC942}") = "T24-3", "T24-3\T24-3.vcxproj", "{068FF0C3-2B5D-445E-BBEF-71B60E689D52}"
EndProject
Project("{8BC9CEB8-8B4A-11D0-8D11-00A0C91BC942}") = "T25", "T25\T25.vcxproj", "{BC3A9405-1695-4DA9-B436-135511FF659A}"
EndProject
Project("{8BC9CEB8-8B4A-11D0-8D11-00A0C91BC942}") = "T26", "T26\T26.vcxproj", "{851C576E-D0BC-40E3-BA6D-D41B0C430B92}"
EndProject
Project("{8BC9CEB8-8B4A-11D0-8D11-00A0C91BC942}") = "T27-1", "T27-1\T27-1.vcxproj", "{F96DF646-DE88-41E0-8707-A44676913190}"
EndProject
Project("{8BC9CEB8-8B4A-11D0-8D11-00A0C91BC942}") = "T27-2", "T27-2\T27-2.vcxproj", "{59486F7C-5A14-4B9C-AD56-A8FAE0388372}"
EndProject
Project("{8BC9CEB8-8B4A-11D0-8D11-00A0C91BC942}") = "T28-1", "T28-1\T28-1.vcxproj", "{9FFF54BD-3C71-4C65-995F-31FF26639A60}"
EndProject
Project("{8BC9CEB8-8B4A-11D0-8D11-00A0C91BC942}") = "T28-2", "T28-2\T28-2.vcxproj", "{BDA1305C-31EC-4E15-B80E-972630AD1BC2}"
EndProject
Project("{8BC9CEB8-8B4A-11D0-8D11-00A0C91BC942}") = "T28-3", "T28-3\T28-3.vcxproj", "{BBF5F069-C90A-4CFC-8B6D-449F34368DA1}"
EndProject
Project("{8BC9CEB8-8B4A-11D0-8D11-00A0C91BC942}") = "T29-1", "T29-1\T29-1.vcxproj", "{245E4EEE-C0DB-4353-AC2C-28FD66B9EC4A}"
EndProject
Project("{8BC9CEB8-8B4A-11D0-8D11-00A0C91BC942}") = "T29-2", "T29-2\T29-2.vcxproj", "{2104E9C3-4ECB-419B-B187-7488C47CF8F7}"
EndProject
Project("{8BC9CEB8-8B4A-11D0-8D11-00A0C91BC942}") = "T30-1", "T30-1\T30-1.vcxproj", "{CFEA02D8-83D6-4BEB-B6D6-F3CB6397CAC8}"
EndProject
Project("{8BC9CEB8-8B4A-11D0-8D11-00A0C91BC942}") = "T30-2", "T30-2\T30-2.vcxproj", "{B38781E2-4EF6-479D-839C-D02E685AB5EB}"
EndProject
Project("{8BC9CEB8-8B4A-11D0-8D11-00A0C91BC942}") = "T30-3", "T30-3\T30-3.vcxproj", "{BAE0FD5B-AE70-4632-8D26-E82DF692DC5D}"
EndProject
Project("{8BC9CEB8-8B4A-11D0-8D11-00A0C91BC942}") = "T30-4", "T30-4\T30-4.vcxproj", "{8916097B-B683-4D81-A2FA-724861BDB0D8}"
EndProject
Project("{8BC9CEB8-8B4A-11D0-8D11-00A0C91BC942}") = "T31-1", "T31-1\T31-1.vcxproj", "{3F0EE689-C599-4F26-9C6A-32970A400492}"
EndProject
Project("{8BC9CEB8-8B4A-11D0-8D11-00A0C91BC942}") = "T31-2", "T31-2\T31-2.vcxproj", "{677C055E-E238-4D67-9DC3-6EC7CD0F9A4F}"
EndProject
Project("{8BC9CEB8-8B4A-11D0-8D11-00A0C91BC942}") = "T32-1", "T32-1\T32-1.vcxproj", "{C8D6F2A7-F867-4991-B30A-D3E644E67B1C}"
EndProject
Project("{8BC9CEB8-8B4A-11D0-8D11-00A0C91BC942}") = "T32-2", "T32-2\T32-2.vcxproj", "{0496F264-E48F-447F-B0C3-DF30A3074CCF}"
EndProject
Project("{8BC9CEB8-8B4A-11D0-8D11-00A0C91BC942}") = "T33-1", "T33-1\T33-1.vcxproj", "{D8898627-BCF5-4C7A-8D83-91A13E5D84EB}"
EndProject
Project("{8BC9CEB8-8B4A-11D0-8D11-00A0C91BC942}") = "T33-2", "T33-2\T33-2.vcxproj", "{DFB7A565-1F63-4502-B56D-DBA4DD548461}"
EndProject
Project("{8BC9CEB8-8B4A-11D0-8D11-00A0C91BC942}") = "T33-3", "T33-3\T33-3.vcxproj", "{AB30A943-5789-4C1C-A456-CBD47320A9D1}"
EndProject
Project("{8BC9CEB8-8B4A-11D0-8D11-00A0C91BC942}") = "T33-4", "T33-4\T33-4.vcxproj", "{BC8CCE8C-1CB0-4E6A-AF79-B454BF7020B3}"
EndProject
Project("{8BC9CEB8-8B4A-11D0-8D11-00A0C91BC942}") = "T34-1", "T34-1\T34-1.vcxproj", "{FFAE6B44-B342-4141-84A0-FA08522A9CE9}"
EndProject
Project("{8BC9CEB8-8B4A-11D0-8D11-00A0C91BC942}") = "T34-2", "T34-2\T34-2.vcxproj", "{D149F3DE-BDA6-4A44-AEC2-D12A56C2D645}"
EndProject
Project("{8BC9CEB8-8B4A-11D0-8D11-00A0C91BC942}") = "T19-2", "T19-2\T19-2.vcxproj", "{56DC663D-0272-495B-9E60-8225DADE4F26}"
EndProject
Project("{8BC9CEB8-8B4A-11D0-8D11-00A0C91BC942}") = "T21-2", "T21-2\T21-2.vcxproj", "{9F734E1D-BBD1-4282-B0B6-AD90D285089B}"
EndProject
Global
	GlobalSection(SolutionConfigurationPlatforms) = preSolution
		Debug|ARM64 = Debug|ARM64
		Debug|x64 = Debug|x64
		Debug|x86 = Debug|x86
		Release|ARM64 = Release|ARM64
		Release|x64 = Release|x64
		Release|x86 = Release|x86
	EndGlobalSection
	GlobalSection(ProjectConfigurationPlatforms) = postSolution
		{3ABD9F6E-9C4E-436B-ACA8-3D0648CCB09B}.Debug|ARM64.ActiveCfg = Debug|ARM64
		{3ABD9F6E-9C4E-436B-ACA8-3D0648CCB09B}.Debug|ARM64.Build.0 = Debug|ARM64
		{3ABD9F6E-9C4E-436B-ACA8-3D0648CCB09B}.Debug|x64.ActiveCfg = Debug|x64
		{3ABD9F6E-9C4E-436B-ACA8-3D0648CCB09B}.Debug|x64.Build.0 = Debug|x64
		{3ABD9F6E-9C4E-436B-ACA8-3D0648CCB09B}.Debug|x86.ActiveCfg = Debug|Win32
		{3ABD9F6E-9C4E-436B-ACA8-3D0648CCB09B}.Debug|x86.Build.0 = Debug|Win32
		{3ABD9F6E-9C4E-436B-ACA8-3D0648CCB09B}.Release|ARM64.ActiveCfg = Release|ARM64
		{3ABD9F6E-9C4E-436B-ACA8-3D0648CCB09B}.Release|ARM64.Build.0 = Release|ARM64
		{3ABD9F6E-9C4E-436B-ACA8-3D0648CCB09B}.Release|x64.ActiveCfg = Release|x64
		{3ABD9F6E-9C4E-436B-ACA8-3D0648CCB09B}.Release|x64.Build.0 = Release|x64
		{3ABD9F6E-9C4E-436B-ACA8-3D0648CCB09B}.Release|x86.ActiveCfg = Release|Win32
		{3ABD9F6E-9C4E-436B-ACA8-3D0648CCB09B}.Release|x86.Build.0 = Release|Win32
		{9B1513B7-A3FB-4661-8267-BC5DB5F77ED6}.Debug|ARM64.ActiveCfg = Debug|ARM64
		{9B1513B7-A3FB-4661-8267-BC5DB5F77ED6}.Debug|ARM64.Build.0 = Debug|ARM64
		{9B1513B7-A3FB-4661-8267-BC5DB5F77ED6}.Debug|x64.ActiveCfg = Debug|x64
		{9B1513B7-A3FB-4661-8267-BC5DB5F77ED6}.Debug|x64.Build.0 = Debug|x64
		{9B1513B7-A3FB-4661-8267-BC5DB5F77ED6}.Debug|x86.ActiveCfg = Debug|Win32
		{9B1513B7-A3FB-4661-8267-BC5DB5F77ED6}.Debug|x86.Build.0 = Debug|Win32
		{9B1513B7-A3FB-4661-8267-BC5DB5F77ED6}.Release|ARM64.ActiveCfg = Release|ARM64
		{9B1513B7-A3FB-4661-8267-BC5DB5F77ED6}.Release|ARM64.Build.0 = Release|ARM64
		{9B1513B7-A3FB-4661-8267-BC5DB5F77ED6}.Release|x64.ActiveCfg = Release|x64
		{9B1513B7-A3FB-4661-8267-BC5DB5F77ED6}.Release|x64.Build.0 = Release|x64
		{9B1513B7-A3FB-4661-8267-BC5DB5F77ED6}.Release|x86.ActiveCfg = Release|Win32
		{9B1513B7-A3FB-4661-8267-BC5DB5F77ED6}.Release|x86.Build.0 = Release|Win32
		{567B7FDE-CFC3-4E6B-9161-1D705EAB891F}.Debug|ARM64.ActiveCfg = Debug|ARM64
		{567B7FDE-CFC3-4E6B-9161-1D705EAB891F}.Debug|ARM64.Build.0 = Debug|ARM64
		{567B7FDE-CFC3-4E6B-9161-1D705EAB891F}.Debug|x64.ActiveCfg = Debug|x64
		{567B7FDE-CFC3-4E6B-9161-1D705EAB891F}.Debug|x64.Build.0 = Debug|x64
		{567B7FDE-CFC3-4E6B-9161-1D705EAB891F}.Debug|x86.ActiveCfg = Debug|Win32
		{567B7FDE-CFC3-4E6B-9161-1D705EAB891F}.Debug|x86.Build.0 = Debug|Win32
		{567B7FDE-CFC3-4E6B-9161-1D705EAB891F}.Release|ARM64.ActiveCfg = Release|ARM64
		{567B7FDE-CFC3-4E6B-9161-1D705EAB891F}.Release|ARM64.Build.0 = Release|ARM64
		{567B7FDE-CFC3-4E6B-9161-1D705EAB891F}.Release|x64.ActiveCfg = Release|x64
		{567B7FDE-CFC3-4E6B-9161-1D705EAB891F}.Release|x64.Build.0 = Release|x64
		{567B7FDE-CFC3-4E6B-9161-1D705EAB891F}.Release|x86.ActiveCfg = Release|Win32
		{567B7FDE-CFC3-4E6B-9161-1D705EAB891F}.Release|x86.Build.0 = Release|Win32
		{92668D43-BD6A-46BF-B579-1238C0B6A53B}.Debug|ARM64.ActiveCfg = Debug|ARM64
		{92668D43-BD6A-46BF-B579-1238C0B6A53B}.Debug|ARM64.Build.0 = Debug|ARM64
		{92668D43-BD6A-46BF-B579-1238C0B6A53B}.Debug|x64.ActiveCfg = Debug|x64
		{92668D43-BD6A-46BF-B579-1238C0B6A53B}.Debug|x64.Build.0 = Debug|x64
		{92668D43-BD6A-46BF-B579-1238C0B6A53B}.Debug|x86.ActiveCfg = Debug|Win32
		{92668D43-BD6A-46BF-B579-1238C0B6A53B}.Debug|x86.Build.0 = Debug|Win32
		{92668D43-BD6A-46BF-B579-1238C0B6A53B}.Release|ARM64.ActiveCfg = Release|ARM64
		{92668D43-BD6A-46BF-B579-1238C0B6A53B}.Release|ARM64.Build.0 = Release|ARM64
		{92668D43-BD6A-46BF-B579-1238C0B6A53B}.Release|x64.ActiveCfg = Release|x64
		{92668D43-BD6A-46BF-B579-1238C0B6A53B}.Release|x64.Build.0 = Release|x64
		{92668D43-BD6A-46BF-B579-1238C0B6A53B}.Release|x86.ActiveCfg = Release|Win32
		{92668D43-BD6A-46BF-B579-1238C0B6A53B}.Release|x86.Build.0 = Release|Win32
		{D4F023A7-211D-4BC9-93F0-3E1209D857DF}.Debug|ARM64.ActiveCfg = Debug|ARM64
		{D4F023A7-211D-4BC9-93F0-3E1209D857DF}.Debug|ARM64.Build.0 = Debug|ARM64
		{D4F023A7-211D-4BC9-93F0-3E1209D857DF}.Debug|x64.ActiveCfg = Debug|x64
		{D4F023A7-211D-4BC9-93F0-3E1209D857DF}.Debug|x64.Build.0 = Debug|x64
		{D4F023A7-211D-4BC9-93F0-3E1209D857DF}.Debug|x86.ActiveCfg = Debug|Win32
		{D4F023A7-211D-4BC9-93F0-3E1209D857DF}.Debug|x86.Build.0 = Debug|Win32
		{D4F023A7-211D-4BC9-93F0-3E1209D857DF}.Release|ARM64.ActiveCfg = Release|ARM64
		{D4F023A7-211D-4BC9-93F0-3E1209D857DF}.Release|ARM64.Build.0 = Release|ARM64
		{D4F023A7-211D-4BC9-93F0-3E1209D857DF}.Release|x64.ActiveCfg = Release|x64
		{D4F023A7-211D-4BC9-93F0-3E1209D857DF}.Release|x64.Build.0 = Release|x64
		{D4F023A7-211D-4BC9-93F0-3E1209D857DF}.Release|x86.ActiveCfg = Release|Win32
		{D4F023A7-211D-4BC9-93F0-3E1209D857DF}.Release|x86.Build.0 = Release|Win32
		{E115065B-0516-4EBC-848D-9A8F666503BA}.Debug|ARM64.ActiveCfg = Debug|ARM64
		{E115065B-0516-4EBC-848D-9A8F666503BA}.Debug|ARM64.Build.0 = Debug|ARM64
		{E115065B-0516-4EBC-848D-9A8F666503BA}.Debug|x64.ActiveCfg = Debug|x64
		{E115065B-0516-4EBC-848D-9A8F666503BA}.Debug|x64.Build.0 = Debug|x64
		{E115065B-0516-4EBC-848D-9A8F666503BA}.Debug|x86.ActiveCfg = Debug|Win32
		{E115065B-0516-4EBC-848D-9A8F666503BA}.Debug|x86.Build.0 = Debug|Win32
		{E115065B-0516-4EBC-848D-9A8F666503BA}.Release|ARM64.ActiveCfg = Release|ARM64
		{E115065B-0516-4EBC-848D-9A8F666503BA}.Release|ARM64.Build.0 = Release|ARM64
		{E115065B-0516-4EBC-848D-9A8F666503BA}.Release|x64.ActiveCfg = Release|x64
		{E115065B-0516-4EBC-848D-9A8F666503BA}.Release|x64.Build.0 = Release|x64
		{E115065B-0516-4EBC-848D-9A8F666503BA}.Release|x86.ActiveCfg = Release|Win32
		{E115065B-0516-4EBC-848D-9A8F666503BA}.Release|x86.Build.0 = Release|Win32
		{E85655E8-7D6C-40EC-976E-55023F075B7E}.Debug|ARM64.ActiveCfg = Debug|ARM64
		{E85655E8-7D6C-40EC-976E-55023F075B7E}.Debug|ARM64.Build.0 = Debug|ARM64
		{E85655E8-7D6C-40EC-976E-55023F075B7E}.Debug|x64.ActiveCfg = Debug|x64
		{E85655E8-7D6C-40EC-976E-55023F075B7E}.Debug|x64.Build.0 = Debug|x64
		{E85655E8-7D6C-40EC-976E-55023F075B7E}.Debug|x86.ActiveCfg = Debug|Win32
		{E85655E8-7D6C-40EC-976E-55023F075B7E}.Debug|x86.Build.0 = Debug|Win32
		{E85655E8-7D6C-40EC-976E-55023F075B7E}.Release|ARM64.ActiveCfg = Release|ARM64
		{E85655E8-7D6C-40EC-976E-55023F075B7E}.Release|ARM64.Build.0 = Release|ARM64
		{E85655E8-7D6C-40EC-976E-55023F075B7E}.Release|x64.ActiveCfg = Release|x64
		{E85655E8-7D6C-40EC-976E-55023F075B7E}.Release|x64.Build.0 = Release|x64
		{E85655E8-7D6C-40EC-976E-55023F075B7E}.Release|x86.ActiveCfg = Release|Win32
		{E85655E8-7D6C-40EC-976E-55023F075B7E}.Release|x86.Build.0 = Release|Win32
		{D0A48411-5E21-4814-A449-8F4D12FE8988}.Debug|ARM64.ActiveCfg = Debug|ARM64
		{D0A48411-5E21-4814-A449-8F4D12FE8988}.Debug|ARM64.Build.0 = Debug|ARM64
		{D0A48411-5E21-4814-A449-8F4D12FE8988}.Debug|x64.ActiveCfg = Debug|x64
		{D0A48411-5E21-4814-A449-8F4D12FE8988}.Debug|x64.Build.0 = Debug|x64
		{D0A48411-5E21-4814-A449-8F4D12FE8988}.Debug|x86.ActiveCfg = Debug|Win32
		{D0A48411-5E21-4814-A449-8F4D12FE8988}.Debug|x86.Build.0 = Debug|Win32
		{D0A48411-5E21-4814-A449-8F4D12FE8988}.Release|ARM64.ActiveCfg = Release|ARM64
		{D0A48411-5E21-4814-A449-8F4D12FE8988}.Release|ARM64.Build.0 = Release|ARM64
		{D0A48411-5E21-4814-A449-8F4D12FE8988}.Release|x64.ActiveCfg = Release|x64
		{D0A48411-5E21-4814-A449-8F4D12FE8988}.Release|x64.Build.0 = Release|x64
		{D0A48411-5E21-4814-A449-8F4D12FE8988}.Release|x86.ActiveCfg = Release|Win32
		{D0A48411-5E21-4814-A449-8F4D12FE8988}.Release|x86.Build.0 = Release|Win32
		{E39A579E-00FB-419C-8FB5-EC9CB97090CF}.Debug|ARM64.ActiveCfg = Debug|ARM64
		{E39A579E-00FB-419C-8FB5-EC9CB97090CF}.Debug|ARM64.Build.0 = Debug|ARM64
		{E39A579E-00FB-419C-8FB5-EC9CB97090CF}.Debug|x64.ActiveCfg = Debug|x64
		{E39A579E-00FB-419C-8FB5-EC9CB97090CF}.Debug|x64.Build.0 = Debug|x64
		{E39A579E-00FB-419C-8FB5-EC9CB97090CF}.Debug|x86.ActiveCfg = Debug|Win32
		{E39A579E-00FB-419C-8FB5-EC9CB97090CF}.Debug|x86.Build.0 = Debug|Win32
		{E39A579E-00FB-419C-8FB5-EC9CB97090CF}.Release|ARM64.ActiveCfg = Release|ARM64
		{E39A579E-00FB-419C-8FB5-EC9CB97090CF}.Release|ARM64.Build.0 = Release|ARM64
		{E39A579E-00FB-419C-8FB5-EC9CB97090CF}.Release|x64.ActiveCfg = Release|x64
		{E39A579E-00FB-419C-8FB5-EC9CB97090CF}.Release|x64.Build.0 = Release|x64
		{E39A579E-00FB-419C-8FB5-EC9CB97090CF}.Release|x86.ActiveCfg = Release|Win32
		{E39A579E-00FB-419C-8FB5-EC9CB97090CF}.Release|x86.Build.0 = Release|Win32
		{E04BDC27-F3B4-4892-9A39-23320F7AFECD}.Debug|ARM64.ActiveCfg = Debug|ARM64
		{E04BDC27-F3B4-4892-9A39-23320F7AFECD}.Debug|ARM64.Build.0 = Debug|ARM64
		{E04BDC27-F3B4-4892-9A39-23320F7AFECD}.Debug|x64.ActiveCfg = Debug|x64
		{E04BDC27-F3B4-4892-9A39-23320F7AFECD}.Debug|x64.Build.0 = Debug|x64
		{E04BDC27-F3B4-4892-9A39-23320F7AFECD}.Debug|x86.ActiveCfg = Debug|Win32
		{E04BDC27-F3B4-4892-9A39-23320F7AFECD}.Debug|x86.Build.0 = Debug|Win32
		{E04BDC27-F3B4-4892-9A39-23320F7AFECD}.Release|ARM64.ActiveCfg = Release|ARM64
		{E04BDC27-F3B4-4892-9A39-23320F7AFECD}.Release|ARM64.Build.0 = Release|ARM64
		{E04BDC27-F3B4-4892-9A39-23320F7AFECD}.Release|x64.ActiveCfg = Release|x64
		{E04BDC27-F3B4-4892-9A39-23320F7AFECD}.Release|x64.Build.0 = Release|x64
		{E04BDC27-F3B4-4892-9A39-23320F7AFECD}.Release|x86.ActiveCfg = Release|Win32
		{E04BDC27-F3B4-4892-9A39-23320F7AFECD}.Release|x86.Build.0 = Release|Win32
		{BB40C445-BC02-4D41-AD6B-5DEB682A8E40}.Debug|ARM64.ActiveCfg = Debug|ARM64
		{BB40C445-BC02-4D41-AD6B-5DEB682A8E40}.Debug|ARM64.Build.0 = Debug|ARM64
		{BB40C445-BC02-4D41-AD6B-5DEB682A8E40}.Debug|x64.ActiveCfg = Debug|x64
		{BB40C445-BC02-4D41-AD6B-5DEB682A8E40}.Debug|x64.Build.0 = Debug|x64
		{BB40C445-BC02-4D41-AD6B-5DEB682A8E40}.Debug|x86.ActiveCfg = Debug|Win32
		{BB40C445-BC02-4D41-AD6B-5DEB682A8E40}.Debug|x86.Build.0 = Debug|Win32
		{BB40C445-BC02-4D41-AD6B-5DEB682A8E40}.Release|ARM64.ActiveCfg = Release|ARM64
		{BB40C445-BC02-4D41-AD6B-5DEB682A8E40}.Release|ARM64.Build.0 = Release|ARM64
		{BB40C445-BC02-4D41-AD6B-5DEB682A8E40}.Release|x64.ActiveCfg = Release|x64
		{BB40C445-BC02-4D41-AD6B-5DEB682A8E40}.Release|x64.Build.0 = Release|x64
		{BB40C445-BC02-4D41-AD6B-5DEB682A8E40}.Release|x86.ActiveCfg = Release|Win32
		{BB40C445-BC02-4D41-AD6B-5DEB682A8E40}.Release|x86.Build.0 = Release|Win32
		{E7594441-865E-4ED0-BB9A-ACEAC9507123}.Debug|ARM64.ActiveCfg = Debug|ARM64
		{E7594441-865E-4ED0-BB9A-ACEAC9507123}.Debug|ARM64.Build.0 = Debug|ARM64
		{E7594441-865E-4ED0-BB9A-ACEAC9507123}.Debug|x64.ActiveCfg = Debug|x64
		{E7594441-865E-4ED0-BB9A-ACEAC9507123}.Debug|x64.Build.0 = Debug|x64
		{E7594441-865E-4ED0-BB9A-ACEAC9507123}.Debug|x86.ActiveCfg = Debug|Win32
		{E7594441-865E-4ED0-BB9A-ACEAC9507123}.Debug|x86.Build.0 = Debug|Win32
		{E7594441-865E-4ED0-BB9A-ACEAC9507123}.Release|ARM64.ActiveCfg = Release|ARM64
		{E7594441-865E-4ED0-BB9A-ACEAC9507123}.Release|ARM64.Build.0 = Release|ARM64
		{E7594441-865E-4ED0-BB9A-ACEAC9507123}.Release|x64.ActiveCfg = Release|x64
		{E7594441-865E-4ED0-BB9A-ACEAC9507123}.Release|x64.Build.0 = Release|x64
		{E7594441-865E-4ED0-BB9A-ACEAC9507123}.Release|x86.ActiveCfg = Release|Win32
		{E7594441-865E-4ED0-BB9A-ACEAC9507123}.Release|x86.Build.0 = Release|Win32
		{A80D1AAC-8D0E-40A7-9F56-9A86347C95E1}.Debug|ARM64.ActiveCfg = Debug|ARM64
		{A80D1AAC-8D0E-40A7-9F56-9A86347C95E1}.Debug|ARM64.Build.0 = Debug|ARM64
		{A80D1AAC-8D0E-40A7-9F56-9A86347C95E1}.Debug|x64.ActiveCfg = Debug|x64
		{A80D1AAC-8D0E-40A7-9F56-9A86347C95E1}.Debug|x64.Build.0 = Debug|x64
		{A80D1AAC-8D0E-40A7-9F56-9A86347C95E1}.Debug|x86.ActiveCfg = Debug|Win32
		{A80D1AAC-8D0E-40A7-9F56-9A86347C95E1}.Debug|x86.Build.0 = Debug|Win32
		{A80D1AAC-8D0E-40A7-9F56-9A86347C95E1}.Release|ARM64.ActiveCfg = Release|ARM64
		{A80D1AAC-8D0E-40A7-9F56-9A86347C95E1}.Release|ARM64.Build.0 = Release|ARM64
		{A80D1AAC-8D0E-40A7-9F56-9A86347C95E1}.Release|x64.ActiveCfg = Release|x64
		{A80D1AAC-8D0E-40A7-9F56-9A86347C95E1}.Release|x64.Build.0 = Release|x64
		{A80D1AAC-8D0E-40A7-9F56-9A86347C95E1}.Release|x86.ActiveCfg = Release|Win32
		{A80D1AAC-8D0E-40A7-9F56-9A86347C95E1}.Release|x86.Build.0 = Release|Win32
		{39A840B4-F544-4119-A926-F75AF6CB4C21}.Debug|ARM64.ActiveCfg = Debug|ARM64
		{39A840B4-F544-4119-A926-F75AF6CB4C21}.Debug|ARM64.Build.0 = Debug|ARM64
		{39A840B4-F544-4119-A926-F75AF6CB4C21}.Debug|x64.ActiveCfg = Debug|x64
		{39A840B4-F544-4119-A926-F75AF6CB4C21}.Debug|x64.Build.0 = Debug|x64
		{39A840B4-F544-4119-A926-F75AF6CB4C21}.Debug|x86.ActiveCfg = Debug|Win32
		{39A840B4-F544-4119-A926-F75AF6CB4C21}.Debug|x86.Build.0 = Debug|Win32
		{39A840B4-F544-4119-A926-F75AF6CB4C21}.Release|ARM64.ActiveCfg = Release|ARM64
		{39A840B4-F544-4119-A926-F75AF6CB4C21}.Release|ARM64.Build.0 = Release|ARM64
		{39A840B4-F544-4119-A926-F75AF6CB4C21}.Release|x64.ActiveCfg = Release|x64
		{39A840B4-F544-4119-A926-F75AF6CB4C21}.Release|x64.Build.0 = Release|x64
		{39A840B4-F544-4119-A926-F75AF6CB4C21}.Release|x86.ActiveCfg = Release|Win32
		{39A840B4-F544-4119-A926-F75AF6CB4C21}.Release|x86.Build.0 = Release|Win32
		{1FAC51C6-3186-4809-984F-032BC0A123E9}.Debug|ARM64.ActiveCfg = Debug|ARM64
		{1FAC51C6-3186-4809-984F-032BC0A123E9}.Debug|ARM64.Build.0 = Debug|ARM64
		{1FAC51C6-3186-4809-984F-032BC0A123E9}.Debug|x64.ActiveCfg = Debug|x64
		{1FAC51C6-3186-4809-984F-032BC0A123E9}.Debug|x64.Build.0 = Debug|x64
		{1FAC51C6-3186-4809-984F-032BC0A123E9}.Debug|x86.ActiveCfg = Debug|Win32
		{1FAC51C6-3186-4809-984F-032BC0A123E9}.Debug|x86.Build.0 = Debug|Win32
		{1FAC51C6-3186-4809-984F-032BC0A123E9}.Release|ARM64.ActiveCfg = Release|ARM64
		{1FAC51C6-3186-4809-984F-032BC0A123E9}.Release|ARM64.Build.0 = Release|ARM64
		{1FAC51C6-3186-4809-984F-032BC0A123E9}.Release|x64.ActiveCfg = Release|x64
		{1FAC51C6-3186-4809-984F-032BC0A123E9}.Release|x64.Build.0 = Release|x64
		{1FAC51C6-3186-4809-984F-032BC0A123E9}.Release|x86.ActiveCfg = Release|Win32
		{1FAC51C6-3186-4809-984F-032BC0A123E9}.Release|x86.Build.0 = Release|Win32
		{510BC514-A12D-4839-978B-949733EBB720}.Debug|ARM64.ActiveCfg = Debug|ARM64
		{510BC514-A12D-4839-978B-949733EBB720}.Debug|ARM64.Build.0 = Debug|ARM64
		{510BC514-A12D-4839-978B-949733EBB720}.Debug|x64.ActiveCfg = Debug|x64
		{510BC514-A12D-4839-978B-949733EBB720}.Debug|x64.Build.0 = Debug|x64
		{510BC514-A12D-4839-978B-949733EBB720}.Debug|x86.ActiveCfg = Debug|Win32
		{510BC514-A12D-4839-978B-949733EBB720}.Debug|x86.Build.0 = Debug|Win32
		{510BC514-A12D-4839-978B-949733EBB720}.Release|ARM64.ActiveCfg = Release|ARM64
		{510BC514-A12D-4839-978B-949733EBB720}.Release|ARM64.Build.0 = Release|ARM64
		{510BC514-A12D-4839-978B-949733EBB720}.Release|x64.ActiveCfg = Release|x64
		{510BC514-A12D-4839-978B-949733EBB720}.Release|x64.Build.0 = Release|x64
		{510BC514-A12D-4839-978B-949733EBB720}.Release|x86.ActiveCfg = Release|Win32
		{510BC514-A12D-4839-978B-949733EBB720}.Release|x86.Build.0 = Release|Win32
		{F64A0EB3-1686-47BB-BD77-3CA60572CFD0}.Debug|ARM64.ActiveCfg = Debug|ARM64
		{F64A0EB3-1686-47BB-BD77-3CA60572CFD0}.Debug|ARM64.Build.0 = Debug|ARM64
		{F64A0EB3-1686-47BB-BD77-3CA60572CFD0}.Debug|x64.ActiveCfg = Debug|x64
		{F64A0EB3-1686-47BB-BD77-3CA60572CFD0}.Debug|x64.Build.0 = Debug|x64
		{F64A0EB3-1686-47BB-BD77-3CA60572CFD0}.Debug|x86.ActiveCfg = Debug|Win32
		{F64A0EB3-1686-47BB-BD77-3CA60572CFD0}.Debug|x86.Build.0 = Debug|Win32
		{F64A0EB3-1686-47BB-BD77-3CA60572CFD0}.Release|ARM64.ActiveCfg = Release|ARM64
		{F64A0EB3-1686-47BB-BD77-3CA60572CFD0}.Release|ARM64.Build.0 = Release|ARM64
		{F64A0EB3-1686-47BB-BD77-3CA60572CFD0}.Release|x64.ActiveCfg = Release|x64
		{F64A0EB3-1686-47BB-BD77-3CA60572CFD0}.Release|x64.Build.0 = Release|x64
		{F64A0EB3-1686-47BB-BD77-3CA60572CFD0}.Release|x86.ActiveCfg = Release|Win32
		{F64A0EB3-1686-47BB-BD77-3CA60572CFD0}.Release|x86.Build.0 = Release|Win32
		{538AD3FA-FCD8-4A21-887C-D7F61C2FF898}.Debug|ARM64.ActiveCfg = Debug|ARM64
		{538AD3FA-FCD8-4A21-887C-D7F61C2FF898}.Debug|ARM64.Build.0 = Debug|ARM64
		{538AD3FA-FCD8-4A21-887C-D7F61C2FF898}.Debug|x64.ActiveCfg = Debug|x64
		{538AD3FA-FCD8-4A21-887C-D7F61C2FF898}.Debug|x64.Build.0 = Debug|x64
		{538AD3FA-FCD8-4A21-887C-D7F61C2FF898}.Debug|x86.ActiveCfg = Debug|Win32
		{538AD3FA-FCD8-4A21-887C-D7F61C2FF898}.Debug|x86.Build.0 = Debug|Win32
		{538AD3FA-FCD8-4A21-887C-D7F61C2FF898}.Release|ARM64.ActiveCfg = Release|ARM64
		{538AD3FA-FCD8-4A21-887C-D7F61C2FF898}.Release|ARM64.Build.0 = Release|ARM64
		{538AD3FA-FCD8-4A21-887C-D7F61C2FF898}.Release|x64.ActiveCfg = Release|x64
		{538AD3FA-FCD8-4A21-887C-D7F61C2FF898}.Release|x64.Build.0 = Release|x64
		{538AD3FA-FCD8-4A21-887C-D7F61C2FF898}.Release|x86.ActiveCfg = Release|Win32
		{538AD3FA-FCD8-4A21-887C-D7F61C2FF898}.Release|x86.Build.0 = Release|Win32
		{7DA62E08-7B70-4589-B404-50E8D4978AB6}.Debug|ARM64.ActiveCfg = Debug|ARM64
		{7DA62E08-7B70-4589-B404-50E8D4978AB6}.Debug|ARM64.Build.0 = Debug|ARM64
		{7DA62E08-7B70-4589-B404-50E8D4978AB6}.Debug|x64.ActiveCfg = Debug|x64
		{7DA62E08-7B70-4589-B404-50E8D4978AB6}.Debug|x64.Build.0 = Debug|x64
		{7DA62E08-7B70-4589-B404-50E8D4978AB6}.Debug|x86.ActiveCfg = Debug|Win32
		{7DA62E08-7B70-4589-B404-50E8D4978AB6}.Debug|x86.Build.0 = Debug|Win32
		{7DA62E08-7B70-4589-B404-50E8D4978AB6}.Release|ARM64.ActiveCfg = Release|ARM64
		{7DA62E08-7B70-4589-B404-50E8D4978AB6}.Release|ARM64.Build.0 = Release|ARM64
		{7DA62E08-7B70-4589-B404-50E8D4978AB6}.Release|x64.ActiveCfg = Release|x64
		{7DA62E08-7B70-4589-B404-50E8D4978AB6}.Release|x64.Build.0 = Release|x64
		{7DA62E08-7B70-4589-B404-50E8D4978AB6}.Release|x86.ActiveCfg = Release|Win32
		{7DA62E08-7B70-4589-B404-50E8D4978AB6}.Release|x86.Build.0 = Release|Win32
		{A596E36C-F304-4521-B18A-74B5449AE92C}.Debug|ARM64.ActiveCfg = Debug|ARM64
		{A596E36C-F304-4521-B18A-74B5449AE92C}.Debug|ARM64.Build.0 = Debug|ARM64
		{A596E36C-F304-4521-B18A-74B5449AE92C}.Debug|x64.ActiveCfg = Debug|x64
		{A596E36C-F304-4521-B18A-74B5449AE92C}.Debug|x64.Build.0 = Debug|x64
		{A596E36C-F304-4521-B18A-74B5449AE92C}.Debug|x86.ActiveCfg = Debug|Win32
		{A596E36C-F304-4521-B18A-74B5449AE92C}.Debug|x86.Build.0 = Debug|Win32
		{A596E36C-F304-4521-B18A-74B5449AE92C}.Release|ARM64.ActiveCfg = Release|ARM64
		{A596E36C-F304-4521-B18A-74B5449AE92C}.Release|ARM64.Build.0 = Release|ARM64
		{A596E36C-F304-4521-B18A-74B5449AE92C}.Release|x64.ActiveCfg = Release|x64
		{A596E36C-F304-4521-B18A-74B5449AE92C}.Release|x64.Build.0 = Release|x64
		{A596E36C-F304-4521-B18A-74B5449AE92C}.Release|x86.ActiveCfg = Release|Win32
		{A596E36C-F304-4521-B18A-74B5449AE92C}.Release|x86.Build.0 = Release|Win32
		{F3A206B6-4AF0-4502-A393-518F35F967F6}.Debug|ARM64.ActiveCfg = Debug|ARM64
		{F3A206B6-4AF0-4502-A393-518F35F967F6}.Debug|ARM64.Build.0 = Debug|ARM64
		{F3A206B6-4AF0-4502-A393-518F35F967F6}.Debug|x64.ActiveCfg = Debug|x64
		{F3A206B6-4AF0-4502-A393-518F35F967F6}.Debug|x64.Build.0 = Debug|x64
		{F3A206B6-4AF0-4502-A393-518F35F967F6}.Debug|x86.ActiveCfg = Debug|Win32
		{F3A206B6-4AF0-4502-A393-518F35F967F6}.Debug|x86.Build.0 = Debug|Win32
		{F3A206B6-4AF0-4502-A393-518F35F967F6}.Release|ARM64.ActiveCfg = Release|ARM64
		{F3A206B6-4AF0-4502-A393-518F35F967F6}.Release|ARM64.Build.0 = Release|ARM64
		{F3A206B6-4AF0-4502-A393-518F35F967F6}.Release|x64.ActiveCfg = Release|x64
		{F3A206B6-4AF0-4502-A393-518F35F967F6}.Release|x64.Build.0 = Release|x64
		{F3A206B6-4AF0-4502-A393-518F35F967F6}.Release|x86.ActiveCfg = Release|Win32
		{F3A206B6-4AF0-4502-A393-518F35F967F6}.Release|x86.Build.0 = Release|Win32
		{A8E810DB-35B5-4F64-A39F-2486C22491D8}.Debug|ARM64.ActiveCfg = Debug|ARM64
		{A8E810DB-35B5-4F64-A39F-2486C22491D8}.Debug|ARM64.Build.0 = Debug|ARM64
		{A8E810DB-35B5-4F64-A39F-2486C22491D8}.Debug|x64.ActiveCfg = Debug|x64
		{A8E810DB-35B5-4F64-A39F-2486C22491D8}.Debug|x64.Build.0 = Debug|x64
		{A8E810DB-35B5-4F64-A39F-2486C22491D8}.Debug|x86.ActiveCfg = Debug|Win32
		{A8E810DB-35B5-4F64-A39F-2486C22491D8}.Debug|x86.Build.0 = Debug|Win32
		{A8E810DB-35B5-4F64-A39F-2486C22491D8}.Release|ARM64.ActiveCfg = Release|ARM64
		{A8E810DB-35B5-4F64-A39F-2486C22491D8}.Release|ARM64.Build.0 = Release|ARM64
		{A8E810DB-35B5-4F64-A39F-2486C22491D8}.Release|x64.ActiveCfg = Release|x64
		{A8E810DB-35B5-4F64-A39F-2486C22491D8}.Release|x64.Build.0 = Release|x64
		{A8E810DB-35B5-4F64-A39F-2486C22491D8}.Release|x86.ActiveCfg = Release|Win32
		{A8E810DB-35B5-4F64-A39F-2486C22491D8}.Release|x86.Build.0 = Release|Win32
		{068FF0C3-2B5D-445E-BBEF-71B60E689D52}.Debug|ARM64.ActiveCfg = Debug|ARM64
		{068FF0C3-2B5D-445E-BBEF-71B60E689D52}.Debug|ARM64.Build.0 = Debug|ARM64
		{068FF0C3-2B5D-445E-BBEF-71B60E689D52}.Debug|x64.ActiveCfg = Debug|x64
		{068FF0C3-2B5D-445E-BBEF-71B60E689D52}.Debug|x64.Build.0 = Debug|x64
		{068FF0C3-2B5D-445E-BBEF-71B60E689D52}.Debug|x86.ActiveCfg = Debug|Win32
		{068FF0C3-2B5D-445E-BBEF-71B60E689D52}.Debug|x86.Build.0 = Debug|Win32
		{068FF0C3-2B5D-445E-BBEF-71B60E689D52}.Release|ARM64.ActiveCfg = Release|ARM64
		{068FF0C3-2B5D-445E-BBEF-71B60E689D52}.Release|ARM64.Build.0 = Release|ARM64
		{068FF0C3-2B5D-445E-BBEF-71B60E689D52}.Release|x64.ActiveCfg = Release|x64
		{068FF0C3-2B5D-445E-BBEF-71B60E689D52}.Release|x64.Build.0 = Release|x64
		{068FF0C3-2B5D-445E-BBEF-71B60E689D52}.Release|x86.ActiveCfg = Release|Win32
		{068FF0C3-2B5D-445E-BBEF-71B60E689D52}.Release|x86.Build.0 = Release|Win32
		{BC3A9405-1695-4DA9-B436-135511FF659A}.Debug|ARM64.ActiveCfg = Debug|ARM64
		{BC3A9405-1695-4DA9-B436-135511FF659A}.Debug|ARM64.Build.0 = Debug|ARM64
		{BC3A9405-1695-4DA9-B436-135511FF659A}.Debug|x64.ActiveCfg = Debug|x64
		{BC3A9405-1695-4DA9-B436-135511FF659A}.Debug|x64.Build.0 = Debug|x64
		{BC3A9405-1695-4DA9-B436-135511FF659A}.Debug|x86.ActiveCfg = Debug|Win32
		{BC3A9405-1695-4DA9-B436-135511FF659A}.Debug|x86.Build.0 = Debug|Win32
		{BC3A9405-1695-4DA9-B436-135511FF659A}.Release|ARM64.ActiveCfg = Release|ARM64
		{BC3A9405-1695-4DA9-B436-135511FF659A}.Release|ARM64.Build.0 = Release|ARM64
		{BC3A9405-1695-4DA9-B436-135511FF659A}.Release|x64.ActiveCfg = Release|x64
		{BC3A9405-1695-4DA9-B436-135511FF659A}.Release|x64.Build.0 = Release|x64
		{BC3A9405-1695-4DA9-B436-135511FF659A}.Release|x86.ActiveCfg = Release|Win32
		{BC3A9405-1695-4DA9-B436-135511FF659A}.Release|x86.Build.0 = Release|Win32
		{851C576E-D0BC-40E3-BA6D-D41B0C430B92}.Debug|ARM64.ActiveCfg = Debug|ARM64
		{851C576E-D0BC-40E3-BA6D-D41B0C430B92}.Debug|ARM64.Build.0 = Debug|ARM64
		{851C576E-D0BC-40E3-BA6D-D41B0C430B92}.Debug|x64.ActiveCfg = Debug|x64
		{851C576E-D0BC-40E3-BA6D-D41B0C430B92}.Debug|x64.Build.0 = Debug|x64
		{851C576E-D0BC-40E3-BA6D-D41B0C430B92}.Debug|x86.ActiveCfg = Debug|Win32
		{851C576E-D0BC-40E3-BA6D-D41B0C430B92}.Debug|x86.Build.0 = Debug|Win32
		{851C576E-D0BC-40E3-BA6D-D41B0C430B92}.Release|ARM64.ActiveCfg = Release|ARM64
		{851C576E-D0BC-40E3-BA6D-D41B0C430B92}.Release|ARM64.Build.0 = Release|ARM64
		{851C576E-D0BC-40E3-BA6D-D41B0C430B92}.Release|x64.ActiveCfg = Release|x64
		{851C576E-D0BC-40E3-BA6D-D41B0C430B92}.Release|x64.Build.0 = Release|x64
		{851C576E-D0BC-40E3-BA6D-D41B0C430B92}.Release|x86.ActiveCfg = Release|Win32
		{851C576E-D0BC-40E3-BA6D-D41B0C430B92}.Release|x86.Build.0 = Release|Win32
		{F96DF646-DE88-41E0-8707-A44676913190}.Debug|ARM64.ActiveCfg = Debug|ARM64
		{F96DF646-DE88-41E0-8707-A44676913190}.Debug|ARM64.Build.0 = Debug|ARM64
		{F96DF646-DE88-41E0-8707-A44676913190}.Debug|x64.ActiveCfg = Debug|x64
		{F96DF646-DE88-41E0-8707-A44676913190}.Debug|x64.Build.0 = Debug|x64
		{F96DF646-DE88-41E0-8707-A44676913190}.Debug|x86.ActiveCfg = Debug|Win32
		{F96DF646-DE88-41E0-8707-A44676913190}.Debug|x86.Build.0 = Debug|Win32
		{F96DF646-DE88-41E0-8707-A44676913190}.Release|ARM64.ActiveCfg = Release|ARM64
		{F96DF646-DE88-41E0-8707-A44676913190}.Release|ARM64.Build.0 = Release|ARM64
		{F96DF646-DE88-41E0-8707-A44676913190}.Release|x64.ActiveCfg = Release|x64
		{F96DF646-DE88-41E0-8707-A44676913190}.Release|x64.Build.0 = Release|x64
		{F96DF646-DE88-41E0-8707-A44676913190}.Release|x86.ActiveCfg = Release|Win32
		{F96DF646-DE88-41E0-8707-A44676913190}.Release|x86.Build.0 = Release|Win32
		{59486F7C-5A14-4B9C-AD56-A8FAE0388372}.Debug|ARM64.ActiveCfg = Debug|ARM64
		{59486F7C-5A14-4B9C-AD56-A8FAE0388372}.Debug|ARM64.Build.0 = Debug|ARM64
		{59486F7C-5A14-4B9C-AD56-A8FAE0388372}.Debug|x64.ActiveCfg = Debug|x64
		{59486F7C-5A14-4B9C-AD56-A8FAE0388372}.Debug|x64.Build.0 = Debug|x64
		{59486F7C-5A14-4B9C-AD56-A8FAE0388372}.Debug|x86.ActiveCfg = Debug|Win32
		{59486F7C-5A14-4B9C-AD56-A8FAE0388372}.Debug|x86.Build.0 = Debug|Win32
		{59486F7C-5A14-4B9C-AD56-A8FAE0388372}.Release|ARM64.ActiveCfg = Release|ARM64
		{59486F7C-5A14-4B9C-AD56-A8FAE0388372}.Release|ARM64.Build.0 = Release|ARM64
		{59486F7C-5A14-4B9C-AD56-A8FAE0388372}.Release|x64.ActiveCfg = Release|x64
		{59486F7C-5A14-4B9C-AD56-A8FAE0388372}.Release|x64.Build.0 = Release|x64
		{59486F7C-5A14-4B9C-AD56-A8FAE0388372}.Release|x86.ActiveCfg = Release|Win32
		{59486F7C-5A14-4B9C-AD56-A8FAE0388372}.Release|x86.Build.0 = Release|Win32
		{9FFF54BD-3C71-4C65-995F-31FF26639A60}.Debug|ARM64.ActiveCfg = Debug|ARM64
		{9FFF54BD-3C71-4C65-995F-31FF26639A60}.Debug|ARM64.Build.0 = Debug|ARM64
		{9FFF54BD-3C71-4C65-995F-31FF26639A60}.Debug|x64.ActiveCfg = Debug|x64
		{9FFF54BD-3C71-4C65-995F-31FF26639A60}.Debug|x64.Build.0 = Debug|x64
		{9FFF54BD-3C71-4C65-995F-31FF26639A60}.Debug|x86.ActiveCfg = Debug|Win32
		{9FFF54BD-3C71-4C65-995F-31FF26639A60}.Debug|x86.Build.0 = Debug|Win32
		{9FFF54BD-3C71-4C65-995F-31FF26639A60}.Release|ARM64.ActiveCfg = Release|ARM64
		{9FFF54BD-3C71-4C65-995F-31FF26639A60}.Release|ARM64.Build.0 = Release|ARM64
		{9FFF54BD-3C71-4C65-995F-31FF26639A60}.Release|x64.ActiveCfg = Release|x64
		{9FFF54BD-3C71-4C65-995F-31FF26639A60}.Release|x64.Build.0 = Release|x64
		{9FFF54BD-3C71-4C65-995F-31FF26639A60}.Release|x86.ActiveCfg = Release|Win32
		{9FFF54BD-3C71-4C65-995F-31FF26639A60}.Release|x86.Build.0 = Release|Win32
		{BDA1305C-31EC-4E15-B80E-972630AD1BC2}.Debug|ARM64.ActiveCfg = Debug|ARM64
		{BDA1305C-31EC-4E15-B80E-972630AD1BC2}.Debug|ARM64.Build.0 = Debug|ARM64
		{BDA1305C-31EC-4E15-B80E-972630AD1BC2}.Debug|x64.ActiveCfg = Debug|x64
		{BDA1305C-31EC-4E15-B80E-972630AD1BC2}.Debug|x64.Build.0 = Debug|x64
		{BDA1305C-31EC-4E15-B80E-972630AD1BC2}.Debug|x86.ActiveCfg = Debug|Win32
		{BDA1305C-31EC-4E15-B80E-972630AD1BC2}.Debug|x86.Build.0 = Debug|Win32
		{BDA1305C-31EC-4E15-B80E-972630AD1BC2}.Release|ARM64.ActiveCfg = Release|ARM64
		{BDA1305C-31EC-4E15-B80E-972630AD1BC2}.Release|ARM64.Build.0 = Release|ARM64
		{BDA1305C-31EC-4E15-B80E-972630AD1BC2}.Release|x64.ActiveCfg = Release|x64
		{BDA1305C-31EC-4E15-B80E-972630AD1BC2}.Release|x64.Build.0 = Release|x64
		{BDA1305C-31EC-4E15-B80E-972630AD1BC2}.Release|x86.ActiveCfg = Release|Win32
		{BDA1305C-31EC-4E15-B80E-972630AD1BC2}.Release|x86.Build.0 = Release|Win32
		{BBF5F069-C90A-4CFC-8B6D-449F34368DA1}.Debug|ARM64.ActiveCfg = Debug|ARM64
		{BBF5F069-C90A-4CFC-8B6D-449F34368DA1}.Debug|ARM64.Build.0 = Debug|ARM64
		{BBF5F069-C90A-4CFC-8B6D-449F34368DA1}.Debug|x64.ActiveCfg = Debug|x64
		{BBF5F069-C90A-4CFC-8B6D-449F34368DA1}.Debug|x64.Build.0 = Debug|x64
		{BBF5F069-C90A-4CFC-8B6D-449F34368DA1}.Debug|x86.ActiveCfg = Debug|Win32
		{BBF5F069-C90A-4CFC-8B6D-449F34368DA1}.Debug|x86.Build.0 = Debug|Win32
		{BBF5F069-C90A-4CFC-8B6D-449F34368DA1}.Release|ARM64.ActiveCfg = Release|ARM64
		{BBF5F069-C90A-4CFC-8B6D-449F34368DA1}.Release|ARM64.Build.0 = Release|ARM64
		{BBF5F069-C90A-4CFC-8B6D-449F34368DA1}.Release|x64.ActiveCfg = Release|x64
		{BBF5F069-C90A-4CFC-8B6D-449F34368DA1}.Release|x64.Build.0 = Release|x64
		{BBF5F069-C90A-4CFC-8B6D-449F34368DA1}.Release|x86.ActiveCfg = Release|Win32
		{BBF5F069-C90A-4CFC-8B6D-449F34368DA1}.Release|x86.Build.0 = Release|Win32
		{245E4EEE-C0DB-4353-AC2C-28FD66B9EC4A}.Debug|ARM64.ActiveCfg = Debug|ARM64
		{245E4EEE-C0DB-4353-AC2C-28FD66B9EC4A}.Debug|ARM64.Build.0 = Debug|ARM64
		{245E4EEE-C0DB-4353-AC2C-28FD66B9EC4A}.Debug|x64.ActiveCfg = Debug|x64
		{245E4EEE-C0DB-4353-AC2C-28FD66B9EC4A}.Debug|x64.Build.0 = Debug|x64
		{245E4EEE-C0DB-4353-AC2C-28FD66B9EC4A}.Debug|x86.ActiveCfg = Debug|Win32
		{245E4EEE-C0DB-4353-AC2C-28FD66B9EC4A}.Debug|x86.Build.0 = Debug|Win32
		{245E4EEE-C0DB-4353-AC2C-28FD66B9EC4A}.Release|ARM64.ActiveCfg = Release|ARM64
		{245E4EEE-C0DB-4353-AC2C-28FD66B9EC4A}.Release|ARM64.Build.0 = Release|ARM64
		{245E4EEE-C0DB-4353-AC2C-28FD66B9EC4A}.Release|x64.ActiveCfg = Release|x64
		{245E4EEE-C0DB-4353-AC2C-28FD66B9EC4A}.Release|x64.Build.0 = Release|x64
		{245E4EEE-C0DB-4353-AC2C-28FD66B9EC4A}.Release|x86.ActiveCfg = Release|Win32
		{245E4EEE-C0DB-4353-AC2C-28FD66B9EC4A}.Release|x86.Build.0 = Release|Win32
		{2104E9C3-4ECB-419B-B187-7488C47CF8F7}.Debug|ARM64.ActiveCfg = Debug|ARM64
		{2104E9C3-4ECB-419B-B187-7488C47CF8F7}.Debug|ARM64.Build.0 = Debug|ARM64
		{2104E9C3-4ECB-419B-B187-7488C47CF8F7}.Debug|x64.ActiveCfg = Debug|x64
		{2104E9C3-4ECB-419B-B187-7488C47CF8F7}.Debug|x64.Build.0 = Debug|x64
		{2104E9C3-4ECB-419B-B187-7488C47CF8F7}.Debug|x86.ActiveCfg = Debug|Win32
		{2104E9C3-4ECB-419B-B187-7488C47CF8F7}.Debug|x86.Build.0 = Debug|Win32
		{2104E9C3-4ECB-419B-B187-7488C47CF8F7}.Release|ARM64.ActiveCfg = Release|ARM64
		{2104E9C3-4ECB-419B-B187-7488C47CF8F7}.Release|ARM64.Build.0 = Release|ARM64
		{2104E9C3-4ECB-419B-B187-7488C47CF8F7}.Release|x64.ActiveCfg = Release|x64
		{2104E9C3-4ECB-419B-B187-7488C47CF8F7}.Release|x64.Build.0 = Release|x64
		{2104E9C3-4ECB-419B-B187-7488C47CF8F7}.Release|x86.ActiveCfg = Release|Win32
		{2104E9C3-4ECB-419B-B187-7488C47CF8F7}.Release|x86.Build.0 = Release|Win32
		{CFEA02D8-83D6-4BEB-B6D6-F3CB6397CAC8}.Debug|ARM64.ActiveCfg = Debug|ARM64
		{CFEA02D8-83D6-4BEB-B6D6-F3CB6397CAC8}.Debug|ARM64.Build.0 = Debug|ARM64
		{CFEA02D8-83D6-4BEB-B6D6-F3CB6397CAC8}.Debug|x64.ActiveCfg = Debug|x64
		{CFEA02D8-83D6-4BEB-B6D6-F3CB6397CAC8}.Debug|x64.Build.0 = Debug|x64
		{CFEA02D8-83D6-4BEB-B6D6-F3CB6397CAC8}.Debug|x86.ActiveCfg = Debug|Win32
		{CFEA02D8-83D6-4BEB-B6D6-F3CB6397CAC8}.Debug|x86.Build.0 = Debug|Win32
		{CFEA02D8-83D6-4BEB-B6D6-F3CB6397CAC8}.Release|ARM64.ActiveCfg = Release|ARM64
		{CFEA02D8-83D6-4BEB-B6D6-F3CB6397CAC8}.Release|ARM64.Build.0 = Release|ARM64
		{CFEA02D8-83D6-4BEB-B6D6-F3CB6397CAC8}.Release|x64.ActiveCfg = Release|x64
		{CFEA02D8-83D6-4BEB-B6D6-F3CB6397CAC8}.Release|x64.Build.0 = Release|x64
		{CFEA02D8-83D6-4BEB-B6D6-F3CB6397CAC8}.Release|x86.ActiveCfg = Release|Win32
		{CFEA02D8-83D6-4BEB-B6D6-F3CB6397CAC8}.Release|x86.Build.0 = Release|Win32
		{B38781E2-4EF6-479D-839C-D02E685AB5EB}.Debug|ARM64.ActiveCfg = Debug|ARM64
		{B38781E2-4EF6-479D-839C-D02E685AB5EB}.Debug|ARM64.Build.0 = Debug|ARM64
		{B38781E2-4EF6-479D-839C-D02E685AB5EB}.Debug|x64.ActiveCfg = Debug|x64
		{B38781E2-4EF6-479D-839C-D02E685AB5EB}.Debug|x64.Build.0 = Debug|x64
		{B38781E2-4EF6-479D-839C-D02E685AB5EB}.Debug|x86.ActiveCfg = Debug|Win32
		{B38781E2-4EF6-479D-839C-D02E685AB5EB}.Debug|x86.Build.0 = Debug|Win32
		{B38781E2-4EF6-479D-839C-D02E685AB5EB}.Release|ARM64.ActiveCfg = Release|ARM64
		{B38781E2-4EF6-479D-839C-D02E685AB5EB}.Release|ARM64.Build.0 = Release|ARM64
		{B38781E2-4EF6-479D-839C-D02E685AB5EB}.Release|x64.ActiveCfg = Release|x64
		{B38781E2-4EF6-479D-839C-D02E685AB5EB}.Release|x64.Build.0 = Release|x64
		{B38781E2-4EF6-479D-839C-D02E685AB5EB}.Release|x86.ActiveCfg = Release|Win32
		{B38781E2-4EF6-479D-839C-D02E685AB5EB}.Release|x86.Build.0 = Release|Win32
		{BAE0FD5B-AE70-4632-8D26-E82DF692DC5D}.Debug|ARM64.ActiveCfg = Debug|ARM64
		{BAE0FD5B-AE70-4632-8D26-E82DF692DC5D}.Debug|ARM64.Build.0 = Debug|ARM64
		{BAE0FD5B-AE70-4632-8D26-E82DF692DC5D}.Debug|x64.ActiveCfg = Debug|x64
		{BAE0FD5B-AE70-4632-8D26-E82DF692DC5D}.Debug|x64.Build.0 = Debug|x64
		{BAE0FD5B-AE70-4632-8D26-E82DF692DC5D}.Debug|x86.ActiveCfg = Debug|Win32
		{BAE0FD5B-AE70-4632-8D26-E82DF692DC5D}.Debug|x86.Build.0 = Debug|Win32
		{BAE0FD5B-AE70-4632-8D26-E82DF692DC5D}.Release|ARM64.ActiveCfg = Release|ARM64
		{BAE0FD5B-AE70-4632-8D26-E82DF692DC5D}.Release|ARM64.Build.0 = Release|ARM64
		{BAE0FD5B-AE70-4632-8D26-E82DF692DC5D}.Release|x64.ActiveCfg = Release|x64
		{BAE0FD5B-AE70-4632-8D26-E82DF692DC5D}.Release|x64.Build.0 = Release|x64
		{BAE0FD5B-AE70-4632-8D26-E82DF692DC5D}.Release|x86.ActiveCfg = Release|Win32
		{BAE0FD5B-AE70-4632-8D26-E82DF692DC5D}.Release|x86.Build.0 = Release|Win32
		{8916097B-B683-4D81-A2FA-724861BDB0D8}.Debug|ARM64.ActiveCfg = Debug|ARM64
		{8916097B-B683-4D81-A2FA-724861BDB0D8}.Debug|ARM64.Build.0 = Debug|ARM64
		{8916097B-B683-4D81-A2FA-724861BDB0D8}.Debug|x64.ActiveCfg = Debug|x64
		{8916097B-B683-4D81-A2FA-724861BDB0D8}.Debug|x64.Build.0 = Debug|x64
		{8916097B-B683-4D81-A2FA-724861BDB0D8}.Debug|x86.ActiveCfg = Debug|Win32
		{8916097B-B683-4D81-A2FA-724861BDB0D8}.Debug|x86.Build.0 = Debug|Win32
		{8916097B-B683-4D81-A2FA-724861BDB0D8}.Release|ARM64.ActiveCfg = Release|ARM64
		{8916097B-B683-4D81-A2FA-724861BDB0D8}.Release|ARM64.Build.0 = Release|ARM64
		{8916097B-B683-4D81-A2FA-724861BDB0D8}.Release|x64.ActiveCfg = Release|x64
		{8916097B-B683-4D81-A2FA-724861BDB0D8}.Release|x64.Build.0 = Release|x64
		{8916097B-B683-4D81-A2FA-724861BDB0D8}.Release|x86.ActiveCfg = Release|Win32
		{8916097B-B683-4D81-A2FA-724861BDB0D8}.Release|x86.Build.0 = Release|Win32
		{3F0EE689-C599-4F26-9C6A-32970A400492}.Debug|ARM64.ActiveCfg = Debug|ARM64
		{3F0EE689-C599-4F26-9C6A-32970A400492}.Debug|ARM64.Build.0 = Debug|ARM64
		{3F0EE689-C599-4F26-9C6A-32970A400492}.Debug|x64.ActiveCfg = Debug|x64
		{3F0EE689-C599-4F26-9C6A-32970A400492}.Debug|x64.Build.0 = Debug|x64
		{3F0EE689-C599-4F26-9C6A-32970A400492}.Debug|x86.ActiveCfg = Debug|Win32
		{3F0EE689-C599-4F26-9C6A-32970A400492}.Debug|x86.Build.0 = Debug|Win32
		{3F0EE689-C599-4F26-9C6A-32970A400492}.Release|ARM64.ActiveCfg = Release|ARM64
		{3F0EE689-C599-4F26-9C6A-32970A400492}.Release|ARM64.Build.0 = Release|ARM64
		{3F0EE689-C599-4F26-9C6A-32970A400492}.Release|x64.ActiveCfg = Release|x64
		{3F0EE689-C599-4F26-9C6A-32970A400492}.Release|x64.Build.0 = Release|x64
		{3F0EE689-C599-4F26-9C6A-32970A400492}.Release|x86.ActiveCfg = Release|Win32
		{3F0EE689-C599-4F26-9C6A-32970A400492}.Release|x86.Build.0 = Release|Win32
		{677C055E-E238-4D67-9DC3-6EC7CD0F9A4F}.Debug|ARM64.ActiveCfg = Debug|ARM64
		{677C055E-E238-4D67-9DC3-6EC7CD0F9A4F}.Debug|ARM64.Build.0 = Debug|ARM64
		{677C055E-E238-4D67-9DC3-6EC7CD0F9A4F}.Debug|x64.ActiveCfg = Debug|x64
		{677C055E-E238-4D67-9DC3-6EC7CD0F9A4F}.Debug|x64.Build.0 = Debug|x64
		{677C055E-E238-4D67-9DC3-6EC7CD0F9A4F}.Debug|x86.ActiveCfg = Debug|Win32
		{677C055E-E238-4D67-9DC3-6EC7CD0F9A4F}.Debug|x86.Build.0 = Debug|Win32
		{677C055E-E238-4D67-9DC3-6EC7CD0F9A4F}.Release|ARM64.ActiveCfg = Release|ARM64
		{677C055E-E238-4D67-9DC3-6EC7CD0F9A4F}.Release|ARM64.Build.0 = Release|ARM64
		{677C055E-E238-4D67-9DC3-6EC7CD0F9A4F}.Release|x64.ActiveCfg = Release|x64
		{677C055E-E238-4D67-9DC3-6EC7CD0F9A4F}.Release|x64.Build.0 = Release|x64
		{677C055E-E238-4D67-9DC3-6EC7CD0F9A4F}.Release|x86.ActiveCfg = Release|Win32
		{677C055E-E238-4D67-9DC3-6EC7CD0F9A4F}.Release|x86.Build.0 = Release|Win32
		{C8D6F2A7-F867-4991-B30A-D3E644E67B1C}.Debug|ARM64.ActiveCfg = Debug|ARM64
		{C8D6F2A7-F867-4991-B30A-D3E644E67B1C}.Debug|ARM64.Build.0 = Debug|ARM64
		{C8D6F2A7-F867-4991-B30A-D3E644E67B1C}.Debug|x64.ActiveCfg = Debug|x64
		{C8D6F2A7-F867-4991-B30A-D3E644E67B1C}.Debug|x64.Build.0 = Debug|x64
		{C8D6F2A7-F867-4991-B30A-D3E644E67B1C}.Debug|x86.ActiveCfg = Debug|Win32
		{C8D6F2A7-F867-4991-B30A-D3E644E67B1C}.Debug|x86.Build.0 = Debug|Win32
		{C8D6F2A7-F867-4991-B30A-D3E644E67B1C}.Release|ARM64.ActiveCfg = Release|ARM64
		{C8D6F2A7-F867-4991-B30A-D3E644E67B1C}.Release|ARM64.Build.0 = Release|ARM64
		{C8D6F2A7-F867-4991-B30A-D3E644E67B1C}.Release|x64.ActiveCfg = Release|x64
		{C8D6F2A7-F867-4991-B30A-D3E644E67B1C}.Release|x64.Build.0 = Release|x64
		{C8D6F2A7-F867-4991-B30A-D3E644E67B1C}.Release|x86.ActiveCfg = Release|Win32
		{C8D6F2A7-F867-4991-B30A-D3E644E67B1C}.Release|x86.Build.0 = Release|Win32
		{0496F264-E48F-447F-B0C3-DF30A3074CCF}.Debug|ARM64.ActiveCfg = Debug|ARM64
		{0496F264-E48F-447F-B0C3-DF30A3074CCF}.Debug|ARM64.Build.0 = Debug|ARM64
		{0496F264-E48F-447F-B0C3-DF30A3074CCF}.Debug|x64.ActiveCfg = Debug|x64
		{0496F264-E48F-447F-B0C3-DF30A3074CCF}.Debug|x64.Build.0 = Debug|x64
		{0496F264-E48F-447F-B0C3-DF30A3074CCF}.Debug|x86.ActiveCfg = Debug|Win32
		{0496F264-E48F-447F-B0C3-DF30A3074CCF}.Debug|x86.Build.0 = Debug|Win32
		{0496F264-E48F-447F-B0C3-DF30A3074CCF}.Release|ARM64.ActiveCfg = Release|ARM64
		{0496F264-E48F-447F-B0C3-DF30A3074CCF}.Release|ARM64.Build.0 = Release|ARM64
		{0496F264-E48F-447F-B0C3-DF30A3074CCF}.Release|x64.ActiveCfg = Release|x64
		{0496F264-E48F-447F-B0C3-DF30A3074CCF}.Release|x64.Build.0 = Release|x64
		{0496F264-E48F-447F-B0C3-DF30A3074CCF}.Release|x86.ActiveCfg = Release|Win32
		{0496F264-E48F-447F-B0C3-DF30A3074CCF}.Release|x86.Build.0 = Release|Win32
		{D8898627-BCF5-4C7A-8D83-91A13E5D84EB}.Debug|ARM64.ActiveCfg = Debug|ARM64
		{D8898627-BCF5-4C7A-8D83-91A13E5D84EB}.Debug|ARM64.Build.0 = Debug|ARM64
		{D8898627-BCF5-4C7A-8D83-91A13E5D84EB}.Debug|x64.ActiveCfg = Debug|x64
		{D8898627-BCF5-4C7A-8D83-91A13E5D84EB}.Debug|x64.Build.0 = Debug|x64
		{D8898627-BCF5-4C7A-8D83-91A13E5D84EB}.Debug|x86.ActiveCfg = Debug|Win32
		{D8898627-BCF5-4C7A-8D83-91A13E5D84EB}.Debug|x86.Build.0 = Debug|Win32
		{D8898627-BCF5-4C7A-8D83-91A13E5D84EB}.Release|ARM64.ActiveCfg = Release|ARM64
		{D8898627-BCF5-4C7A-8D83-91A13E5D84EB}.Release|ARM64.Build.0 = Release|ARM64
		{D8898627-BCF5-4C7A-8D83-91A13E5D84EB}.Release|x64.ActiveCfg = Release|x64
		{D8898627-BCF5-4C7A-8D83-91A13E5D84EB}.Release|x64.Build.0 = Release|x64
		{D8898627-BCF5-4C7A-8D83-91A13E5D84EB}.Release|x86.ActiveCfg = Release|Win32
		{D8898627-BCF5-4C7A-8D83-91A13E5D84EB}.Release|x86.Build.0 = Release|Win32
		{DFB7A565-1F63-4502-B56D-DBA4DD548461}.Debug|ARM64.ActiveCfg = Debug|ARM64
		{DFB7A565-1F63-4502-B56D-DBA4DD548461}.Debug|ARM64.Build.0 = Debug|ARM64
		{DFB7A565-1F63-4502-B56D-DBA4DD548461}.Debug|x64.ActiveCfg = Debug|x64
		{DFB7A565-1F63-4502-B56D-DBA4DD548461}.Debug|x64.Build.0 = Debug|x64
		{DFB7A565-1F63-4502-B56D-DBA4DD548461}.Debug|x86.ActiveCfg = Debug|Win32
		{DFB7A565-1F63-4502-B56D-DBA4DD548461}.Debug|x86.Build.0 = Debug|Win32
		{DFB7A565-1F63-4502-B56D-DBA4DD548461}.Release|ARM64.ActiveCfg = Release|ARM64
		{DFB7A565-1F63-4502-B56D-DBA4DD548461}.Release|ARM64.Build.0 = Release|ARM64
		{DFB7A565-1F63-4502-B56D-DBA4DD548461}.Release|x64.ActiveCfg = Release|x64
		{DFB7A565-1F63-4502-B56D-DBA4DD548461}.Release|x64.Build.0 = Release|x64
		{DFB7A565-1F63-4502-B56D-DBA4DD548461}.Release|x86.ActiveCfg = Release|Win32
		{DFB7A565-1F63-4502-B56D-DBA4DD548461}.Release|x86.Build.0 = Release|Win32
		{AB30A943-5789-4C1C-A456-CBD47320A9D1}.Debug|ARM64.ActiveCfg = Debug|ARM64
		{AB30A943-5789-4C1C-A456-CBD47320A9D1}.Debug|ARM64.Build.0 = Debug|ARM64
		{AB30A943-5789-4C1C-A456-CBD47320A9D1}.Debug|x64.ActiveCfg = Debug|x64
		{AB30A943-5789-4C1C-A456-CBD47320A9D1}.Debug|x64.Build.0 = Debug|x64
		{AB30A943-5789-4C1C-A456-CBD47320A9D1}.Debug|x86.ActiveCfg = Debug|Win32
		{AB30A943-5789-4C1C-A456-CBD47320A9D1}.Debug|x86.Build.0 = Debug|Win32
		{AB30A943-5789-4C1C-A456-CBD47320A9D1}.Release|ARM64.ActiveCfg = Release|ARM64
		{AB30A943-5789-4C1C-A456-CBD47320A9D1}.Release|ARM64.Build.0 = Release|ARM64
		{AB30A943-5789-4C1C-A456-CBD47320A9D1}.Release|x64.ActiveCfg = Release|x64
		{AB30A943-5789-4C1C-A456-CBD47320A9D1}.Release|x64.Build.0 = Release|x64
		{AB30A943-5789-4C1C-A456-CBD47320A9D1}.Release|x86.ActiveCfg = Release|Win32
		{AB30A943-5789-4C1C-A456-CBD47320A9D1}.Release|x86.Build.0 = Release|Win32
		{BC8CCE8C-1CB0-4E6A-AF79-B454BF7020B3}.Debug|ARM64.ActiveCfg = Debug|ARM64
		{BC8CCE8C-1CB0-4E6A-AF79-B454BF7020B3}.Debug|ARM64.Build.0 = Debug|ARM64
		{BC8CCE8C-1CB0-4E6A-AF79-B454BF7020B3}.Debug|x64.ActiveCfg = Debug|x64
		{BC8CCE8C-1CB0-4E6A-AF79-B454BF7020B3}.Debug|x64.Build.0 = Debug|x64
		{BC8CCE8C-1CB0-4E6A-AF79-B454BF7020B3}.Debug|x86.ActiveCfg = Debug|Win32
		{BC8CCE8C-1CB0-4E6A-AF79-B454BF7020B3}.Debug|x86.Build.0 = Debug|Win32
		{BC8CCE8C-1CB0-4E6A-AF79-B454BF7020B3}.Release|ARM64.ActiveCfg = Release|ARM64
		{BC8CCE8C-1CB0-4E6A-AF79-B454BF7020B3}.Release|ARM64.Build.0 = Release|ARM64
		{BC8CCE8C-1CB0-4E6A-AF79-B454BF7020B3}.Release|x64.ActiveCfg = Release|x64
		{BC8CCE8C-1CB0-4E6A-AF79-B454BF7020B3}.Release|x64.Build.0 = Release|x64
		{BC8CCE8C-1CB0-4E6A-AF79-B454BF7020B3}.Release|x86.ActiveCfg = Release|Win32
		{BC8CCE8C-1CB0-4E6A-AF79-B454BF7020B3}.Release|x86.Build.0 = Release|Win32
		{FFAE6B44-B342-4141-84A0-FA08522A9CE9}.Debug|ARM64.ActiveCfg = Debug|ARM64
		{FFAE6B44-B342-4141-84A0-FA08522A9CE9}.Debug|ARM64.Build.0 = Debug|ARM64
		{FFAE6B44-B342-4141-84A0-FA08522A9CE9}.Debug|x64.ActiveCfg = Debug|x64
		{FFAE6B44-B342-4141-84A0-FA08522A9CE9}.Debug|x64.Build.0 = Debug|x64
		{FFAE6B44-B342-4141-84A0-FA08522A9CE9}.Debug|x86.ActiveCfg = Debug|Win32
		{FFAE6B44-B342-4141-84A0-FA08522A9CE9}.Debug|x86.Build.0 = Debug|Win32
		{FFAE6B44-B342-4141-84A0-FA08522A9CE9}.Release|ARM64.ActiveCfg = Release|ARM64
		{FFAE6B44-B342-4141-84A0-FA08522A9CE9}.Release|ARM64.Build.0 = Release|ARM64
		{FFAE6B44-B342-4141-84A0-FA08522A9CE9}.Release|x64.ActiveCfg = Release|x64
		{FFAE6B44-B342-4141-84A0-FA08522A9CE9}.Release|x64.Build.0 = Release|x64
		{FFAE6B44-B342-4141-84A0-FA08522A9CE9}.Release|x86.ActiveCfg = Release|Win32
		{FFAE6B44-B342-4141-84A0-FA08522A9CE9}.Release|x86.Build.0 = Release|Win32
		{D149F3DE-BDA6-4A44-AEC2-D12A56C2D645}.Debug|ARM64.ActiveCfg = Debug|ARM64
		{D149F3DE-BDA6-4A44-AEC2-D12A56C2D645}.Debug|ARM64.Build.0 = Debug|ARM64
		{D149F3DE-BDA6-4A44-AEC2-D12A56C2D645}.Debug|x64.ActiveCfg = Debug|x64
		{D149F3DE-BDA6-4A44-AEC2-D12A56C2D645}.Debug|x64.Build.0 = Debug|x64
		{D149F3DE-BDA6-4A44-AEC2-D12A56C2D645}.Debug|x86.ActiveCfg = Debug|Win32
		{D149F3DE-BDA6-4A44-AEC2-D12A56C2D645}.Debug|x86.Build.0 = Debug|Win32
		{D149F3DE-BDA6-4A44-AEC2-D12A56C2D645}.Release|ARM64.ActiveCfg = Release|ARM64
		{D149F3DE-BDA6-4A44-AEC2-D12A56C2D645}.Release|ARM64.Build.0 = Release|ARM64
		{D149F3DE-BDA6-4A44-AEC2-D12A56C2D645}.Release|x64.ActiveCfg = Release|x64
		{D149F3DE-BDA6-4A44-AEC2-D12A56C2D645}.Release|x64.Build.0 = Release|x64
		{D149F3DE-BDA6-4A44-AEC2-D12A56C2D645}.Release|x86.ActiveCfg = Release|Win32
		{D149F3DE-BDA6-4A44-AEC2-D12A56C2D645}.Release|x86.Build.0 = Release|Win32
		{56DC663D-0272-495B-9E60-8225DADE4F26}.Debug|ARM64.ActiveCfg = Debug|ARM64
		{56DC663D-0272-495B-9E60-8225DADE4F26}.Debug|ARM64.Build.0 = Debug|ARM64
		{56DC663D-0272-495B-9E60-8225DADE4F26}.Debug|x64.ActiveCfg = Debug|x64
		{56DC663D-0272-495B-9E60-8225DADE4F26}.Debug|x64.Build.0 = Debug|x64
		{56DC663D-0272-495B-9E60-8225DADE4F26}.Debug|x86.ActiveCfg = Debug|Win32
		{56DC663D-0272-495B-9E60-8225DADE4F26}.Debug|x86.Build.0 = Debug|Win32
		{56DC663D-0272-495B-9E60-8225DADE4F26}.Release|ARM64.ActiveCfg = Release|ARM64
		{56DC663D-0272-495B-9E60-8225DADE4F26}.Release|ARM64.Build.0 = Release|ARM64
		{56DC663D-0272-495B-9E60-8225DADE4F26}.Release|x64.ActiveCfg = Release|x64
		{56DC663D-0272-495B-9E60-8225DADE4F26}.Release|x64.Build.0 = Release|x64
		{56DC663D-0272-495B-9E60-8225DADE4F26}.Release|x86.ActiveCfg = Release|Win32
		{56DC663D-0272-495B-9E60-8225DADE4F26}.Release|x86.Build.0 = Release|Win32
		{9F734E1D-BBD1-4282-B0B6-AD90D285089B}.Debug|ARM64.ActiveCfg = Debug|ARM64
		{9F734E1D-BBD1-4282-B0B6-AD90D285089B}.Debug|ARM64.Build.0 = Debug|ARM64
		{9F734E1D-BBD1-4282-B0B6-AD90D285089B}.Debug|x64.ActiveCfg = Debug|x64
		{9F734E1D-BBD1-4282-B0B6-AD90D285089B}.Debug|x64.Build.0 = Debug|x64
		{9F734E1D-BBD1-4282-B0B6-AD90D285089B}.Debug|x86.ActiveCfg = Debug|Win32
		{9F734E1D-BBD1-4282-B0B6-AD90D285089B}.Debug|x86.Build.0 = Debug|Win32
		{9F734E1D-BBD1-4282-B0B6-AD90D285089B}.Release|ARM64.ActiveCfg = Release|ARM64
		{9F734E1D-BBD1-4282-B0B6-AD90D285089B}.Release|ARM64.Build.0 = Release|ARM64
		{9F734E1D-BBD1-4282-B0B6-AD90D285089B}.Release|x64.ActiveCfg = Release|x64
		{9F734E1D-BBD1-4282-B0B6-AD90D285089B}.Release|x64.Build.0 = Release|x64
		{9F734E1D-BBD1-4282-B0B6-AD90D285089B}.Release|x86.ActiveCfg = Release|Win32
		{9F734E1D-BBD1-4282-B0B6-AD90D285089B}.Release|x86.Build.0 = Release|Win32
	EndGlobalSection
	GlobalSection(SolutionProperties) = preSolution
		HideSolutionNode = FALSE
	EndGlobalSection
	GlobalSection(ExtensibilityGlobals) = postSolution
		SolutionGuid = {D6EFE772-7E4D-489E-85D5-0479513E1A68}
	EndGlobalSection
EndGlobal
