
Microsoft Visual Studio Solution File, Format Version 12.00
# Visual Studio Version 17
VisualStudioVersion = 17.14.36429.23 d17.14
MinimumVisualStudioVersion = 10.0.40219.1
Project("{8BC9CEB8-8B4A-11D0-8D11-00A0C91BC942}") = "T5", "T5\T5.vcxproj", "{9705EEDC-5A56-4BC6-A6C6-6DB77804D407}"
EndProject
Project("{8BC9CEB8-8B4A-11D0-8D11-00A0C91BC942}") = "T6", "T6\T6.vcxproj", "{BE3B4151-F549-4216-A798-529B28770AEF}"
EndProject
Project("{8BC9CEB8-8B4A-11D0-8D11-00A0C91BC942}") = "T7", "T7\T7.vcxproj", "{D332CCAA-F65F-4396-B42C-E2A50F235886}"
EndProject
Project("{8BC9CEB8-8B4A-11D0-8D11-00A0C91BC942}") = "T8", "T8\T8.vcxproj", "{0346EFBA-B7E5-43E4-A577-0D08097962FF}"
EndProject
Project("{8BC9CEB8-8B4A-11D0-8D11-00A0C91BC942}") = "T9", "T9\T9.vcxproj", "{2FDA67A3-6525-486F-8C2D-4E814A3224E5}"
EndProject
Project("{8BC9CEB8-8B4A-11D0-8D11-00A0C91BC942}") = "T10", "T10\T10.vcxproj", "{12EDC75F-67CF-4E2E-B278-E28C9203518F}"
EndProject
Project("{8BC9CEB8-8B4A-11D0-8D11-00A0C91BC942}") = "T11", "T11\T11.vcxproj", "{74EF1E90-EDA7-41E5-BC5C-AF5D157AEEBF}"
EndProject
Project("{8BC9CEB8-8B4A-11D0-8D11-00A0C91BC942}") = "T12", "T12\T12.vcxproj", "{713FB2B2-0EE8-47A7-B482-526BE55C9DAD}"
EndProject
Project("{8BC9CEB8-8B4A-11D0-8D11-00A0C91BC942}") = "T13-1", "T13-1\T13-1.vcxproj", "{B39FED37-641F-48FD-B7B7-269086129436}"
EndProject
Project("{8BC9CEB8-8B4A-11D0-8D11-00A0C91BC942}") = "T13-2", "T13-2\T13-2.vcxproj", "{CFCA637D-52B1-4899-9FD8-594720465A2D}"
EndProject
Project("{8BC9CEB8-8B4A-11D0-8D11-00A0C91BC942}") = "T14-1", "T14-1\T14-1.vcxproj", "{397E18D9-2D9E-4FE5-8EB7-538127DABDD8}"
EndProject
Project("{8BC9CEB8-8B4A-11D0-8D11-00A0C91BC942}") = "T14-2", "T14-2\T14-2.vcxproj", "{94950FA5-9437-4568-97BE-828F88E2784B}"
EndProject
Project("{8BC9CEB8-8B4A-11D0-8D11-00A0C91BC942}") = "T15-1", "T15-1\T15-1.vcxproj", "{3F1D6CAA-24C2-427B-88CE-03D0CF0182C2}"
EndProject
Project("{8BC9CEB8-8B4A-11D0-8D11-00A0C91BC942}") = "T15-2", "T15-2\T15-2.vcxproj", "{EC01DD28-F617-4455-8D63-23E3BC152694}"
EndProject
Project("{8BC9CEB8-8B4A-11D0-8D11-00A0C91BC942}") = "T16", "T16\T16.vcxproj", "{EEDF38DF-099D-4F6A-A195-D329C472E7EA}"
EndProject
Project("{8BC9CEB8-8B4A-11D0-8D11-00A0C91BC942}") = "T17", "T17\T17.vcxproj", "{466C81A8-74F8-479C-8303-11FBB4B843BA}"
EndProject
Global
	GlobalSection(SolutionConfigurationPlatforms) = preSolution
		Debug|ARM64 = Debug|ARM64
		Debug|x64 = Debug|x64
		Debug|x86 = Debug|x86
		Release|ARM64 = Release|ARM64
		Release|x64 = Release|x64
		Release|x86 = Release|x86
	EndGlobalSection
	GlobalSection(ProjectConfigurationPlatforms) = postSolution
		{9705EEDC-5A56-4BC6-A6C6-6DB77804D407}.Debug|ARM64.ActiveCfg = Debug|ARM64
		{9705EEDC-5A56-4BC6-A6C6-6DB77804D407}.Debug|ARM64.Build.0 = Debug|ARM64
		{9705EEDC-5A56-4BC6-A6C6-6DB77804D407}.Debug|x64.ActiveCfg = Debug|x64
		{9705EEDC-5A56-4BC6-A6C6-6DB77804D407}.Debug|x64.Build.0 = Debug|x64
		{9705EEDC-5A56-4BC6-A6C6-6DB77804D407}.Debug|x86.ActiveCfg = Debug|Win32
		{9705EEDC-5A56-4BC6-A6C6-6DB77804D407}.Debug|x86.Build.0 = Debug|Win32
		{9705EEDC-5A56-4BC6-A6C6-6DB77804D407}.Release|ARM64.ActiveCfg = Release|ARM64
		{9705EEDC-5A56-4BC6-A6C6-6DB77804D407}.Release|ARM64.Build.0 = Release|ARM64
		{9705EEDC-5A56-4BC6-A6C6-6DB77804D407}.Release|x64.ActiveCfg = Release|x64
		{9705EEDC-5A56-4BC6-A6C6-6DB77804D407}.Release|x64.Build.0 = Release|x64
		{9705EEDC-5A56-4BC6-A6C6-6DB77804D407}.Release|x86.ActiveCfg = Release|Win32
		{9705EEDC-5A56-4BC6-A6C6-6DB77804D407}.Release|x86.Build.0 = Release|Win32
		{BE3B4151-F549-4216-A798-529B28770AEF}.Debug|ARM64.ActiveCfg = Debug|ARM64
		{BE3B4151-F549-4216-A798-529B28770AEF}.Debug|ARM64.Build.0 = Debug|ARM64
		{BE3B4151-F549-4216-A798-529B28770AEF}.Debug|x64.ActiveCfg = Debug|x64
		{BE3B4151-F549-4216-A798-529B28770AEF}.Debug|x64.Build.0 = Debug|x64
		{BE3B4151-F549-4216-A798-529B28770AEF}.Debug|x86.ActiveCfg = Debug|Win32
		{BE3B4151-F549-4216-A798-529B28770AEF}.Debug|x86.Build.0 = Debug|Win32
		{BE3B4151-F549-4216-A798-529B28770AEF}.Release|ARM64.ActiveCfg = Release|ARM64
		{BE3B4151-F549-4216-A798-529B28770AEF}.Release|ARM64.Build.0 = Release|ARM64
		{BE3B4151-F549-4216-A798-529B28770AEF}.Release|x64.ActiveCfg = Release|x64
		{BE3B4151-F549-4216-A798-529B28770AEF}.Release|x64.Build.0 = Release|x64
		{BE3B4151-F549-4216-A798-529B28770AEF}.Release|x86.ActiveCfg = Release|Win32
		{BE3B4151-F549-4216-A798-529B28770AEF}.Release|x86.Build.0 = Release|Win32
		{D332CCAA-F65F-4396-B42C-E2A50F235886}.Debug|ARM64.ActiveCfg = Debug|ARM64
		{D332CCAA-F65F-4396-B42C-E2A50F235886}.Debug|ARM64.Build.0 = Debug|ARM64
		{D332CCAA-F65F-4396-B42C-E2A50F235886}.Debug|x64.ActiveCfg = Debug|x64
		{D332CCAA-F65F-4396-B42C-E2A50F235886}.Debug|x64.Build.0 = Debug|x64
		{D332CCAA-F65F-4396-B42C-E2A50F235886}.Debug|x86.ActiveCfg = Debug|Win32
		{D332CCAA-F65F-4396-B42C-E2A50F235886}.Debug|x86.Build.0 = Debug|Win32
		{D332CCAA-F65F-4396-B42C-E2A50F235886}.Release|ARM64.ActiveCfg = Release|ARM64
		{D332CCAA-F65F-4396-B42C-E2A50F235886}.Release|ARM64.Build.0 = Release|ARM64
		{D332CCAA-F65F-4396-B42C-E2A50F235886}.Release|x64.ActiveCfg = Release|x64
		{D332CCAA-F65F-4396-B42C-E2A50F235886}.Release|x64.Build.0 = Release|x64
		{D332CCAA-F65F-4396-B42C-E2A50F235886}.Release|x86.ActiveCfg = Release|Win32
		{D332CCAA-F65F-4396-B42C-E2A50F235886}.Release|x86.Build.0 = Release|Win32
		{0346EFBA-B7E5-43E4-A577-0D08097962FF}.Debug|ARM64.ActiveCfg = Debug|ARM64
		{0346EFBA-B7E5-43E4-A577-0D08097962FF}.Debug|ARM64.Build.0 = Debug|ARM64
		{0346EFBA-B7E5-43E4-A577-0D08097962FF}.Debug|x64.ActiveCfg = Debug|x64
		{0346EFBA-B7E5-43E4-A577-0D08097962FF}.Debug|x64.Build.0 = Debug|x64
		{0346EFBA-B7E5-43E4-A577-0D08097962FF}.Debug|x86.ActiveCfg = Debug|Win32
		{0346EFBA-B7E5-43E4-A577-0D08097962FF}.Debug|x86.Build.0 = Debug|Win32
		{0346EFBA-B7E5-43E4-A577-0D08097962FF}.Release|ARM64.ActiveCfg = Release|ARM64
		{0346EFBA-B7E5-43E4-A577-0D08097962FF}.Release|ARM64.Build.0 = Release|ARM64
		{0346EFBA-B7E5-43E4-A577-0D08097962FF}.Release|x64.ActiveCfg = Release|x64
		{0346EFBA-B7E5-43E4-A577-0D08097962FF}.Release|x64.Build.0 = Release|x64
		{0346EFBA-B7E5-43E4-A577-0D08097962FF}.Release|x86.ActiveCfg = Release|Win32
		{0346EFBA-B7E5-43E4-A577-0D08097962FF}.Release|x86.Build.0 = Release|Win32
		{2FDA67A3-6525-486F-8C2D-4E814A3224E5}.Debug|ARM64.ActiveCfg = Debug|ARM64
		{2FDA67A3-6525-486F-8C2D-4E814A3224E5}.Debug|ARM64.Build.0 = Debug|ARM64
		{2FDA67A3-6525-486F-8C2D-4E814A3224E5}.Debug|x64.ActiveCfg = Debug|x64
		{2FDA67A3-6525-486F-8C2D-4E814A3224E5}.Debug|x64.Build.0 = Debug|x64
		{2FDA67A3-6525-486F-8C2D-4E814A3224E5}.Debug|x86.ActiveCfg = Debug|Win32
		{2FDA67A3-6525-486F-8C2D-4E814A3224E5}.Debug|x86.Build.0 = Debug|Win32
		{2FDA67A3-6525-486F-8C2D-4E814A3224E5}.Release|ARM64.ActiveCfg = Release|ARM64
		{2FDA67A3-6525-486F-8C2D-4E814A3224E5}.Release|ARM64.Build.0 = Release|ARM64
		{2FDA67A3-6525-486F-8C2D-4E814A3224E5}.Release|x64.ActiveCfg = Release|x64
		{2FDA67A3-6525-486F-8C2D-4E814A3224E5}.Release|x64.Build.0 = Release|x64
		{2FDA67A3-6525-486F-8C2D-4E814A3224E5}.Release|x86.ActiveCfg = Release|Win32
		{2FDA67A3-6525-486F-8C2D-4E814A3224E5}.Release|x86.Build.0 = Release|Win32
		{12EDC75F-67CF-4E2E-B278-E28C9203518F}.Debug|ARM64.ActiveCfg = Debug|ARM64
		{12EDC75F-67CF-4E2E-B278-E28C9203518F}.Debug|ARM64.Build.0 = Debug|ARM64
		{12EDC75F-67CF-4E2E-B278-E28C9203518F}.Debug|x64.ActiveCfg = Debug|x64
		{12EDC75F-67CF-4E2E-B278-E28C9203518F}.Debug|x64.Build.0 = Debug|x64
		{12EDC75F-67CF-4E2E-B278-E28C9203518F}.Debug|x86.ActiveCfg = Debug|Win32
		{12EDC75F-67CF-4E2E-B278-E28C9203518F}.Debug|x86.Build.0 = Debug|Win32
		{12EDC75F-67CF-4E2E-B278-E28C9203518F}.Release|ARM64.ActiveCfg = Release|ARM64
		{12EDC75F-67CF-4E2E-B278-E28C9203518F}.Release|ARM64.Build.0 = Release|ARM64
		{12EDC75F-67CF-4E2E-B278-E28C9203518F}.Release|x64.ActiveCfg = Release|x64
		{12EDC75F-67CF-4E2E-B278-E28C9203518F}.Release|x64.Build.0 = Release|x64
		{12EDC75F-67CF-4E2E-B278-E28C9203518F}.Release|x86.ActiveCfg = Release|Win32
		{12EDC75F-67CF-4E2E-B278-E28C9203518F}.Release|x86.Build.0 = Release|Win32
		{74EF1E90-EDA7-41E5-BC5C-AF5D157AEEBF}.Debug|ARM64.ActiveCfg = Debug|ARM64
		{74EF1E90-EDA7-41E5-BC5C-AF5D157AEEBF}.Debug|ARM64.Build.0 = Debug|ARM64
		{74EF1E90-EDA7-41E5-BC5C-AF5D157AEEBF}.Debug|x64.ActiveCfg = Debug|x64
		{74EF1E90-EDA7-41E5-BC5C-AF5D157AEEBF}.Debug|x64.Build.0 = Debug|x64
		{74EF1E90-EDA7-41E5-BC5C-AF5D157AEEBF}.Debug|x86.ActiveCfg = Debug|Win32
		{74EF1E90-EDA7-41E5-BC5C-AF5D157AEEBF}.Debug|x86.Build.0 = Debug|Win32
		{74EF1E90-EDA7-41E5-BC5C-AF5D157AEEBF}.Release|ARM64.ActiveCfg = Release|ARM64
		{74EF1E90-EDA7-41E5-BC5C-AF5D157AEEBF}.Release|ARM64.Build.0 = Release|ARM64
		{74EF1E90-EDA7-41E5-BC5C-AF5D157AEEBF}.Release|x64.ActiveCfg = Release|x64
		{74EF1E90-EDA7-41E5-BC5C-AF5D157AEEBF}.Release|x64.Build.0 = Release|x64
		{74EF1E90-EDA7-41E5-BC5C-AF5D157AEEBF}.Release|x86.ActiveCfg = Release|Win32
		{74EF1E90-EDA7-41E5-BC5C-AF5D157AEEBF}.Release|x86.Build.0 = Release|Win32
		{713FB2B2-0EE8-47A7-B482-526BE55C9DAD}.Debug|ARM64.ActiveCfg = Debug|ARM64
		{713FB2B2-0EE8-47A7-B482-526BE55C9DAD}.Debug|ARM64.Build.0 = Debug|ARM64
		{713FB2B2-0EE8-47A7-B482-526BE55C9DAD}.Debug|x64.ActiveCfg = Debug|x64
		{713FB2B2-0EE8-47A7-B482-526BE55C9DAD}.Debug|x64.Build.0 = Debug|x64
		{713FB2B2-0EE8-47A7-B482-526BE55C9DAD}.Debug|x86.ActiveCfg = Debug|Win32
		{713FB2B2-0EE8-47A7-B482-526BE55C9DAD}.Debug|x86.Build.0 = Debug|Win32
		{713FB2B2-0EE8-47A7-B482-526BE55C9DAD}.Release|ARM64.ActiveCfg = Release|ARM64
		{713FB2B2-0EE8-47A7-B482-526BE55C9DAD}.Release|ARM64.Build.0 = Release|ARM64
		{713FB2B2-0EE8-47A7-B482-526BE55C9DAD}.Release|x64.ActiveCfg = Release|x64
		{713FB2B2-0EE8-47A7-B482-526BE55C9DAD}.Release|x64.Build.0 = Release|x64
		{713FB2B2-0EE8-47A7-B482-526BE55C9DAD}.Release|x86.ActiveCfg = Release|Win32
		{713FB2B2-0EE8-47A7-B482-526BE55C9DAD}.Release|x86.Build.0 = Release|Win32
		{B39FED37-641F-48FD-B7B7-269086129436}.Debug|ARM64.ActiveCfg = Debug|ARM64
		{B39FED37-641F-48FD-B7B7-269086129436}.Debug|ARM64.Build.0 = Debug|ARM64
		{B39FED37-641F-48FD-B7B7-269086129436}.Debug|x64.ActiveCfg = Debug|x64
		{B39FED37-641F-48FD-B7B7-269086129436}.Debug|x64.Build.0 = Debug|x64
		{B39FED37-641F-48FD-B7B7-269086129436}.Debug|x86.ActiveCfg = Debug|Win32
		{B39FED37-641F-48FD-B7B7-269086129436}.Debug|x86.Build.0 = Debug|Win32
		{B39FED37-641F-48FD-B7B7-269086129436}.Release|ARM64.ActiveCfg = Release|ARM64
		{B39FED37-641F-48FD-B7B7-269086129436}.Release|ARM64.Build.0 = Release|ARM64
		{B39FED37-641F-48FD-B7B7-269086129436}.Release|x64.ActiveCfg = Release|x64
		{B39FED37-641F-48FD-B7B7-269086129436}.Release|x64.Build.0 = Release|x64
		{B39FED37-641F-48FD-B7B7-269086129436}.Release|x86.ActiveCfg = Release|Win32
		{B39FED37-641F-48FD-B7B7-269086129436}.Release|x86.Build.0 = Release|Win32
		{CFCA637D-52B1-4899-9FD8-594720465A2D}.Debug|ARM64.ActiveCfg = Debug|ARM64
		{CFCA637D-52B1-4899-9FD8-594720465A2D}.Debug|ARM64.Build.0 = Debug|ARM64
		{CFCA637D-52B1-4899-9FD8-594720465A2D}.Debug|x64.ActiveCfg = Debug|x64
		{CFCA637D-52B1-4899-9FD8-594720465A2D}.Debug|x64.Build.0 = Debug|x64
		{CFCA637D-52B1-4899-9FD8-594720465A2D}.Debug|x86.ActiveCfg = Debug|Win32
		{CFCA637D-52B1-4899-9FD8-594720465A2D}.Debug|x86.Build.0 = Debug|Win32
		{CFCA637D-52B1-4899-9FD8-594720465A2D}.Release|ARM64.ActiveCfg = Release|ARM64
		{CFCA637D-52B1-4899-9FD8-594720465A2D}.Release|ARM64.Build.0 = Release|ARM64
		{CFCA637D-52B1-4899-9FD8-594720465A2D}.Release|x64.ActiveCfg = Release|x64
		{CFCA637D-52B1-4899-9FD8-594720465A2D}.Release|x64.Build.0 = Release|x64
		{CFCA637D-52B1-4899-9FD8-594720465A2D}.Release|x86.ActiveCfg = Release|Win32
		{CFCA637D-52B1-4899-9FD8-594720465A2D}.Release|x86.Build.0 = Release|Win32
		{397E18D9-2D9E-4FE5-8EB7-538127DABDD8}.Debug|ARM64.ActiveCfg = Debug|ARM64
		{397E18D9-2D9E-4FE5-8EB7-538127DABDD8}.Debug|ARM64.Build.0 = Debug|ARM64
		{397E18D9-2D9E-4FE5-8EB7-538127DABDD8}.Debug|x64.ActiveCfg = Debug|x64
		{397E18D9-2D9E-4FE5-8EB7-538127DABDD8}.Debug|x64.Build.0 = Debug|x64
		{397E18D9-2D9E-4FE5-8EB7-538127DABDD8}.Debug|x86.ActiveCfg = Debug|Win32
		{397E18D9-2D9E-4FE5-8EB7-538127DABDD8}.Debug|x86.Build.0 = Debug|Win32
		{397E18D9-2D9E-4FE5-8EB7-538127DABDD8}.Release|ARM64.ActiveCfg = Release|ARM64
		{397E18D9-2D9E-4FE5-8EB7-538127DABDD8}.Release|ARM64.Build.0 = Release|ARM64
		{397E18D9-2D9E-4FE5-8EB7-538127DABDD8}.Release|x64.ActiveCfg = Release|x64
		{397E18D9-2D9E-4FE5-8EB7-538127DABDD8}.Release|x64.Build.0 = Release|x64
		{397E18D9-2D9E-4FE5-8EB7-538127DABDD8}.Release|x86.ActiveCfg = Release|Win32
		{397E18D9-2D9E-4FE5-8EB7-538127DABDD8}.Release|x86.Build.0 = Release|Win32
		{94950FA5-9437-4568-97BE-828F88E2784B}.Debug|ARM64.ActiveCfg = Debug|ARM64
		{94950FA5-9437-4568-97BE-828F88E2784B}.Debug|ARM64.Build.0 = Debug|ARM64
		{94950FA5-9437-4568-97BE-828F88E2784B}.Debug|x64.ActiveCfg = Debug|x64
		{94950FA5-9437-4568-97BE-828F88E2784B}.Debug|x64.Build.0 = Debug|x64
		{94950FA5-9437-4568-97BE-828F88E2784B}.Debug|x86.ActiveCfg = Debug|Win32
		{94950FA5-9437-4568-97BE-828F88E2784B}.Debug|x86.Build.0 = Debug|Win32
		{94950FA5-9437-4568-97BE-828F88E2784B}.Release|ARM64.ActiveCfg = Release|ARM64
		{94950FA5-9437-4568-97BE-828F88E2784B}.Release|ARM64.Build.0 = Release|ARM64
		{94950FA5-9437-4568-97BE-828F88E2784B}.Release|x64.ActiveCfg = Release|x64
		{94950FA5-9437-4568-97BE-828F88E2784B}.Release|x64.Build.0 = Release|x64
		{94950FA5-9437-4568-97BE-828F88E2784B}.Release|x86.ActiveCfg = Release|Win32
		{94950FA5-9437-4568-97BE-828F88E2784B}.Release|x86.Build.0 = Release|Win32
		{3F1D6CAA-24C2-427B-88CE-03D0CF0182C2}.Debug|ARM64.ActiveCfg = Debug|ARM64
		{3F1D6CAA-24C2-427B-88CE-03D0CF0182C2}.Debug|ARM64.Build.0 = Debug|ARM64
		{3F1D6CAA-24C2-427B-88CE-03D0CF0182C2}.Debug|x64.ActiveCfg = Debug|x64
		{3F1D6CAA-24C2-427B-88CE-03D0CF0182C2}.Debug|x64.Build.0 = Debug|x64
		{3F1D6CAA-24C2-427B-88CE-03D0CF0182C2}.Debug|x86.ActiveCfg = Debug|Win32
		{3F1D6CAA-24C2-427B-88CE-03D0CF0182C2}.Debug|x86.Build.0 = Debug|Win32
		{3F1D6CAA-24C2-427B-88CE-03D0CF0182C2}.Release|ARM64.ActiveCfg = Release|ARM64
		{3F1D6CAA-24C2-427B-88CE-03D0CF0182C2}.Release|ARM64.Build.0 = Release|ARM64
		{3F1D6CAA-24C2-427B-88CE-03D0CF0182C2}.Release|x64.ActiveCfg = Release|x64
		{3F1D6CAA-24C2-427B-88CE-03D0CF0182C2}.Release|x64.Build.0 = Release|x64
		{3F1D6CAA-24C2-427B-88CE-03D0CF0182C2}.Release|x86.ActiveCfg = Release|Win32
		{3F1D6CAA-24C2-427B-88CE-03D0CF0182C2}.Release|x86.Build.0 = Release|Win32
		{EC01DD28-F617-4455-8D63-23E3BC152694}.Debug|ARM64.ActiveCfg = Debug|ARM64
		{EC01DD28-F617-4455-8D63-23E3BC152694}.Debug|ARM64.Build.0 = Debug|ARM64
		{EC01DD28-F617-4455-8D63-23E3BC152694}.Debug|x64.ActiveCfg = Debug|x64
		{EC01DD28-F617-4455-8D63-23E3BC152694}.Debug|x64.Build.0 = Debug|x64
		{EC01DD28-F617-4455-8D63-23E3BC152694}.Debug|x86.ActiveCfg = Debug|Win32
		{EC01DD28-F617-4455-8D63-23E3BC152694}.Debug|x86.Build.0 = Debug|Win32
		{EC01DD28-F617-4455-8D63-23E3BC152694}.Release|ARM64.ActiveCfg = Release|ARM64
		{EC01DD28-F617-4455-8D63-23E3BC152694}.Release|ARM64.Build.0 = Release|ARM64
		{EC01DD28-F617-4455-8D63-23E3BC152694}.Release|x64.ActiveCfg = Release|x64
		{EC01DD28-F617-4455-8D63-23E3BC152694}.Release|x64.Build.0 = Release|x64
		{EC01DD28-F617-4455-8D63-23E3BC152694}.Release|x86.ActiveCfg = Release|Win32
		{EC01DD28-F617-4455-8D63-23E3BC152694}.Release|x86.Build.0 = Release|Win32
		{EEDF38DF-099D-4F6A-A195-D329C472E7EA}.Debug|ARM64.ActiveCfg = Debug|ARM64
		{EEDF38DF-099D-4F6A-A195-D329C472E7EA}.Debug|ARM64.Build.0 = Debug|ARM64
		{EEDF38DF-099D-4F6A-A195-D329C472E7EA}.Debug|x64.ActiveCfg = Debug|x64
		{EEDF38DF-099D-4F6A-A195-D329C472E7EA}.Debug|x64.Build.0 = Debug|x64
		{EEDF38DF-099D-4F6A-A195-D329C472E7EA}.Debug|x86.ActiveCfg = Debug|Win32
		{EEDF38DF-099D-4F6A-A195-D329C472E7EA}.Debug|x86.Build.0 = Debug|Win32
		{EEDF38DF-099D-4F6A-A195-D329C472E7EA}.Release|ARM64.ActiveCfg = Release|ARM64
		{EEDF38DF-099D-4F6A-A195-D329C472E7EA}.Release|ARM64.Build.0 = Release|ARM64
		{EEDF38DF-099D-4F6A-A195-D329C472E7EA}.Release|x64.ActiveCfg = Release|x64
		{EEDF38DF-099D-4F6A-A195-D329C472E7EA}.Release|x64.Build.0 = Release|x64
		{EEDF38DF-099D-4F6A-A195-D329C472E7EA}.Release|x86.ActiveCfg = Release|Win32
		{EEDF38DF-099D-4F6A-A195-D329C472E7EA}.Release|x86.Build.0 = Release|Win32
		{466C81A8-74F8-479C-8303-11FBB4B843BA}.Debug|ARM64.ActiveCfg = Debug|ARM64
		{466C81A8-74F8-479C-8303-11FBB4B843BA}.Debug|ARM64.Build.0 = Debug|ARM64
		{466C81A8-74F8-479C-8303-11FBB4B843BA}.Debug|x64.ActiveCfg = Debug|x64
		{466C81A8-74F8-479C-8303-11FBB4B843BA}.Debug|x64.Build.0 = Debug|x64
		{466C81A8-74F8-479C-8303-11FBB4B843BA}.Debug|x86.ActiveCfg = Debug|Win32
		{466C81A8-74F8-479C-8303-11FBB4B843BA}.Debug|x86.Build.0 = Debug|Win32
		{466C81A8-74F8-479C-8303-11FBB4B843BA}.Release|ARM64.ActiveCfg = Release|ARM64
		{466C81A8-74F8-479C-8303-11FBB4B843BA}.Release|ARM64.Build.0 = Release|ARM64
		{466C81A8-74F8-479C-8303-11FBB4B843BA}.Release|x64.ActiveCfg = Release|x64
		{466C81A8-74F8-479C-8303-11FBB4B843BA}.Release|x64.Build.0 = Release|x64
		{466C81A8-74F8-479C-8303-11FBB4B843BA}.Release|x86.ActiveCfg = Release|Win32
		{466C81A8-74F8-479C-8303-11FBB4B843BA}.Release|x86.Build.0 = Release|Win32
	EndGlobalSection
	GlobalSection(SolutionProperties) = preSolution
		HideSolutionNode = FALSE
	EndGlobalSection
	GlobalSection(ExtensibilityGlobals) = postSolution
		SolutionGuid = {B5D83F3F-82ED-4E2D-909E-CC7164A42A02}
	EndGlobalSection
EndGlobal
