
Microsoft Visual Studio Solution File, Format Version 12.00
# Visual Studio Version 17
VisualStudioVersion = 17.14.36429.23
MinimumVisualStudioVersion = 10.0.40219.1
Project("{8BC9CEB8-8B4A-11D0-8D11-00A0C91BC942}") = "3-b09", "3-b5-1\3-b5-1.vcxproj", "{1AAEA72E-77A0-4834-9E0A-15A66758D8A8}"
EndProject
Project("{8BC9CEB8-8B4A-11D0-8D11-00A0C91BC942}") = "3-b08", "3-b5-2\3-b5-2.vcxproj", "{1CE7648C-7F88-4D04-977A-A55812E9812E}"
EndProject
Project("{8BC9CEB8-8B4A-11D0-8D11-00A0C91BC942}") = "3-b10-1", "3-b10-1\3-b10-1.vcxproj", "{2110A29A-5573-489F-BDDB-C2D38BDB500E}"
EndProject
Project("{8BC9CEB8-8B4A-11D0-8D11-00A0C91BC942}") = "3-b10-2", "3-b10-2\3-b10-2.vcxproj", "{79BC99C1-9D3F-4869-9F5B-5555A99499E7}"
EndProject
Project("{8BC9CEB8-8B4A-11D0-8D11-00A0C91BC942}") = "3-b11-1", "3-b11-1\3-b11-1.vcxproj", "{C57E91B4-8B7D-4F3F-8844-56930640BB9D}"
EndProject
Project("{8BC9CEB8-8B4A-11D0-8D11-00A0C91BC942}") = "3-b11-2", "3-b11-2\3-b11-2.vcxproj", "{F22A211F-9FB3-4DA8-BAB7-0CDA344F6121}"
EndProject
Project("{8BC9CEB8-8B4A-11D0-8D11-00A0C91BC942}") = "3-b11-3", "3-b11-3\3-b11-3.vcxproj", "{FD37F60A-387F-43E7-8BB6-1001A9617066}"
EndProject
Project("{8BC9CEB8-8B4A-11D0-8D11-00A0C91BC942}") = "3-b11-4", "3-b11-4\3-b11-4.vcxproj", "{04486EF1-48E9-4A0C-95D1-F2614CC13D3A}"
EndProject
Project("{8BC9CEB8-8B4A-11D0-8D11-00A0C91BC942}") = "3-b11-5", "3-b11-5\3-b11-5.vcxproj", "{374E4127-FE78-4367-B8E9-09F954F75D77}"
EndProject
Project("{8BC9CEB8-8B4A-11D0-8D11-00A0C91BC942}") = "3-b12-1", "3-b12-1\3-b12-1.vcxproj", "{FB712940-729E-4954-B34F-F051ED9EBA43}"
EndProject
Project("{8BC9CEB8-8B4A-11D0-8D11-00A0C91BC942}") = "3-b13-2", "3-b13-2\3-b13-2.vcxproj", "{7410287E-53AD-4980-B5FC-4B199E767640}"
EndProject
Project("{8BC9CEB8-8B4A-11D0-8D11-00A0C91BC942}") = "3-b13-1", "3-b13-1\3-b13-1.vcxproj", "{768A912C-FACE-4584-9CCF-F8311705933C}"
EndProject
Project("{8BC9CEB8-8B4A-11D0-8D11-00A0C91BC942}") = "3-b12-2", "3-b12-2\3-b12-2.vcxproj", "{D8B5816D-838F-4D31-8E32-A9CBD9937F96}"
EndProject
Global
	GlobalSection(SolutionConfigurationPlatforms) = preSolution
		Debug|ARM64 = Debug|ARM64
		Debug|x64 = Debug|x64
		Debug|x86 = Debug|x86
		Release|ARM64 = Release|ARM64
		Release|x64 = Release|x64
		Release|x86 = Release|x86
	EndGlobalSection
	GlobalSection(ProjectConfigurationPlatforms) = postSolution
		{1AAEA72E-77A0-4834-9E0A-15A66758D8A8}.Debug|ARM64.ActiveCfg = Debug|ARM64
		{1AAEA72E-77A0-4834-9E0A-15A66758D8A8}.Debug|ARM64.Build.0 = Debug|ARM64
		{1AAEA72E-77A0-4834-9E0A-15A66758D8A8}.Debug|x64.ActiveCfg = Debug|x64
		{1AAEA72E-77A0-4834-9E0A-15A66758D8A8}.Debug|x64.Build.0 = Debug|x64
		{1AAEA72E-77A0-4834-9E0A-15A66758D8A8}.Debug|x86.ActiveCfg = Debug|Win32
		{1AAEA72E-77A0-4834-9E0A-15A66758D8A8}.Debug|x86.Build.0 = Debug|Win32
		{1AAEA72E-77A0-4834-9E0A-15A66758D8A8}.Release|ARM64.ActiveCfg = Release|ARM64
		{1AAEA72E-77A0-4834-9E0A-15A66758D8A8}.Release|ARM64.Build.0 = Release|ARM64
		{1AAEA72E-77A0-4834-9E0A-15A66758D8A8}.Release|x64.ActiveCfg = Release|x64
		{1AAEA72E-77A0-4834-9E0A-15A66758D8A8}.Release|x64.Build.0 = Release|x64
		{1AAEA72E-77A0-4834-9E0A-15A66758D8A8}.Release|x86.ActiveCfg = Release|Win32
		{1AAEA72E-77A0-4834-9E0A-15A66758D8A8}.Release|x86.Build.0 = Release|Win32
		{1CE7648C-7F88-4D04-977A-A55812E9812E}.Debug|ARM64.ActiveCfg = Debug|ARM64
		{1CE7648C-7F88-4D04-977A-A55812E9812E}.Debug|ARM64.Build.0 = Debug|ARM64
		{1CE7648C-7F88-4D04-977A-A55812E9812E}.Debug|x64.ActiveCfg = Debug|x64
		{1CE7648C-7F88-4D04-977A-A55812E9812E}.Debug|x64.Build.0 = Debug|x64
		{1CE7648C-7F88-4D04-977A-A55812E9812E}.Debug|x86.ActiveCfg = Debug|Win32
		{1CE7648C-7F88-4D04-977A-A55812E9812E}.Debug|x86.Build.0 = Debug|Win32
		{1CE7648C-7F88-4D04-977A-A55812E9812E}.Release|ARM64.ActiveCfg = Release|ARM64
		{1CE7648C-7F88-4D04-977A-A55812E9812E}.Release|ARM64.Build.0 = Release|ARM64
		{1CE7648C-7F88-4D04-977A-A55812E9812E}.Release|x64.ActiveCfg = Release|x64
		{1CE7648C-7F88-4D04-977A-A55812E9812E}.Release|x64.Build.0 = Release|x64
		{1CE7648C-7F88-4D04-977A-A55812E9812E}.Release|x86.ActiveCfg = Release|Win32
		{1CE7648C-7F88-4D04-977A-A55812E9812E}.Release|x86.Build.0 = Release|Win32
		{2110A29A-5573-489F-BDDB-C2D38BDB500E}.Debug|ARM64.ActiveCfg = Debug|ARM64
		{2110A29A-5573-489F-BDDB-C2D38BDB500E}.Debug|ARM64.Build.0 = Debug|ARM64
		{2110A29A-5573-489F-BDDB-C2D38BDB500E}.Debug|x64.ActiveCfg = Debug|x64
		{2110A29A-5573-489F-BDDB-C2D38BDB500E}.Debug|x64.Build.0 = Debug|x64
		{2110A29A-5573-489F-BDDB-C2D38BDB500E}.Debug|x86.ActiveCfg = Debug|Win32
		{2110A29A-5573-489F-BDDB-C2D38BDB500E}.Debug|x86.Build.0 = Debug|Win32
		{2110A29A-5573-489F-BDDB-C2D38BDB500E}.Release|ARM64.ActiveCfg = Release|ARM64
		{2110A29A-5573-489F-BDDB-C2D38BDB500E}.Release|ARM64.Build.0 = Release|ARM64
		{2110A29A-5573-489F-BDDB-C2D38BDB500E}.Release|x64.ActiveCfg = Release|x64
		{2110A29A-5573-489F-BDDB-C2D38BDB500E}.Release|x64.Build.0 = Release|x64
		{2110A29A-5573-489F-BDDB-C2D38BDB500E}.Release|x86.ActiveCfg = Release|Win32
		{2110A29A-5573-489F-BDDB-C2D38BDB500E}.Release|x86.Build.0 = Release|Win32
		{79BC99C1-9D3F-4869-9F5B-5555A99499E7}.Debug|ARM64.ActiveCfg = Debug|ARM64
		{79BC99C1-9D3F-4869-9F5B-5555A99499E7}.Debug|ARM64.Build.0 = Debug|ARM64
		{79BC99C1-9D3F-4869-9F5B-5555A99499E7}.Debug|x64.ActiveCfg = Debug|x64
		{79BC99C1-9D3F-4869-9F5B-5555A99499E7}.Debug|x64.Build.0 = Debug|x64
		{79BC99C1-9D3F-4869-9F5B-5555A99499E7}.Debug|x86.ActiveCfg = Debug|Win32
		{79BC99C1-9D3F-4869-9F5B-5555A99499E7}.Debug|x86.Build.0 = Debug|Win32
		{79BC99C1-9D3F-4869-9F5B-5555A99499E7}.Release|ARM64.ActiveCfg = Release|ARM64
		{79BC99C1-9D3F-4869-9F5B-5555A99499E7}.Release|ARM64.Build.0 = Release|ARM64
		{79BC99C1-9D3F-4869-9F5B-5555A99499E7}.Release|x64.ActiveCfg = Release|x64
		{79BC99C1-9D3F-4869-9F5B-5555A99499E7}.Release|x64.Build.0 = Release|x64
		{79BC99C1-9D3F-4869-9F5B-5555A99499E7}.Release|x86.ActiveCfg = Release|Win32
		{79BC99C1-9D3F-4869-9F5B-5555A99499E7}.Release|x86.Build.0 = Release|Win32
		{C57E91B4-8B7D-4F3F-8844-56930640BB9D}.Debug|ARM64.ActiveCfg = Debug|ARM64
		{C57E91B4-8B7D-4F3F-8844-56930640BB9D}.Debug|ARM64.Build.0 = Debug|ARM64
		{C57E91B4-8B7D-4F3F-8844-56930640BB9D}.Debug|x64.ActiveCfg = Debug|x64
		{C57E91B4-8B7D-4F3F-8844-56930640BB9D}.Debug|x64.Build.0 = Debug|x64
		{C57E91B4-8B7D-4F3F-8844-56930640BB9D}.Debug|x86.ActiveCfg = Debug|Win32
		{C57E91B4-8B7D-4F3F-8844-56930640BB9D}.Debug|x86.Build.0 = Debug|Win32
		{C57E91B4-8B7D-4F3F-8844-56930640BB9D}.Release|ARM64.ActiveCfg = Release|ARM64
		{C57E91B4-8B7D-4F3F-8844-56930640BB9D}.Release|ARM64.Build.0 = Release|ARM64
		{C57E91B4-8B7D-4F3F-8844-56930640BB9D}.Release|x64.ActiveCfg = Release|x64
		{C57E91B4-8B7D-4F3F-8844-56930640BB9D}.Release|x64.Build.0 = Release|x64
		{C57E91B4-8B7D-4F3F-8844-56930640BB9D}.Release|x86.ActiveCfg = Release|Win32
		{C57E91B4-8B7D-4F3F-8844-56930640BB9D}.Release|x86.Build.0 = Release|Win32
		{F22A211F-9FB3-4DA8-BAB7-0CDA344F6121}.Debug|ARM64.ActiveCfg = Debug|ARM64
		{F22A211F-9FB3-4DA8-BAB7-0CDA344F6121}.Debug|ARM64.Build.0 = Debug|ARM64
		{F22A211F-9FB3-4DA8-BAB7-0CDA344F6121}.Debug|x64.ActiveCfg = Debug|x64
		{F22A211F-9FB3-4DA8-BAB7-0CDA344F6121}.Debug|x64.Build.0 = Debug|x64
		{F22A211F-9FB3-4DA8-BAB7-0CDA344F6121}.Debug|x86.ActiveCfg = Debug|Win32
		{F22A211F-9FB3-4DA8-BAB7-0CDA344F6121}.Debug|x86.Build.0 = Debug|Win32
		{F22A211F-9FB3-4DA8-BAB7-0CDA344F6121}.Release|ARM64.ActiveCfg = Release|ARM64
		{F22A211F-9FB3-4DA8-BAB7-0CDA344F6121}.Release|ARM64.Build.0 = Release|ARM64
		{F22A211F-9FB3-4DA8-BAB7-0CDA344F6121}.Release|x64.ActiveCfg = Release|x64
		{F22A211F-9FB3-4DA8-BAB7-0CDA344F6121}.Release|x64.Build.0 = Release|x64
		{F22A211F-9FB3-4DA8-BAB7-0CDA344F6121}.Release|x86.ActiveCfg = Release|Win32
		{F22A211F-9FB3-4DA8-BAB7-0CDA344F6121}.Release|x86.Build.0 = Release|Win32
		{FD37F60A-387F-43E7-8BB6-1001A9617066}.Debug|ARM64.ActiveCfg = Debug|ARM64
		{FD37F60A-387F-43E7-8BB6-1001A9617066}.Debug|ARM64.Build.0 = Debug|ARM64
		{FD37F60A-387F-43E7-8BB6-1001A9617066}.Debug|x64.ActiveCfg = Debug|x64
		{FD37F60A-387F-43E7-8BB6-1001A9617066}.Debug|x64.Build.0 = Debug|x64
		{FD37F60A-387F-43E7-8BB6-1001A9617066}.Debug|x86.ActiveCfg = Debug|Win32
		{FD37F60A-387F-43E7-8BB6-1001A9617066}.Debug|x86.Build.0 = Debug|Win32
		{FD37F60A-387F-43E7-8BB6-1001A9617066}.Release|ARM64.ActiveCfg = Release|ARM64
		{FD37F60A-387F-43E7-8BB6-1001A9617066}.Release|ARM64.Build.0 = Release|ARM64
		{FD37F60A-387F-43E7-8BB6-1001A9617066}.Release|x64.ActiveCfg = Release|x64
		{FD37F60A-387F-43E7-8BB6-1001A9617066}.Release|x64.Build.0 = Release|x64
		{FD37F60A-387F-43E7-8BB6-1001A9617066}.Release|x86.ActiveCfg = Release|Win32
		{FD37F60A-387F-43E7-8BB6-1001A9617066}.Release|x86.Build.0 = Release|Win32
		{04486EF1-48E9-4A0C-95D1-F2614CC13D3A}.Debug|ARM64.ActiveCfg = Debug|ARM64
		{04486EF1-48E9-4A0C-95D1-F2614CC13D3A}.Debug|ARM64.Build.0 = Debug|ARM64
		{04486EF1-48E9-4A0C-95D1-F2614CC13D3A}.Debug|x64.ActiveCfg = Debug|x64
		{04486EF1-48E9-4A0C-95D1-F2614CC13D3A}.Debug|x64.Build.0 = Debug|x64
		{04486EF1-48E9-4A0C-95D1-F2614CC13D3A}.Debug|x86.ActiveCfg = Debug|Win32
		{04486EF1-48E9-4A0C-95D1-F2614CC13D3A}.Debug|x86.Build.0 = Debug|Win32
		{04486EF1-48E9-4A0C-95D1-F2614CC13D3A}.Release|ARM64.ActiveCfg = Release|ARM64
		{04486EF1-48E9-4A0C-95D1-F2614CC13D3A}.Release|ARM64.Build.0 = Release|ARM64
		{04486EF1-48E9-4A0C-95D1-F2614CC13D3A}.Release|x64.ActiveCfg = Release|x64
		{04486EF1-48E9-4A0C-95D1-F2614CC13D3A}.Release|x64.Build.0 = Release|x64
		{04486EF1-48E9-4A0C-95D1-F2614CC13D3A}.Release|x86.ActiveCfg = Release|Win32
		{04486EF1-48E9-4A0C-95D1-F2614CC13D3A}.Release|x86.Build.0 = Release|Win32
		{374E4127-FE78-4367-B8E9-09F954F75D77}.Debug|ARM64.ActiveCfg = Debug|ARM64
		{374E4127-FE78-4367-B8E9-09F954F75D77}.Debug|ARM64.Build.0 = Debug|ARM64
		{374E4127-FE78-4367-B8E9-09F954F75D77}.Debug|x64.ActiveCfg = Debug|x64
		{374E4127-FE78-4367-B8E9-09F954F75D77}.Debug|x64.Build.0 = Debug|x64
		{374E4127-FE78-4367-B8E9-09F954F75D77}.Debug|x86.ActiveCfg = Debug|Win32
		{374E4127-FE78-4367-B8E9-09F954F75D77}.Debug|x86.Build.0 = Debug|Win32
		{374E4127-FE78-4367-B8E9-09F954F75D77}.Release|ARM64.ActiveCfg = Release|ARM64
		{374E4127-FE78-4367-B8E9-09F954F75D77}.Release|ARM64.Build.0 = Release|ARM64
		{374E4127-FE78-4367-B8E9-09F954F75D77}.Release|x64.ActiveCfg = Release|x64
		{374E4127-FE78-4367-B8E9-09F954F75D77}.Release|x64.Build.0 = Release|x64
		{374E4127-FE78-4367-B8E9-09F954F75D77}.Release|x86.ActiveCfg = Release|Win32
		{374E4127-FE78-4367-B8E9-09F954F75D77}.Release|x86.Build.0 = Release|Win32
		{FB712940-729E-4954-B34F-F051ED9EBA43}.Debug|ARM64.ActiveCfg = Debug|ARM64
		{FB712940-729E-4954-B34F-F051ED9EBA43}.Debug|ARM64.Build.0 = Debug|ARM64
		{FB712940-729E-4954-B34F-F051ED9EBA43}.Debug|x64.ActiveCfg = Debug|x64
		{FB712940-729E-4954-B34F-F051ED9EBA43}.Debug|x64.Build.0 = Debug|x64
		{FB712940-729E-4954-B34F-F051ED9EBA43}.Debug|x86.ActiveCfg = Debug|Win32
		{FB712940-729E-4954-B34F-F051ED9EBA43}.Debug|x86.Build.0 = Debug|Win32
		{FB712940-729E-4954-B34F-F051ED9EBA43}.Release|ARM64.ActiveCfg = Release|ARM64
		{FB712940-729E-4954-B34F-F051ED9EBA43}.Release|ARM64.Build.0 = Release|ARM64
		{FB712940-729E-4954-B34F-F051ED9EBA43}.Release|x64.ActiveCfg = Release|x64
		{FB712940-729E-4954-B34F-F051ED9EBA43}.Release|x64.Build.0 = Release|x64
		{FB712940-729E-4954-B34F-F051ED9EBA43}.Release|x86.ActiveCfg = Release|Win32
		{FB712940-729E-4954-B34F-F051ED9EBA43}.Release|x86.Build.0 = Release|Win32
		{7410287E-53AD-4980-B5FC-4B199E767640}.Debug|ARM64.ActiveCfg = Debug|ARM64
		{7410287E-53AD-4980-B5FC-4B199E767640}.Debug|ARM64.Build.0 = Debug|ARM64
		{7410287E-53AD-4980-B5FC-4B199E767640}.Debug|x64.ActiveCfg = Debug|x64
		{7410287E-53AD-4980-B5FC-4B199E767640}.Debug|x64.Build.0 = Debug|x64
		{7410287E-53AD-4980-B5FC-4B199E767640}.Debug|x86.ActiveCfg = Debug|Win32
		{7410287E-53AD-4980-B5FC-4B199E767640}.Debug|x86.Build.0 = Debug|Win32
		{7410287E-53AD-4980-B5FC-4B199E767640}.Release|ARM64.ActiveCfg = Release|ARM64
		{7410287E-53AD-4980-B5FC-4B199E767640}.Release|ARM64.Build.0 = Release|ARM64
		{7410287E-53AD-4980-B5FC-4B199E767640}.Release|x64.ActiveCfg = Release|x64
		{7410287E-53AD-4980-B5FC-4B199E767640}.Release|x64.Build.0 = Release|x64
		{7410287E-53AD-4980-B5FC-4B199E767640}.Release|x86.ActiveCfg = Release|Win32
		{7410287E-53AD-4980-B5FC-4B199E767640}.Release|x86.Build.0 = Release|Win32
		{768A912C-FACE-4584-9CCF-F8311705933C}.Debug|ARM64.ActiveCfg = Debug|ARM64
		{768A912C-FACE-4584-9CCF-F8311705933C}.Debug|ARM64.Build.0 = Debug|ARM64
		{768A912C-FACE-4584-9CCF-F8311705933C}.Debug|x64.ActiveCfg = Debug|x64
		{768A912C-FACE-4584-9CCF-F8311705933C}.Debug|x64.Build.0 = Debug|x64
		{768A912C-FACE-4584-9CCF-F8311705933C}.Debug|x86.ActiveCfg = Debug|Win32
		{768A912C-FACE-4584-9CCF-F8311705933C}.Debug|x86.Build.0 = Debug|Win32
		{768A912C-FACE-4584-9CCF-F8311705933C}.Release|ARM64.ActiveCfg = Release|ARM64
		{768A912C-FACE-4584-9CCF-F8311705933C}.Release|ARM64.Build.0 = Release|ARM64
		{768A912C-FACE-4584-9CCF-F8311705933C}.Release|x64.ActiveCfg = Release|x64
		{768A912C-FACE-4584-9CCF-F8311705933C}.Release|x64.Build.0 = Release|x64
		{768A912C-FACE-4584-9CCF-F8311705933C}.Release|x86.ActiveCfg = Release|Win32
		{768A912C-FACE-4584-9CCF-F8311705933C}.Release|x86.Build.0 = Release|Win32
		{D8B5816D-838F-4D31-8E32-A9CBD9937F96}.Debug|ARM64.ActiveCfg = Debug|ARM64
		{D8B5816D-838F-4D31-8E32-A9CBD9937F96}.Debug|ARM64.Build.0 = Debug|ARM64
		{D8B5816D-838F-4D31-8E32-A9CBD9937F96}.Debug|x64.ActiveCfg = Debug|x64
		{D8B5816D-838F-4D31-8E32-A9CBD9937F96}.Debug|x64.Build.0 = Debug|x64
		{D8B5816D-838F-4D31-8E32-A9CBD9937F96}.Debug|x86.ActiveCfg = Debug|Win32
		{D8B5816D-838F-4D31-8E32-A9CBD9937F96}.Debug|x86.Build.0 = Debug|Win32
		{D8B5816D-838F-4D31-8E32-A9CBD9937F96}.Release|ARM64.ActiveCfg = Release|ARM64
		{D8B5816D-838F-4D31-8E32-A9CBD9937F96}.Release|ARM64.Build.0 = Release|ARM64
		{D8B5816D-838F-4D31-8E32-A9CBD9937F96}.Release|x64.ActiveCfg = Release|x64
		{D8B5816D-838F-4D31-8E32-A9CBD9937F96}.Release|x64.Build.0 = Release|x64
		{D8B5816D-838F-4D31-8E32-A9CBD9937F96}.Release|x86.ActiveCfg = Release|Win32
		{D8B5816D-838F-4D31-8E32-A9CBD9937F96}.Release|x86.Build.0 = Release|Win32
	EndGlobalSection
	GlobalSection(SolutionProperties) = preSolution
		HideSolutionNode = FALSE
	EndGlobalSection
	GlobalSection(ExtensibilityGlobals) = postSolution
		SolutionGuid = {13448C27-A79D-44F2-9DB3-06E70DC6A46A}
	EndGlobalSection
EndGlobal
