
Microsoft Visual Studio Solution File, Format Version 12.00
# Visual Studio Version 17
VisualStudioVersion = 17.14.36429.23 d17.14
MinimumVisualStudioVersion = 10.0.40219.1
Project("{8BC9CEB8-8B4A-11D0-8D11-00A0C91BC942}") = "05-1", "Week6-document\Week6-document.vcxproj", "{F1CD2B4B-6EF4-4E1F-A51F-5D922289D7D3}"
EndProject
Project("{8BC9CEB8-8B4A-11D0-8D11-00A0C91BC942}") = "05-2", "5-2\5-2.vcxproj", "{D872BFFC-08D9-423A-AB2A-5BDAFDFD6A4C}"
EndProject
Project("{8BC9CEB8-8B4A-11D0-8D11-00A0C91BC942}") = "06", "6\6.vcxproj", "{1F123927-7B68-4F82-9262-38E4063F5D9C}"
EndProject
Project("{8BC9CEB8-8B4A-11D0-8D11-00A0C91BC942}") = "07", "7\7.vcxproj", "{093BB559-D793-4D75-9731-79169C0AFF2A}"
EndProject
Project("{8BC9CEB8-8B4A-11D0-8D11-00A0C91BC942}") = "demo", "demo\demo.vcxproj", "{2672D9BA-9573-43D6-9E3A-A0AE9E9FA498}"
EndProject
Project("{8BC9CEB8-8B4A-11D0-8D11-00A0C91BC942}") = "09", "9\9.vcxproj", "{0EC672E5-6618-4FC0-AB5D-7A32A88A2F10}"
EndProject
Project("{8BC9CEB8-8B4A-11D0-8D11-00A0C91BC942}") = "10", "10\10.vcxproj", "{7014C594-7565-4B3E-9287-0AB418A94ECE}"
EndProject
Project("{8BC9CEB8-8B4A-11D0-8D11-00A0C91BC942}") = "11", "11\11.vcxproj", "{6CB8C642-7AFE-4AD2-986C-4D9F625AE1D7}"
EndProject
Project("{8BC9CEB8-8B4A-11D0-8D11-00A0C91BC942}") = "12", "12\12.vcxproj", "{FFE577A8-7F1C-4794-BD18-512737FB20FB}"
EndProject
Project("{8BC9CEB8-8B4A-11D0-8D11-00A0C91BC942}") = "13", "13\13.vcxproj", "{4675456A-ADB8-414E-8AF9-D977DD98058C}"
EndProject
Project("{8BC9CEB8-8B4A-11D0-8D11-00A0C91BC942}") = "14", "14\14.vcxproj", "{A8C5105B-725D-4052-B03B-D39F28791060}"
EndProject
Project("{8BC9CEB8-8B4A-11D0-8D11-00A0C91BC942}") = "15-2", "15-2\15-2.vcxproj", "{59DAE46E-83FE-4493-B7E7-0180E5A7CEDA}"
EndProject
Project("{8BC9CEB8-8B4A-11D0-8D11-00A0C91BC942}") = "15-1", "15-1\15-1.vcxproj", "{8A1C84FD-D9E2-456A-8AE4-39E94395E2CA}"
EndProject
Project("{8BC9CEB8-8B4A-11D0-8D11-00A0C91BC942}") = "16", "16\16.vcxproj", "{DD49512B-9FC4-406A-BB00-894A367FC44D}"
EndProject
Project("{8BC9CEB8-8B4A-11D0-8D11-00A0C91BC942}") = "17", "17\17.vcxproj", "{CE71A023-CA57-4CFD-A851-7975B6A51017}"
EndProject
Project("{8BC9CEB8-8B4A-11D0-8D11-00A0C91BC942}") = "18", "18\18.vcxproj", "{D0AA6174-EF39-4B4F-AEBB-99F84B156DB8}"
EndProject
Project("{8BC9CEB8-8B4A-11D0-8D11-00A0C91BC942}") = "19", "19\19.vcxproj", "{67522E81-AA93-4F9F-99E6-C640C32F9F6B}"
EndProject
Project("{8BC9CEB8-8B4A-11D0-8D11-00A0C91BC942}") = "20", "20\20.vcxproj", "{54BB0A22-4BE8-499A-9631-CE80E5D2EA3B}"
EndProject
Project("{8BC9CEB8-8B4A-11D0-8D11-00A0C91BC942}") = "21", "21\21.vcxproj", "{92A19971-C845-4ADF-BB76-51819E61E0B8}"
EndProject
Project("{8BC9CEB8-8B4A-11D0-8D11-00A0C91BC942}") = "22", "22\22.vcxproj", "{58F2689F-D3D4-464F-B0EE-18E19270D79D}"
EndProject
Project("{8BC9CEB8-8B4A-11D0-8D11-00A0C91BC942}") = "23", "23\23.vcxproj", "{87351495-6690-402D-822C-52BB0327709A}"
EndProject
Global
	GlobalSection(SolutionConfigurationPlatforms) = preSolution
		Debug|ARM64 = Debug|ARM64
		Debug|x64 = Debug|x64
		Debug|x86 = Debug|x86
		Release|ARM64 = Release|ARM64
		Release|x64 = Release|x64
		Release|x86 = Release|x86
	EndGlobalSection
	GlobalSection(ProjectConfigurationPlatforms) = postSolution
		{F1CD2B4B-6EF4-4E1F-A51F-5D922289D7D3}.Debug|ARM64.ActiveCfg = Debug|ARM64
		{F1CD2B4B-6EF4-4E1F-A51F-5D922289D7D3}.Debug|ARM64.Build.0 = Debug|ARM64
		{F1CD2B4B-6EF4-4E1F-A51F-5D922289D7D3}.Debug|x64.ActiveCfg = Debug|x64
		{F1CD2B4B-6EF4-4E1F-A51F-5D922289D7D3}.Debug|x64.Build.0 = Debug|x64
		{F1CD2B4B-6EF4-4E1F-A51F-5D922289D7D3}.Debug|x86.ActiveCfg = Debug|Win32
		{F1CD2B4B-6EF4-4E1F-A51F-5D922289D7D3}.Debug|x86.Build.0 = Debug|Win32
		{F1CD2B4B-6EF4-4E1F-A51F-5D922289D7D3}.Release|ARM64.ActiveCfg = Release|ARM64
		{F1CD2B4B-6EF4-4E1F-A51F-5D922289D7D3}.Release|ARM64.Build.0 = Release|ARM64
		{F1CD2B4B-6EF4-4E1F-A51F-5D922289D7D3}.Release|x64.ActiveCfg = Release|x64
		{F1CD2B4B-6EF4-4E1F-A51F-5D922289D7D3}.Release|x64.Build.0 = Release|x64
		{F1CD2B4B-6EF4-4E1F-A51F-5D922289D7D3}.Release|x86.ActiveCfg = Release|Win32
		{F1CD2B4B-6EF4-4E1F-A51F-5D922289D7D3}.Release|x86.Build.0 = Release|Win32
		{D872BFFC-08D9-423A-AB2A-5BDAFDFD6A4C}.Debug|ARM64.ActiveCfg = Debug|ARM64
		{D872BFFC-08D9-423A-AB2A-5BDAFDFD6A4C}.Debug|ARM64.Build.0 = Debug|ARM64
		{D872BFFC-08D9-423A-AB2A-5BDAFDFD6A4C}.Debug|x64.ActiveCfg = Debug|x64
		{D872BFFC-08D9-423A-AB2A-5BDAFDFD6A4C}.Debug|x64.Build.0 = Debug|x64
		{D872BFFC-08D9-423A-AB2A-5BDAFDFD6A4C}.Debug|x86.ActiveCfg = Debug|Win32
		{D872BFFC-08D9-423A-AB2A-5BDAFDFD6A4C}.Debug|x86.Build.0 = Debug|Win32
		{D872BFFC-08D9-423A-AB2A-5BDAFDFD6A4C}.Release|ARM64.ActiveCfg = Release|ARM64
		{D872BFFC-08D9-423A-AB2A-5BDAFDFD6A4C}.Release|ARM64.Build.0 = Release|ARM64
		{D872BFFC-08D9-423A-AB2A-5BDAFDFD6A4C}.Release|x64.ActiveCfg = Release|x64
		{D872BFFC-08D9-423A-AB2A-5BDAFDFD6A4C}.Release|x64.Build.0 = Release|x64
		{D872BFFC-08D9-423A-AB2A-5BDAFDFD6A4C}.Release|x86.ActiveCfg = Release|Win32
		{D872BFFC-08D9-423A-AB2A-5BDAFDFD6A4C}.Release|x86.Build.0 = Release|Win32
		{1F123927-7B68-4F82-9262-38E4063F5D9C}.Debug|ARM64.ActiveCfg = Debug|ARM64
		{1F123927-7B68-4F82-9262-38E4063F5D9C}.Debug|ARM64.Build.0 = Debug|ARM64
		{1F123927-7B68-4F82-9262-38E4063F5D9C}.Debug|x64.ActiveCfg = Debug|x64
		{1F123927-7B68-4F82-9262-38E4063F5D9C}.Debug|x64.Build.0 = Debug|x64
		{1F123927-7B68-4F82-9262-38E4063F5D9C}.Debug|x86.ActiveCfg = Debug|Win32
		{1F123927-7B68-4F82-9262-38E4063F5D9C}.Debug|x86.Build.0 = Debug|Win32
		{1F123927-7B68-4F82-9262-38E4063F5D9C}.Release|ARM64.ActiveCfg = Release|ARM64
		{1F123927-7B68-4F82-9262-38E4063F5D9C}.Release|ARM64.Build.0 = Release|ARM64
		{1F123927-7B68-4F82-9262-38E4063F5D9C}.Release|x64.ActiveCfg = Release|x64
		{1F123927-7B68-4F82-9262-38E4063F5D9C}.Release|x64.Build.0 = Release|x64
		{1F123927-7B68-4F82-9262-38E4063F5D9C}.Release|x86.ActiveCfg = Release|Win32
		{1F123927-7B68-4F82-9262-38E4063F5D9C}.Release|x86.Build.0 = Release|Win32
		{093BB559-D793-4D75-9731-79169C0AFF2A}.Debug|ARM64.ActiveCfg = Debug|ARM64
		{093BB559-D793-4D75-9731-79169C0AFF2A}.Debug|ARM64.Build.0 = Debug|ARM64
		{093BB559-D793-4D75-9731-79169C0AFF2A}.Debug|x64.ActiveCfg = Debug|x64
		{093BB559-D793-4D75-9731-79169C0AFF2A}.Debug|x64.Build.0 = Debug|x64
		{093BB559-D793-4D75-9731-79169C0AFF2A}.Debug|x86.ActiveCfg = Debug|Win32
		{093BB559-D793-4D75-9731-79169C0AFF2A}.Debug|x86.Build.0 = Debug|Win32
		{093BB559-D793-4D75-9731-79169C0AFF2A}.Release|ARM64.ActiveCfg = Release|ARM64
		{093BB559-D793-4D75-9731-79169C0AFF2A}.Release|ARM64.Build.0 = Release|ARM64
		{093BB559-D793-4D75-9731-79169C0AFF2A}.Release|x64.ActiveCfg = Release|x64
		{093BB559-D793-4D75-9731-79169C0AFF2A}.Release|x64.Build.0 = Release|x64
		{093BB559-D793-4D75-9731-79169C0AFF2A}.Release|x86.ActiveCfg = Release|Win32
		{093BB559-D793-4D75-9731-79169C0AFF2A}.Release|x86.Build.0 = Release|Win32
		{2672D9BA-9573-43D6-9E3A-A0AE9E9FA498}.Debug|ARM64.ActiveCfg = Debug|ARM64
		{2672D9BA-9573-43D6-9E3A-A0AE9E9FA498}.Debug|ARM64.Build.0 = Debug|ARM64
		{2672D9BA-9573-43D6-9E3A-A0AE9E9FA498}.Debug|x64.ActiveCfg = Debug|x64
		{2672D9BA-9573-43D6-9E3A-A0AE9E9FA498}.Debug|x64.Build.0 = Debug|x64
		{2672D9BA-9573-43D6-9E3A-A0AE9E9FA498}.Debug|x86.ActiveCfg = Debug|Win32
		{2672D9BA-9573-43D6-9E3A-A0AE9E9FA498}.Debug|x86.Build.0 = Debug|Win32
		{2672D9BA-9573-43D6-9E3A-A0AE9E9FA498}.Release|ARM64.ActiveCfg = Release|ARM64
		{2672D9BA-9573-43D6-9E3A-A0AE9E9FA498}.Release|ARM64.Build.0 = Release|ARM64
		{2672D9BA-9573-43D6-9E3A-A0AE9E9FA498}.Release|x64.ActiveCfg = Release|x64
		{2672D9BA-9573-43D6-9E3A-A0AE9E9FA498}.Release|x64.Build.0 = Release|x64
		{2672D9BA-9573-43D6-9E3A-A0AE9E9FA498}.Release|x86.ActiveCfg = Release|Win32
		{2672D9BA-9573-43D6-9E3A-A0AE9E9FA498}.Release|x86.Build.0 = Release|Win32
		{0EC672E5-6618-4FC0-AB5D-7A32A88A2F10}.Debug|ARM64.ActiveCfg = Debug|ARM64
		{0EC672E5-6618-4FC0-AB5D-7A32A88A2F10}.Debug|ARM64.Build.0 = Debug|ARM64
		{0EC672E5-6618-4FC0-AB5D-7A32A88A2F10}.Debug|x64.ActiveCfg = Debug|x64
		{0EC672E5-6618-4FC0-AB5D-7A32A88A2F10}.Debug|x64.Build.0 = Debug|x64
		{0EC672E5-6618-4FC0-AB5D-7A32A88A2F10}.Debug|x86.ActiveCfg = Debug|Win32
		{0EC672E5-6618-4FC0-AB5D-7A32A88A2F10}.Debug|x86.Build.0 = Debug|Win32
		{0EC672E5-6618-4FC0-AB5D-7A32A88A2F10}.Release|ARM64.ActiveCfg = Release|ARM64
		{0EC672E5-6618-4FC0-AB5D-7A32A88A2F10}.Release|ARM64.Build.0 = Release|ARM64
		{0EC672E5-6618-4FC0-AB5D-7A32A88A2F10}.Release|x64.ActiveCfg = Release|x64
		{0EC672E5-6618-4FC0-AB5D-7A32A88A2F10}.Release|x64.Build.0 = Release|x64
		{0EC672E5-6618-4FC0-AB5D-7A32A88A2F10}.Release|x86.ActiveCfg = Release|Win32
		{0EC672E5-6618-4FC0-AB5D-7A32A88A2F10}.Release|x86.Build.0 = Release|Win32
		{7014C594-7565-4B3E-9287-0AB418A94ECE}.Debug|ARM64.ActiveCfg = Debug|ARM64
		{7014C594-7565-4B3E-9287-0AB418A94ECE}.Debug|ARM64.Build.0 = Debug|ARM64
		{7014C594-7565-4B3E-9287-0AB418A94ECE}.Debug|x64.ActiveCfg = Debug|x64
		{7014C594-7565-4B3E-9287-0AB418A94ECE}.Debug|x64.Build.0 = Debug|x64
		{7014C594-7565-4B3E-9287-0AB418A94ECE}.Debug|x86.ActiveCfg = Debug|Win32
		{7014C594-7565-4B3E-9287-0AB418A94ECE}.Debug|x86.Build.0 = Debug|Win32
		{7014C594-7565-4B3E-9287-0AB418A94ECE}.Release|ARM64.ActiveCfg = Release|ARM64
		{7014C594-7565-4B3E-9287-0AB418A94ECE}.Release|ARM64.Build.0 = Release|ARM64
		{7014C594-7565-4B3E-9287-0AB418A94ECE}.Release|x64.ActiveCfg = Release|x64
		{7014C594-7565-4B3E-9287-0AB418A94ECE}.Release|x64.Build.0 = Release|x64
		{7014C594-7565-4B3E-9287-0AB418A94ECE}.Release|x86.ActiveCfg = Release|Win32
		{7014C594-7565-4B3E-9287-0AB418A94ECE}.Release|x86.Build.0 = Release|Win32
		{6CB8C642-7AFE-4AD2-986C-4D9F625AE1D7}.Debug|ARM64.ActiveCfg = Debug|ARM64
		{6CB8C642-7AFE-4AD2-986C-4D9F625AE1D7}.Debug|ARM64.Build.0 = Debug|ARM64
		{6CB8C642-7AFE-4AD2-986C-4D9F625AE1D7}.Debug|x64.ActiveCfg = Debug|x64
		{6CB8C642-7AFE-4AD2-986C-4D9F625AE1D7}.Debug|x64.Build.0 = Debug|x64
		{6CB8C642-7AFE-4AD2-986C-4D9F625AE1D7}.Debug|x86.ActiveCfg = Debug|Win32
		{6CB8C642-7AFE-4AD2-986C-4D9F625AE1D7}.Debug|x86.Build.0 = Debug|Win32
		{6CB8C642-7AFE-4AD2-986C-4D9F625AE1D7}.Release|ARM64.ActiveCfg = Release|ARM64
		{6CB8C642-7AFE-4AD2-986C-4D9F625AE1D7}.Release|ARM64.Build.0 = Release|ARM64
		{6CB8C642-7AFE-4AD2-986C-4D9F625AE1D7}.Release|x64.ActiveCfg = Release|x64
		{6CB8C642-7AFE-4AD2-986C-4D9F625AE1D7}.Release|x64.Build.0 = Release|x64
		{6CB8C642-7AFE-4AD2-986C-4D9F625AE1D7}.Release|x86.ActiveCfg = Release|Win32
		{6CB8C642-7AFE-4AD2-986C-4D9F625AE1D7}.Release|x86.Build.0 = Release|Win32
		{FFE577A8-7F1C-4794-BD18-512737FB20FB}.Debug|ARM64.ActiveCfg = Debug|ARM64
		{FFE577A8-7F1C-4794-BD18-512737FB20FB}.Debug|ARM64.Build.0 = Debug|ARM64
		{FFE577A8-7F1C-4794-BD18-512737FB20FB}.Debug|x64.ActiveCfg = Debug|x64
		{FFE577A8-7F1C-4794-BD18-512737FB20FB}.Debug|x64.Build.0 = Debug|x64
		{FFE577A8-7F1C-4794-BD18-512737FB20FB}.Debug|x86.ActiveCfg = Debug|Win32
		{FFE577A8-7F1C-4794-BD18-512737FB20FB}.Debug|x86.Build.0 = Debug|Win32
		{FFE577A8-7F1C-4794-BD18-512737FB20FB}.Release|ARM64.ActiveCfg = Release|ARM64
		{FFE577A8-7F1C-4794-BD18-512737FB20FB}.Release|ARM64.Build.0 = Release|ARM64
		{FFE577A8-7F1C-4794-BD18-512737FB20FB}.Release|x64.ActiveCfg = Release|x64
		{FFE577A8-7F1C-4794-BD18-512737FB20FB}.Release|x64.Build.0 = Release|x64
		{FFE577A8-7F1C-4794-BD18-512737FB20FB}.Release|x86.ActiveCfg = Release|Win32
		{FFE577A8-7F1C-4794-BD18-512737FB20FB}.Release|x86.Build.0 = Release|Win32
		{4675456A-ADB8-414E-8AF9-D977DD98058C}.Debug|ARM64.ActiveCfg = Debug|ARM64
		{4675456A-ADB8-414E-8AF9-D977DD98058C}.Debug|ARM64.Build.0 = Debug|ARM64
		{4675456A-ADB8-414E-8AF9-D977DD98058C}.Debug|x64.ActiveCfg = Debug|x64
		{4675456A-ADB8-414E-8AF9-D977DD98058C}.Debug|x64.Build.0 = Debug|x64
		{4675456A-ADB8-414E-8AF9-D977DD98058C}.Debug|x86.ActiveCfg = Debug|Win32
		{4675456A-ADB8-414E-8AF9-D977DD98058C}.Debug|x86.Build.0 = Debug|Win32
		{4675456A-ADB8-414E-8AF9-D977DD98058C}.Release|ARM64.ActiveCfg = Release|ARM64
		{4675456A-ADB8-414E-8AF9-D977DD98058C}.Release|ARM64.Build.0 = Release|ARM64
		{4675456A-ADB8-414E-8AF9-D977DD98058C}.Release|x64.ActiveCfg = Release|x64
		{4675456A-ADB8-414E-8AF9-D977DD98058C}.Release|x64.Build.0 = Release|x64
		{4675456A-ADB8-414E-8AF9-D977DD98058C}.Release|x86.ActiveCfg = Release|Win32
		{4675456A-ADB8-414E-8AF9-D977DD98058C}.Release|x86.Build.0 = Release|Win32
		{A8C5105B-725D-4052-B03B-D39F28791060}.Debug|ARM64.ActiveCfg = Debug|ARM64
		{A8C5105B-725D-4052-B03B-D39F28791060}.Debug|ARM64.Build.0 = Debug|ARM64
		{A8C5105B-725D-4052-B03B-D39F28791060}.Debug|x64.ActiveCfg = Debug|x64
		{A8C5105B-725D-4052-B03B-D39F28791060}.Debug|x64.Build.0 = Debug|x64
		{A8C5105B-725D-4052-B03B-D39F28791060}.Debug|x86.ActiveCfg = Debug|Win32
		{A8C5105B-725D-4052-B03B-D39F28791060}.Debug|x86.Build.0 = Debug|Win32
		{A8C5105B-725D-4052-B03B-D39F28791060}.Release|ARM64.ActiveCfg = Release|ARM64
		{A8C5105B-725D-4052-B03B-D39F28791060}.Release|ARM64.Build.0 = Release|ARM64
		{A8C5105B-725D-4052-B03B-D39F28791060}.Release|x64.ActiveCfg = Release|x64
		{A8C5105B-725D-4052-B03B-D39F28791060}.Release|x64.Build.0 = Release|x64
		{A8C5105B-725D-4052-B03B-D39F28791060}.Release|x86.ActiveCfg = Release|Win32
		{A8C5105B-725D-4052-B03B-D39F28791060}.Release|x86.Build.0 = Release|Win32
		{59DAE46E-83FE-4493-B7E7-0180E5A7CEDA}.Debug|ARM64.ActiveCfg = Debug|ARM64
		{59DAE46E-83FE-4493-B7E7-0180E5A7CEDA}.Debug|ARM64.Build.0 = Debug|ARM64
		{59DAE46E-83FE-4493-B7E7-0180E5A7CEDA}.Debug|x64.ActiveCfg = Debug|x64
		{59DAE46E-83FE-4493-B7E7-0180E5A7CEDA}.Debug|x64.Build.0 = Debug|x64
		{59DAE46E-83FE-4493-B7E7-0180E5A7CEDA}.Debug|x86.ActiveCfg = Debug|Win32
		{59DAE46E-83FE-4493-B7E7-0180E5A7CEDA}.Debug|x86.Build.0 = Debug|Win32
		{59DAE46E-83FE-4493-B7E7-0180E5A7CEDA}.Release|ARM64.ActiveCfg = Release|ARM64
		{59DAE46E-83FE-4493-B7E7-0180E5A7CEDA}.Release|ARM64.Build.0 = Release|ARM64
		{59DAE46E-83FE-4493-B7E7-0180E5A7CEDA}.Release|x64.ActiveCfg = Release|x64
		{59DAE46E-83FE-4493-B7E7-0180E5A7CEDA}.Release|x64.Build.0 = Release|x64
		{59DAE46E-83FE-4493-B7E7-0180E5A7CEDA}.Release|x86.ActiveCfg = Release|Win32
		{59DAE46E-83FE-4493-B7E7-0180E5A7CEDA}.Release|x86.Build.0 = Release|Win32
		{8A1C84FD-D9E2-456A-8AE4-39E94395E2CA}.Debug|ARM64.ActiveCfg = Debug|ARM64
		{8A1C84FD-D9E2-456A-8AE4-39E94395E2CA}.Debug|ARM64.Build.0 = Debug|ARM64
		{8A1C84FD-D9E2-456A-8AE4-39E94395E2CA}.Debug|x64.ActiveCfg = Debug|x64
		{8A1C84FD-D9E2-456A-8AE4-39E94395E2CA}.Debug|x64.Build.0 = Debug|x64
		{8A1C84FD-D9E2-456A-8AE4-39E94395E2CA}.Debug|x86.ActiveCfg = Debug|Win32
		{8A1C84FD-D9E2-456A-8AE4-39E94395E2CA}.Debug|x86.Build.0 = Debug|Win32
		{8A1C84FD-D9E2-456A-8AE4-39E94395E2CA}.Release|ARM64.ActiveCfg = Release|ARM64
		{8A1C84FD-D9E2-456A-8AE4-39E94395E2CA}.Release|ARM64.Build.0 = Release|ARM64
		{8A1C84FD-D9E2-456A-8AE4-39E94395E2CA}.Release|x64.ActiveCfg = Release|x64
		{8A1C84FD-D9E2-456A-8AE4-39E94395E2CA}.Release|x64.Build.0 = Release|x64
		{8A1C84FD-D9E2-456A-8AE4-39E94395E2CA}.Release|x86.ActiveCfg = Release|Win32
		{8A1C84FD-D9E2-456A-8AE4-39E94395E2CA}.Release|x86.Build.0 = Release|Win32
		{DD49512B-9FC4-406A-BB00-894A367FC44D}.Debug|ARM64.ActiveCfg = Debug|ARM64
		{DD49512B-9FC4-406A-BB00-894A367FC44D}.Debug|ARM64.Build.0 = Debug|ARM64
		{DD49512B-9FC4-406A-BB00-894A367FC44D}.Debug|x64.ActiveCfg = Debug|x64
		{DD49512B-9FC4-406A-BB00-894A367FC44D}.Debug|x64.Build.0 = Debug|x64
		{DD49512B-9FC4-406A-BB00-894A367FC44D}.Debug|x86.ActiveCfg = Debug|Win32
		{DD49512B-9FC4-406A-BB00-894A367FC44D}.Debug|x86.Build.0 = Debug|Win32
		{DD49512B-9FC4-406A-BB00-894A367FC44D}.Release|ARM64.ActiveCfg = Release|ARM64
		{DD49512B-9FC4-406A-BB00-894A367FC44D}.Release|ARM64.Build.0 = Release|ARM64
		{DD49512B-9FC4-406A-BB00-894A367FC44D}.Release|x64.ActiveCfg = Release|x64
		{DD49512B-9FC4-406A-BB00-894A367FC44D}.Release|x64.Build.0 = Release|x64
		{DD49512B-9FC4-406A-BB00-894A367FC44D}.Release|x86.ActiveCfg = Release|Win32
		{DD49512B-9FC4-406A-BB00-894A367FC44D}.Release|x86.Build.0 = Release|Win32
		{CE71A023-CA57-4CFD-A851-7975B6A51017}.Debug|ARM64.ActiveCfg = Debug|ARM64
		{CE71A023-CA57-4CFD-A851-7975B6A51017}.Debug|ARM64.Build.0 = Debug|ARM64
		{CE71A023-CA57-4CFD-A851-7975B6A51017}.Debug|x64.ActiveCfg = Debug|x64
		{CE71A023-CA57-4CFD-A851-7975B6A51017}.Debug|x64.Build.0 = Debug|x64
		{CE71A023-CA57-4CFD-A851-7975B6A51017}.Debug|x86.ActiveCfg = Debug|Win32
		{CE71A023-CA57-4CFD-A851-7975B6A51017}.Debug|x86.Build.0 = Debug|Win32
		{CE71A023-CA57-4CFD-A851-7975B6A51017}.Release|ARM64.ActiveCfg = Release|ARM64
		{CE71A023-CA57-4CFD-A851-7975B6A51017}.Release|ARM64.Build.0 = Release|ARM64
		{CE71A023-CA57-4CFD-A851-7975B6A51017}.Release|x64.ActiveCfg = Release|x64
		{CE71A023-CA57-4CFD-A851-7975B6A51017}.Release|x64.Build.0 = Release|x64
		{CE71A023-CA57-4CFD-A851-7975B6A51017}.Release|x86.ActiveCfg = Release|Win32
		{CE71A023-CA57-4CFD-A851-7975B6A51017}.Release|x86.Build.0 = Release|Win32
		{D0AA6174-EF39-4B4F-AEBB-99F84B156DB8}.Debug|ARM64.ActiveCfg = Debug|ARM64
		{D0AA6174-EF39-4B4F-AEBB-99F84B156DB8}.Debug|ARM64.Build.0 = Debug|ARM64
		{D0AA6174-EF39-4B4F-AEBB-99F84B156DB8}.Debug|x64.ActiveCfg = Debug|x64
		{D0AA6174-EF39-4B4F-AEBB-99F84B156DB8}.Debug|x64.Build.0 = Debug|x64
		{D0AA6174-EF39-4B4F-AEBB-99F84B156DB8}.Debug|x86.ActiveCfg = Debug|Win32
		{D0AA6174-EF39-4B4F-AEBB-99F84B156DB8}.Debug|x86.Build.0 = Debug|Win32
		{D0AA6174-EF39-4B4F-AEBB-99F84B156DB8}.Release|ARM64.ActiveCfg = Release|ARM64
		{D0AA6174-EF39-4B4F-AEBB-99F84B156DB8}.Release|ARM64.Build.0 = Release|ARM64
		{D0AA6174-EF39-4B4F-AEBB-99F84B156DB8}.Release|x64.ActiveCfg = Release|x64
		{D0AA6174-EF39-4B4F-AEBB-99F84B156DB8}.Release|x64.Build.0 = Release|x64
		{D0AA6174-EF39-4B4F-AEBB-99F84B156DB8}.Release|x86.ActiveCfg = Release|Win32
		{D0AA6174-EF39-4B4F-AEBB-99F84B156DB8}.Release|x86.Build.0 = Release|Win32
		{67522E81-AA93-4F9F-99E6-C640C32F9F6B}.Debug|ARM64.ActiveCfg = Debug|ARM64
		{67522E81-AA93-4F9F-99E6-C640C32F9F6B}.Debug|ARM64.Build.0 = Debug|ARM64
		{67522E81-AA93-4F9F-99E6-C640C32F9F6B}.Debug|x64.ActiveCfg = Debug|x64
		{67522E81-AA93-4F9F-99E6-C640C32F9F6B}.Debug|x64.Build.0 = Debug|x64
		{67522E81-AA93-4F9F-99E6-C640C32F9F6B}.Debug|x86.ActiveCfg = Debug|Win32
		{67522E81-AA93-4F9F-99E6-C640C32F9F6B}.Debug|x86.Build.0 = Debug|Win32
		{67522E81-AA93-4F9F-99E6-C640C32F9F6B}.Release|ARM64.ActiveCfg = Release|ARM64
		{67522E81-AA93-4F9F-99E6-C640C32F9F6B}.Release|ARM64.Build.0 = Release|ARM64
		{67522E81-AA93-4F9F-99E6-C640C32F9F6B}.Release|x64.ActiveCfg = Release|x64
		{67522E81-AA93-4F9F-99E6-C640C32F9F6B}.Release|x64.Build.0 = Release|x64
		{67522E81-AA93-4F9F-99E6-C640C32F9F6B}.Release|x86.ActiveCfg = Release|Win32
		{67522E81-AA93-4F9F-99E6-C640C32F9F6B}.Release|x86.Build.0 = Release|Win32
		{54BB0A22-4BE8-499A-9631-CE80E5D2EA3B}.Debug|ARM64.ActiveCfg = Debug|ARM64
		{54BB0A22-4BE8-499A-9631-CE80E5D2EA3B}.Debug|ARM64.Build.0 = Debug|ARM64
		{54BB0A22-4BE8-499A-9631-CE80E5D2EA3B}.Debug|x64.ActiveCfg = Debug|x64
		{54BB0A22-4BE8-499A-9631-CE80E5D2EA3B}.Debug|x64.Build.0 = Debug|x64
		{54BB0A22-4BE8-499A-9631-CE80E5D2EA3B}.Debug|x86.ActiveCfg = Debug|Win32
		{54BB0A22-4BE8-499A-9631-CE80E5D2EA3B}.Debug|x86.Build.0 = Debug|Win32
		{54BB0A22-4BE8-499A-9631-CE80E5D2EA3B}.Release|ARM64.ActiveCfg = Release|ARM64
		{54BB0A22-4BE8-499A-9631-CE80E5D2EA3B}.Release|ARM64.Build.0 = Release|ARM64
		{54BB0A22-4BE8-499A-9631-CE80E5D2EA3B}.Release|x64.ActiveCfg = Release|x64
		{54BB0A22-4BE8-499A-9631-CE80E5D2EA3B}.Release|x64.Build.0 = Release|x64
		{54BB0A22-4BE8-499A-9631-CE80E5D2EA3B}.Release|x86.ActiveCfg = Release|Win32
		{54BB0A22-4BE8-499A-9631-CE80E5D2EA3B}.Release|x86.Build.0 = Release|Win32
		{92A19971-C845-4ADF-BB76-51819E61E0B8}.Debug|ARM64.ActiveCfg = Debug|ARM64
		{92A19971-C845-4ADF-BB76-51819E61E0B8}.Debug|ARM64.Build.0 = Debug|ARM64
		{92A19971-C845-4ADF-BB76-51819E61E0B8}.Debug|x64.ActiveCfg = Debug|x64
		{92A19971-C845-4ADF-BB76-51819E61E0B8}.Debug|x64.Build.0 = Debug|x64
		{92A19971-C845-4ADF-BB76-51819E61E0B8}.Debug|x86.ActiveCfg = Debug|Win32
		{92A19971-C845-4ADF-BB76-51819E61E0B8}.Debug|x86.Build.0 = Debug|Win32
		{92A19971-C845-4ADF-BB76-51819E61E0B8}.Release|ARM64.ActiveCfg = Release|ARM64
		{92A19971-C845-4ADF-BB76-51819E61E0B8}.Release|ARM64.Build.0 = Release|ARM64
		{92A19971-C845-4ADF-BB76-51819E61E0B8}.Release|x64.ActiveCfg = Release|x64
		{92A19971-C845-4ADF-BB76-51819E61E0B8}.Release|x64.Build.0 = Release|x64
		{92A19971-C845-4ADF-BB76-51819E61E0B8}.Release|x86.ActiveCfg = Release|Win32
		{92A19971-C845-4ADF-BB76-51819E61E0B8}.Release|x86.Build.0 = Release|Win32
		{58F2689F-D3D4-464F-B0EE-18E19270D79D}.Debug|ARM64.ActiveCfg = Debug|ARM64
		{58F2689F-D3D4-464F-B0EE-18E19270D79D}.Debug|ARM64.Build.0 = Debug|ARM64
		{58F2689F-D3D4-464F-B0EE-18E19270D79D}.Debug|x64.ActiveCfg = Debug|x64
		{58F2689F-D3D4-464F-B0EE-18E19270D79D}.Debug|x64.Build.0 = Debug|x64
		{58F2689F-D3D4-464F-B0EE-18E19270D79D}.Debug|x86.ActiveCfg = Debug|Win32
		{58F2689F-D3D4-464F-B0EE-18E19270D79D}.Debug|x86.Build.0 = Debug|Win32
		{58F2689F-D3D4-464F-B0EE-18E19270D79D}.Release|ARM64.ActiveCfg = Release|ARM64
		{58F2689F-D3D4-464F-B0EE-18E19270D79D}.Release|ARM64.Build.0 = Release|ARM64
		{58F2689F-D3D4-464F-B0EE-18E19270D79D}.Release|x64.ActiveCfg = Release|x64
		{58F2689F-D3D4-464F-B0EE-18E19270D79D}.Release|x64.Build.0 = Release|x64
		{58F2689F-D3D4-464F-B0EE-18E19270D79D}.Release|x86.ActiveCfg = Release|Win32
		{58F2689F-D3D4-464F-B0EE-18E19270D79D}.Release|x86.Build.0 = Release|Win32
		{87351495-6690-402D-822C-52BB0327709A}.Debug|ARM64.ActiveCfg = Debug|ARM64
		{87351495-6690-402D-822C-52BB0327709A}.Debug|ARM64.Build.0 = Debug|ARM64
		{87351495-6690-402D-822C-52BB0327709A}.Debug|x64.ActiveCfg = Debug|x64
		{87351495-6690-402D-822C-52BB0327709A}.Debug|x64.Build.0 = Debug|x64
		{87351495-6690-402D-822C-52BB0327709A}.Debug|x86.ActiveCfg = Debug|Win32
		{87351495-6690-402D-822C-52BB0327709A}.Debug|x86.Build.0 = Debug|Win32
		{87351495-6690-402D-822C-52BB0327709A}.Release|ARM64.ActiveCfg = Release|ARM64
		{87351495-6690-402D-822C-52BB0327709A}.Release|ARM64.Build.0 = Release|ARM64
		{87351495-6690-402D-822C-52BB0327709A}.Release|x64.ActiveCfg = Release|x64
		{87351495-6690-402D-822C-52BB0327709A}.Release|x64.Build.0 = Release|x64
		{87351495-6690-402D-822C-52BB0327709A}.Release|x86.ActiveCfg = Release|Win32
		{87351495-6690-402D-822C-52BB0327709A}.Release|x86.Build.0 = Release|Win32
	EndGlobalSection
	GlobalSection(SolutionProperties) = preSolution
		HideSolutionNode = FALSE
	EndGlobalSection
	GlobalSection(ExtensibilityGlobals) = postSolution
		SolutionGuid = {54CAFBFD-1188-403B-A096-DC3F8B28DF84}
	EndGlobalSection
EndGlobal
