
Microsoft Visual Studio Solution File, Format Version 12.00
# Visual Studio Version 17
VisualStudioVersion = 17.14.36429.23 d17.14
MinimumVisualStudioVersion = 10.0.40219.1
Project("{8BC9CEB8-8B4A-11D0-8D11-00A0C91BC942}") = "4-b14", "4-b14\4-b14.vcxproj", "{C69ADE2D-9FCC-426B-BCA2-2D88F67EDDF2}"
EndProject
Project("{8BC9CEB8-8B4A-11D0-8D11-00A0C91BC942}") = "4-b15", "4-b15\4-b15.vcxproj", "{C3AA4957-8452-4DD2-8356-575E286C9A39}"
EndProject
Project("{8BC9CEB8-8B4A-11D0-8D11-00A0C91BC942}") = "4-b16", "4-b16\4-b16.vcxproj", "{102EDD5A-BEBC-4712-98AD-A702E9E720F3}"
EndProject
Project("{8BC9CEB8-8B4A-11D0-8D11-00A0C91BC942}") = "4-b17", "4-b17\4-b17.vcxproj", "{871799FE-4471-4EA1-B37A-32288156D689}"
EndProject
Global
	GlobalSection(SolutionConfigurationPlatforms) = preSolution
		Debug|ARM64 = Debug|ARM64
		Debug|x64 = Debug|x64
		Debug|x86 = Debug|x86
		Release|ARM64 = Release|ARM64
		Release|x64 = Release|x64
		Release|x86 = Release|x86
	EndGlobalSection
	GlobalSection(ProjectConfigurationPlatforms) = postSolution
		{C69ADE2D-9FCC-426B-BCA2-2D88F67EDDF2}.Debug|ARM64.ActiveCfg = Debug|ARM64
		{C69ADE2D-9FCC-426B-BCA2-2D88F67EDDF2}.Debug|ARM64.Build.0 = Debug|ARM64
		{C69ADE2D-9FCC-426B-BCA2-2D88F67EDDF2}.Debug|x64.ActiveCfg = Debug|x64
		{C69ADE2D-9FCC-426B-BCA2-2D88F67EDDF2}.Debug|x64.Build.0 = Debug|x64
		{C69ADE2D-9FCC-426B-BCA2-2D88F67EDDF2}.Debug|x86.ActiveCfg = Debug|Win32
		{C69ADE2D-9FCC-426B-BCA2-2D88F67EDDF2}.Debug|x86.Build.0 = Debug|Win32
		{C69ADE2D-9FCC-426B-BCA2-2D88F67EDDF2}.Release|ARM64.ActiveCfg = Release|ARM64
		{C69ADE2D-9FCC-426B-BCA2-2D88F67EDDF2}.Release|ARM64.Build.0 = Release|ARM64
		{C69ADE2D-9FCC-426B-BCA2-2D88F67EDDF2}.Release|x64.ActiveCfg = Release|x64
		{C69ADE2D-9FCC-426B-BCA2-2D88F67EDDF2}.Release|x64.Build.0 = Release|x64
		{C69ADE2D-9FCC-426B-BCA2-2D88F67EDDF2}.Release|x86.ActiveCfg = Release|Win32
		{C69ADE2D-9FCC-426B-BCA2-2D88F67EDDF2}.Release|x86.Build.0 = Release|Win32
		{C3AA4957-8452-4DD2-8356-575E286C9A39}.Debug|ARM64.ActiveCfg = Debug|ARM64
		{C3AA4957-8452-4DD2-8356-575E286C9A39}.Debug|ARM64.Build.0 = Debug|ARM64
		{C3AA4957-8452-4DD2-8356-575E286C9A39}.Debug|x64.ActiveCfg = Debug|x64
		{C3AA4957-8452-4DD2-8356-575E286C9A39}.Debug|x64.Build.0 = Debug|x64
		{C3AA4957-8452-4DD2-8356-575E286C9A39}.Debug|x86.ActiveCfg = Debug|Win32
		{C3AA4957-8452-4DD2-8356-575E286C9A39}.Debug|x86.Build.0 = Debug|Win32
		{C3AA4957-8452-4DD2-8356-575E286C9A39}.Release|ARM64.ActiveCfg = Release|ARM64
		{C3AA4957-8452-4DD2-8356-575E286C9A39}.Release|ARM64.Build.0 = Release|ARM64
		{C3AA4957-8452-4DD2-8356-575E286C9A39}.Release|x64.ActiveCfg = Release|x64
		{C3AA4957-8452-4DD2-8356-575E286C9A39}.Release|x64.Build.0 = Release|x64
		{C3AA4957-8452-4DD2-8356-575E286C9A39}.Release|x86.ActiveCfg = Release|Win32
		{C3AA4957-8452-4DD2-8356-575E286C9A39}.Release|x86.Build.0 = Release|Win32
		{102EDD5A-BEBC-4712-98AD-A702E9E720F3}.Debug|ARM64.ActiveCfg = Debug|ARM64
		{102EDD5A-BEBC-4712-98AD-A702E9E720F3}.Debug|ARM64.Build.0 = Debug|ARM64
		{102EDD5A-BEBC-4712-98AD-A702E9E720F3}.Debug|x64.ActiveCfg = Debug|x64
		{102EDD5A-BEBC-4712-98AD-A702E9E720F3}.Debug|x64.Build.0 = Debug|x64
		{102EDD5A-BEBC-4712-98AD-A702E9E720F3}.Debug|x86.ActiveCfg = Debug|Win32
		{102EDD5A-BEBC-4712-98AD-A702E9E720F3}.Debug|x86.Build.0 = Debug|Win32
		{102EDD5A-BEBC-4712-98AD-A702E9E720F3}.Release|ARM64.ActiveCfg = Release|ARM64
		{102EDD5A-BEBC-4712-98AD-A702E9E720F3}.Release|ARM64.Build.0 = Release|ARM64
		{102EDD5A-BEBC-4712-98AD-A702E9E720F3}.Release|x64.ActiveCfg = Release|x64
		{102EDD5A-BEBC-4712-98AD-A702E9E720F3}.Release|x64.Build.0 = Release|x64
		{102EDD5A-BEBC-4712-98AD-A702E9E720F3}.Release|x86.ActiveCfg = Release|Win32
		{102EDD5A-BEBC-4712-98AD-A702E9E720F3}.Release|x86.Build.0 = Release|Win32
		{871799FE-4471-4EA1-B37A-32288156D689}.Debug|ARM64.ActiveCfg = Debug|ARM64
		{871799FE-4471-4EA1-B37A-32288156D689}.Debug|ARM64.Build.0 = Debug|ARM64
		{871799FE-4471-4EA1-B37A-32288156D689}.Debug|x64.ActiveCfg = Debug|x64
		{871799FE-4471-4EA1-B37A-32288156D689}.Debug|x64.Build.0 = Debug|x64
		{871799FE-4471-4EA1-B37A-32288156D689}.Debug|x86.ActiveCfg = Debug|Win32
		{871799FE-4471-4EA1-B37A-32288156D689}.Debug|x86.Build.0 = Debug|Win32
		{871799FE-4471-4EA1-B37A-32288156D689}.Release|ARM64.ActiveCfg = Release|ARM64
		{871799FE-4471-4EA1-B37A-32288156D689}.Release|ARM64.Build.0 = Release|ARM64
		{871799FE-4471-4EA1-B37A-32288156D689}.Release|x64.ActiveCfg = Release|x64
		{871799FE-4471-4EA1-B37A-32288156D689}.Release|x64.Build.0 = Release|x64
		{871799FE-4471-4EA1-B37A-32288156D689}.Release|x86.ActiveCfg = Release|Win32
		{871799FE-4471-4EA1-B37A-32288156D689}.Release|x86.Build.0 = Release|Win32
	EndGlobalSection
	GlobalSection(SolutionProperties) = preSolution
		HideSolutionNode = FALSE
	EndGlobalSection
	GlobalSection(ExtensibilityGlobals) = postSolution
		SolutionGuid = {C111B90B-5E1D-4B40-BB17-12FDFB9FD6A9}
	EndGlobalSection
EndGlobal
