
Microsoft Visual Studio Solution File, Format Version 12.00
# Visual Studio Version 17
VisualStudioVersion = 17.14.36429.23
MinimumVisualStudioVersion = 10.0.40219.1
Project("{8BC9CEB8-8B4A-11D0-8D11-00A0C91BC942}") = "05-2", "05\05.vcxproj", "{8CCD365F-2973-4257-B0D8-3EF7630AF61D}"
EndProject
Project("{8BC9CEB8-8B4A-11D0-8D11-00A0C91BC942}") = "05-1", "05-1\05-1.vcxproj", "{0B69F725-CF24-4F54-8A60-EFE3FAADB937}"
EndProject
Project("{8BC9CEB8-8B4A-11D0-8D11-00A0C91BC942}") = "06-1", "06-1\06-1.vcxproj", "{058F7986-71AC-417E-A29C-ACFB331DEB6D}"
EndProject
Project("{8BC9CEB8-8B4A-11D0-8D11-00A0C91BC942}") = "06-2", "06-2\06-2.vcxproj", "{194C9033-39FE-4799-B35A-907A0448C106}"
EndProject
Project("{8BC9CEB8-8B4A-11D0-8D11-00A0C91BC942}") = "07-1", "07-1\07-1.vcxproj", "{904E1F56-490A-4338-A5E9-295FA6C7A53D}"
EndProject
Project("{8BC9CEB8-8B4A-11D0-8D11-00A0C91BC942}") = "07-2", "07-2\07-2.vcxproj", "{A30D3531-B32C-4422-932C-DB3D78EB741C}"
EndProject
Project("{8BC9CEB8-8B4A-11D0-8D11-00A0C91BC942}") = "07-3", "07-3\07-3.vcxproj", "{081C664F-D6FA-4F47-A490-ECB4BA3A5D7C}"
EndProject
Project("{8BC9CEB8-8B4A-11D0-8D11-00A0C91BC942}") = "08", "08\08.vcxproj", "{101E030E-93F6-4FFB-B146-C11B82485732}"
EndProject
Project("{8BC9CEB8-8B4A-11D0-8D11-00A0C91BC942}") = "09-1", "09-1\09-1.vcxproj", "{206D0116-4E40-43E3-AA2E-9BEE86E2330A}"
EndProject
Project("{8BC9CEB8-8B4A-11D0-8D11-00A0C91BC942}") = "09-2", "09-2\09-2.vcxproj", "{2693208E-0505-4628-90C8-5FFA8D08B66C}"
EndProject
Project("{8BC9CEB8-8B4A-11D0-8D11-00A0C91BC942}") = "10-1", "10-1\10-1.vcxproj", "{63EDFB7C-2ECF-438B-8E3C-F37670B1443B}"
EndProject
Project("{8BC9CEB8-8B4A-11D0-8D11-00A0C91BC942}") = "10-2", "10-2\10-2.vcxproj", "{809B5B8E-46E0-4EF3-B1FB-E468D03544BD}"
EndProject
Project("{8BC9CEB8-8B4A-11D0-8D11-00A0C91BC942}") = "10-3", "10-3\10-3.vcxproj", "{6A2AD02E-A634-4D35-A942-F0080AC06FC4}"
EndProject
Project("{8BC9CEB8-8B4A-11D0-8D11-00A0C91BC942}") = "10-4", "10-4\10-4.vcxproj", "{6FCB249B-2023-4365-B008-61E136524DA2}"
EndProject
Project("{8BC9CEB8-8B4A-11D0-8D11-00A0C91BC942}") = "10-5", "10-5\10-5.vcxproj", "{F7CF4EA4-2F17-4AD2-BA6D-AB18DBD7825F}"
EndProject
Project("{8BC9CEB8-8B4A-11D0-8D11-00A0C91BC942}") = "11", "11\11.vcxproj", "{9A1601E9-5F8F-4710-AC35-4489E4FEAC06}"
EndProject
Project("{8BC9CEB8-8B4A-11D0-8D11-00A0C91BC942}") = "12-1", "12-1\12-1.vcxproj", "{86557449-91E5-455F-8833-BEE048453D56}"
EndProject
Project("{8BC9CEB8-8B4A-11D0-8D11-00A0C91BC942}") = "12-2", "12-2\12-2.vcxproj", "{778466C5-B966-4DC3-88F9-6C143ADE62FF}"
EndProject
Project("{8BC9CEB8-8B4A-11D0-8D11-00A0C91BC942}") = "13-1", "13-1\13-1.vcxproj", "{C396908B-8885-4E3A-B88F-1AB5D4FCE253}"
EndProject
Project("{8BC9CEB8-8B4A-11D0-8D11-00A0C91BC942}") = "13-2", "13-2\13-2.vcxproj", "{41593906-B3E2-48DF-8C17-4B5A4FF31EB2}"
EndProject
Project("{8BC9CEB8-8B4A-11D0-8D11-00A0C91BC942}") = "14-1", "14-1\14-1.vcxproj", "{F80BC42C-D42A-45E3-9D61-4101769D3E1B}"
EndProject
Project("{8BC9CEB8-8B4A-11D0-8D11-00A0C91BC942}") = "14-2", "14-2\14-2.vcxproj", "{ECBCE14D-FBA0-41A0-9396-6B215A7E8A28}"
EndProject
Project("{8BC9CEB8-8B4A-11D0-8D11-00A0C91BC942}") = "15-1", "15-1\15-1.vcxproj", "{CD888F07-9DC2-45D1-BC91-C7FD51A4B35A}"
EndProject
Project("{8BC9CEB8-8B4A-11D0-8D11-00A0C91BC942}") = "15-2", "15-2\15-2.vcxproj", "{68F80F0F-2C7C-4D74-98F3-064435B86B4A}"
EndProject
Project("{8BC9CEB8-8B4A-11D0-8D11-00A0C91BC942}") = "16", "16\16.vcxproj", "{743C5227-CBC2-47A5-941C-C9FB0126B033}"
EndProject
Project("{8BC9CEB8-8B4A-11D0-8D11-00A0C91BC942}") = "17-1", "17-1\17-1.vcxproj", "{E0D379F3-23F2-495C-BAE0-A3C926B08C5B}"
EndProject
Project("{8BC9CEB8-8B4A-11D0-8D11-00A0C91BC942}") = "17-2", "17-2\17-2.vcxproj", "{3C5D5D92-AD59-4612-B148-2AC3BCC55426}"
EndProject
Global
	GlobalSection(SolutionConfigurationPlatforms) = preSolution
		Debug|ARM64 = Debug|ARM64
		Debug|x64 = Debug|x64
		Debug|x86 = Debug|x86
		Release|ARM64 = Release|ARM64
		Release|x64 = Release|x64
		Release|x86 = Release|x86
	EndGlobalSection
	GlobalSection(ProjectConfigurationPlatforms) = postSolution
		{8CCD365F-2973-4257-B0D8-3EF7630AF61D}.Debug|ARM64.ActiveCfg = Debug|ARM64
		{8CCD365F-2973-4257-B0D8-3EF7630AF61D}.Debug|ARM64.Build.0 = Debug|ARM64
		{8CCD365F-2973-4257-B0D8-3EF7630AF61D}.Debug|x64.ActiveCfg = Debug|x64
		{8CCD365F-2973-4257-B0D8-3EF7630AF61D}.Debug|x64.Build.0 = Debug|x64
		{8CCD365F-2973-4257-B0D8-3EF7630AF61D}.Debug|x86.ActiveCfg = Debug|Win32
		{8CCD365F-2973-4257-B0D8-3EF7630AF61D}.Debug|x86.Build.0 = Debug|Win32
		{8CCD365F-2973-4257-B0D8-3EF7630AF61D}.Release|ARM64.ActiveCfg = Release|ARM64
		{8CCD365F-2973-4257-B0D8-3EF7630AF61D}.Release|ARM64.Build.0 = Release|ARM64
		{8CCD365F-2973-4257-B0D8-3EF7630AF61D}.Release|x64.ActiveCfg = Release|x64
		{8CCD365F-2973-4257-B0D8-3EF7630AF61D}.Release|x64.Build.0 = Release|x64
		{8CCD365F-2973-4257-B0D8-3EF7630AF61D}.Release|x86.ActiveCfg = Release|Win32
		{8CCD365F-2973-4257-B0D8-3EF7630AF61D}.Release|x86.Build.0 = Release|Win32
		{0B69F725-CF24-4F54-8A60-EFE3FAADB937}.Debug|ARM64.ActiveCfg = Debug|ARM64
		{0B69F725-CF24-4F54-8A60-EFE3FAADB937}.Debug|ARM64.Build.0 = Debug|ARM64
		{0B69F725-CF24-4F54-8A60-EFE3FAADB937}.Debug|x64.ActiveCfg = Debug|x64
		{0B69F725-CF24-4F54-8A60-EFE3FAADB937}.Debug|x64.Build.0 = Debug|x64
		{0B69F725-CF24-4F54-8A60-EFE3FAADB937}.Debug|x86.ActiveCfg = Debug|Win32
		{0B69F725-CF24-4F54-8A60-EFE3FAADB937}.Debug|x86.Build.0 = Debug|Win32
		{0B69F725-CF24-4F54-8A60-EFE3FAADB937}.Release|ARM64.ActiveCfg = Release|ARM64
		{0B69F725-CF24-4F54-8A60-EFE3FAADB937}.Release|ARM64.Build.0 = Release|ARM64
		{0B69F725-CF24-4F54-8A60-EFE3FAADB937}.Release|x64.ActiveCfg = Release|x64
		{0B69F725-CF24-4F54-8A60-EFE3FAADB937}.Release|x64.Build.0 = Release|x64
		{0B69F725-CF24-4F54-8A60-EFE3FAADB937}.Release|x86.ActiveCfg = Release|Win32
		{0B69F725-CF24-4F54-8A60-EFE3FAADB937}.Release|x86.Build.0 = Release|Win32
		{058F7986-71AC-417E-A29C-ACFB331DEB6D}.Debug|ARM64.ActiveCfg = Debug|ARM64
		{058F7986-71AC-417E-A29C-ACFB331DEB6D}.Debug|ARM64.Build.0 = Debug|ARM64
		{058F7986-71AC-417E-A29C-ACFB331DEB6D}.Debug|x64.ActiveCfg = Debug|x64
		{058F7986-71AC-417E-A29C-ACFB331DEB6D}.Debug|x64.Build.0 = Debug|x64
		{058F7986-71AC-417E-A29C-ACFB331DEB6D}.Debug|x86.ActiveCfg = Debug|Win32
		{058F7986-71AC-417E-A29C-ACFB331DEB6D}.Debug|x86.Build.0 = Debug|Win32
		{058F7986-71AC-417E-A29C-ACFB331DEB6D}.Release|ARM64.ActiveCfg = Release|ARM64
		{058F7986-71AC-417E-A29C-ACFB331DEB6D}.Release|ARM64.Build.0 = Release|ARM64
		{058F7986-71AC-417E-A29C-ACFB331DEB6D}.Release|x64.ActiveCfg = Release|x64
		{058F7986-71AC-417E-A29C-ACFB331DEB6D}.Release|x64.Build.0 = Release|x64
		{058F7986-71AC-417E-A29C-ACFB331DEB6D}.Release|x86.ActiveCfg = Release|Win32
		{058F7986-71AC-417E-A29C-ACFB331DEB6D}.Release|x86.Build.0 = Release|Win32
		{194C9033-39FE-4799-B35A-907A0448C106}.Debug|ARM64.ActiveCfg = Debug|ARM64
		{194C9033-39FE-4799-B35A-907A0448C106}.Debug|ARM64.Build.0 = Debug|ARM64
		{194C9033-39FE-4799-B35A-907A0448C106}.Debug|x64.ActiveCfg = Debug|x64
		{194C9033-39FE-4799-B35A-907A0448C106}.Debug|x64.Build.0 = Debug|x64
		{194C9033-39FE-4799-B35A-907A0448C106}.Debug|x86.ActiveCfg = Debug|Win32
		{194C9033-39FE-4799-B35A-907A0448C106}.Debug|x86.Build.0 = Debug|Win32
		{194C9033-39FE-4799-B35A-907A0448C106}.Release|ARM64.ActiveCfg = Release|ARM64
		{194C9033-39FE-4799-B35A-907A0448C106}.Release|ARM64.Build.0 = Release|ARM64
		{194C9033-39FE-4799-B35A-907A0448C106}.Release|x64.ActiveCfg = Release|x64
		{194C9033-39FE-4799-B35A-907A0448C106}.Release|x64.Build.0 = Release|x64
		{194C9033-39FE-4799-B35A-907A0448C106}.Release|x86.ActiveCfg = Release|Win32
		{194C9033-39FE-4799-B35A-907A0448C106}.Release|x86.Build.0 = Release|Win32
		{904E1F56-490A-4338-A5E9-295FA6C7A53D}.Debug|ARM64.ActiveCfg = Debug|ARM64
		{904E1F56-490A-4338-A5E9-295FA6C7A53D}.Debug|ARM64.Build.0 = Debug|ARM64
		{904E1F56-490A-4338-A5E9-295FA6C7A53D}.Debug|x64.ActiveCfg = Debug|x64
		{904E1F56-490A-4338-A5E9-295FA6C7A53D}.Debug|x64.Build.0 = Debug|x64
		{904E1F56-490A-4338-A5E9-295FA6C7A53D}.Debug|x86.ActiveCfg = Debug|Win32
		{904E1F56-490A-4338-A5E9-295FA6C7A53D}.Debug|x86.Build.0 = Debug|Win32
		{904E1F56-490A-4338-A5E9-295FA6C7A53D}.Release|ARM64.ActiveCfg = Release|ARM64
		{904E1F56-490A-4338-A5E9-295FA6C7A53D}.Release|ARM64.Build.0 = Release|ARM64
		{904E1F56-490A-4338-A5E9-295FA6C7A53D}.Release|x64.ActiveCfg = Release|x64
		{904E1F56-490A-4338-A5E9-295FA6C7A53D}.Release|x64.Build.0 = Release|x64
		{904E1F56-490A-4338-A5E9-295FA6C7A53D}.Release|x86.ActiveCfg = Release|Win32
		{904E1F56-490A-4338-A5E9-295FA6C7A53D}.Release|x86.Build.0 = Release|Win32
		{A30D3531-B32C-4422-932C-DB3D78EB741C}.Debug|ARM64.ActiveCfg = Debug|ARM64
		{A30D3531-B32C-4422-932C-DB3D78EB741C}.Debug|ARM64.Build.0 = Debug|ARM64
		{A30D3531-B32C-4422-932C-DB3D78EB741C}.Debug|x64.ActiveCfg = Debug|x64
		{A30D3531-B32C-4422-932C-DB3D78EB741C}.Debug|x64.Build.0 = Debug|x64
		{A30D3531-B32C-4422-932C-DB3D78EB741C}.Debug|x86.ActiveCfg = Debug|Win32
		{A30D3531-B32C-4422-932C-DB3D78EB741C}.Debug|x86.Build.0 = Debug|Win32
		{A30D3531-B32C-4422-932C-DB3D78EB741C}.Release|ARM64.ActiveCfg = Release|ARM64
		{A30D3531-B32C-4422-932C-DB3D78EB741C}.Release|ARM64.Build.0 = Release|ARM64
		{A30D3531-B32C-4422-932C-DB3D78EB741C}.Release|x64.ActiveCfg = Release|x64
		{A30D3531-B32C-4422-932C-DB3D78EB741C}.Release|x64.Build.0 = Release|x64
		{A30D3531-B32C-4422-932C-DB3D78EB741C}.Release|x86.ActiveCfg = Release|Win32
		{A30D3531-B32C-4422-932C-DB3D78EB741C}.Release|x86.Build.0 = Release|Win32
		{081C664F-D6FA-4F47-A490-ECB4BA3A5D7C}.Debug|ARM64.ActiveCfg = Debug|ARM64
		{081C664F-D6FA-4F47-A490-ECB4BA3A5D7C}.Debug|ARM64.Build.0 = Debug|ARM64
		{081C664F-D6FA-4F47-A490-ECB4BA3A5D7C}.Debug|x64.ActiveCfg = Debug|x64
		{081C664F-D6FA-4F47-A490-ECB4BA3A5D7C}.Debug|x64.Build.0 = Debug|x64
		{081C664F-D6FA-4F47-A490-ECB4BA3A5D7C}.Debug|x86.ActiveCfg = Debug|Win32
		{081C664F-D6FA-4F47-A490-ECB4BA3A5D7C}.Debug|x86.Build.0 = Debug|Win32
		{081C664F-D6FA-4F47-A490-ECB4BA3A5D7C}.Release|ARM64.ActiveCfg = Release|ARM64
		{081C664F-D6FA-4F47-A490-ECB4BA3A5D7C}.Release|ARM64.Build.0 = Release|ARM64
		{081C664F-D6FA-4F47-A490-ECB4BA3A5D7C}.Release|x64.ActiveCfg = Release|x64
		{081C664F-D6FA-4F47-A490-ECB4BA3A5D7C}.Release|x64.Build.0 = Release|x64
		{081C664F-D6FA-4F47-A490-ECB4BA3A5D7C}.Release|x86.ActiveCfg = Release|Win32
		{081C664F-D6FA-4F47-A490-ECB4BA3A5D7C}.Release|x86.Build.0 = Release|Win32
		{101E030E-93F6-4FFB-B146-C11B82485732}.Debug|ARM64.ActiveCfg = Debug|ARM64
		{101E030E-93F6-4FFB-B146-C11B82485732}.Debug|ARM64.Build.0 = Debug|ARM64
		{101E030E-93F6-4FFB-B146-C11B82485732}.Debug|x64.ActiveCfg = Debug|x64
		{101E030E-93F6-4FFB-B146-C11B82485732}.Debug|x64.Build.0 = Debug|x64
		{101E030E-93F6-4FFB-B146-C11B82485732}.Debug|x86.ActiveCfg = Debug|Win32
		{101E030E-93F6-4FFB-B146-C11B82485732}.Debug|x86.Build.0 = Debug|Win32
		{101E030E-93F6-4FFB-B146-C11B82485732}.Release|ARM64.ActiveCfg = Release|ARM64
		{101E030E-93F6-4FFB-B146-C11B82485732}.Release|ARM64.Build.0 = Release|ARM64
		{101E030E-93F6-4FFB-B146-C11B82485732}.Release|x64.ActiveCfg = Release|x64
		{101E030E-93F6-4FFB-B146-C11B82485732}.Release|x64.Build.0 = Release|x64
		{101E030E-93F6-4FFB-B146-C11B82485732}.Release|x86.ActiveCfg = Release|Win32
		{101E030E-93F6-4FFB-B146-C11B82485732}.Release|x86.Build.0 = Release|Win32
		{206D0116-4E40-43E3-AA2E-9BEE86E2330A}.Debug|ARM64.ActiveCfg = Debug|ARM64
		{206D0116-4E40-43E3-AA2E-9BEE86E2330A}.Debug|ARM64.Build.0 = Debug|ARM64
		{206D0116-4E40-43E3-AA2E-9BEE86E2330A}.Debug|x64.ActiveCfg = Debug|x64
		{206D0116-4E40-43E3-AA2E-9BEE86E2330A}.Debug|x64.Build.0 = Debug|x64
		{206D0116-4E40-43E3-AA2E-9BEE86E2330A}.Debug|x86.ActiveCfg = Debug|Win32
		{206D0116-4E40-43E3-AA2E-9BEE86E2330A}.Debug|x86.Build.0 = Debug|Win32
		{206D0116-4E40-43E3-AA2E-9BEE86E2330A}.Release|ARM64.ActiveCfg = Release|ARM64
		{206D0116-4E40-43E3-AA2E-9BEE86E2330A}.Release|ARM64.Build.0 = Release|ARM64
		{206D0116-4E40-43E3-AA2E-9BEE86E2330A}.Release|x64.ActiveCfg = Release|x64
		{206D0116-4E40-43E3-AA2E-9BEE86E2330A}.Release|x64.Build.0 = Release|x64
		{206D0116-4E40-43E3-AA2E-9BEE86E2330A}.Release|x86.ActiveCfg = Release|Win32
		{206D0116-4E40-43E3-AA2E-9BEE86E2330A}.Release|x86.Build.0 = Release|Win32
		{2693208E-0505-4628-90C8-5FFA8D08B66C}.Debug|ARM64.ActiveCfg = Debug|ARM64
		{2693208E-0505-4628-90C8-5FFA8D08B66C}.Debug|ARM64.Build.0 = Debug|ARM64
		{2693208E-0505-4628-90C8-5FFA8D08B66C}.Debug|x64.ActiveCfg = Debug|x64
		{2693208E-0505-4628-90C8-5FFA8D08B66C}.Debug|x64.Build.0 = Debug|x64
		{2693208E-0505-4628-90C8-5FFA8D08B66C}.Debug|x86.ActiveCfg = Debug|Win32
		{2693208E-0505-4628-90C8-5FFA8D08B66C}.Debug|x86.Build.0 = Debug|Win32
		{2693208E-0505-4628-90C8-5FFA8D08B66C}.Release|ARM64.ActiveCfg = Release|ARM64
		{2693208E-0505-4628-90C8-5FFA8D08B66C}.Release|ARM64.Build.0 = Release|ARM64
		{2693208E-0505-4628-90C8-5FFA8D08B66C}.Release|x64.ActiveCfg = Release|x64
		{2693208E-0505-4628-90C8-5FFA8D08B66C}.Release|x64.Build.0 = Release|x64
		{2693208E-0505-4628-90C8-5FFA8D08B66C}.Release|x86.ActiveCfg = Release|Win32
		{2693208E-0505-4628-90C8-5FFA8D08B66C}.Release|x86.Build.0 = Release|Win32
		{63EDFB7C-2ECF-438B-8E3C-F37670B1443B}.Debug|ARM64.ActiveCfg = Debug|ARM64
		{63EDFB7C-2ECF-438B-8E3C-F37670B1443B}.Debug|ARM64.Build.0 = Debug|ARM64
		{63EDFB7C-2ECF-438B-8E3C-F37670B1443B}.Debug|x64.ActiveCfg = Debug|x64
		{63EDFB7C-2ECF-438B-8E3C-F37670B1443B}.Debug|x64.Build.0 = Debug|x64
		{63EDFB7C-2ECF-438B-8E3C-F37670B1443B}.Debug|x86.ActiveCfg = Debug|Win32
		{63EDFB7C-2ECF-438B-8E3C-F37670B1443B}.Debug|x86.Build.0 = Debug|Win32
		{63EDFB7C-2ECF-438B-8E3C-F37670B1443B}.Release|ARM64.ActiveCfg = Release|ARM64
		{63EDFB7C-2ECF-438B-8E3C-F37670B1443B}.Release|ARM64.Build.0 = Release|ARM64
		{63EDFB7C-2ECF-438B-8E3C-F37670B1443B}.Release|x64.ActiveCfg = Release|x64
		{63EDFB7C-2ECF-438B-8E3C-F37670B1443B}.Release|x64.Build.0 = Release|x64
		{63EDFB7C-2ECF-438B-8E3C-F37670B1443B}.Release|x86.ActiveCfg = Release|Win32
		{63EDFB7C-2ECF-438B-8E3C-F37670B1443B}.Release|x86.Build.0 = Release|Win32
		{809B5B8E-46E0-4EF3-B1FB-E468D03544BD}.Debug|ARM64.ActiveCfg = Debug|ARM64
		{809B5B8E-46E0-4EF3-B1FB-E468D03544BD}.Debug|ARM64.Build.0 = Debug|ARM64
		{809B5B8E-46E0-4EF3-B1FB-E468D03544BD}.Debug|x64.ActiveCfg = Debug|x64
		{809B5B8E-46E0-4EF3-B1FB-E468D03544BD}.Debug|x64.Build.0 = Debug|x64
		{809B5B8E-46E0-4EF3-B1FB-E468D03544BD}.Debug|x86.ActiveCfg = Debug|Win32
		{809B5B8E-46E0-4EF3-B1FB-E468D03544BD}.Debug|x86.Build.0 = Debug|Win32
		{809B5B8E-46E0-4EF3-B1FB-E468D03544BD}.Release|ARM64.ActiveCfg = Release|ARM64
		{809B5B8E-46E0-4EF3-B1FB-E468D03544BD}.Release|ARM64.Build.0 = Release|ARM64
		{809B5B8E-46E0-4EF3-B1FB-E468D03544BD}.Release|x64.ActiveCfg = Release|x64
		{809B5B8E-46E0-4EF3-B1FB-E468D03544BD}.Release|x64.Build.0 = Release|x64
		{809B5B8E-46E0-4EF3-B1FB-E468D03544BD}.Release|x86.ActiveCfg = Release|Win32
		{809B5B8E-46E0-4EF3-B1FB-E468D03544BD}.Release|x86.Build.0 = Release|Win32
		{6A2AD02E-A634-4D35-A942-F0080AC06FC4}.Debug|ARM64.ActiveCfg = Debug|ARM64
		{6A2AD02E-A634-4D35-A942-F0080AC06FC4}.Debug|ARM64.Build.0 = Debug|ARM64
		{6A2AD02E-A634-4D35-A942-F0080AC06FC4}.Debug|x64.ActiveCfg = Debug|x64
		{6A2AD02E-A634-4D35-A942-F0080AC06FC4}.Debug|x64.Build.0 = Debug|x64
		{6A2AD02E-A634-4D35-A942-F0080AC06FC4}.Debug|x86.ActiveCfg = Debug|Win32
		{6A2AD02E-A634-4D35-A942-F0080AC06FC4}.Debug|x86.Build.0 = Debug|Win32
		{6A2AD02E-A634-4D35-A942-F0080AC06FC4}.Release|ARM64.ActiveCfg = Release|ARM64
		{6A2AD02E-A634-4D35-A942-F0080AC06FC4}.Release|ARM64.Build.0 = Release|ARM64
		{6A2AD02E-A634-4D35-A942-F0080AC06FC4}.Release|x64.ActiveCfg = Release|x64
		{6A2AD02E-A634-4D35-A942-F0080AC06FC4}.Release|x64.Build.0 = Release|x64
		{6A2AD02E-A634-4D35-A942-F0080AC06FC4}.Release|x86.ActiveCfg = Release|Win32
		{6A2AD02E-A634-4D35-A942-F0080AC06FC4}.Release|x86.Build.0 = Release|Win32
		{6FCB249B-2023-4365-B008-61E136524DA2}.Debug|ARM64.ActiveCfg = Debug|ARM64
		{6FCB249B-2023-4365-B008-61E136524DA2}.Debug|ARM64.Build.0 = Debug|ARM64
		{6FCB249B-2023-4365-B008-61E136524DA2}.Debug|x64.ActiveCfg = Debug|x64
		{6FCB249B-2023-4365-B008-61E136524DA2}.Debug|x64.Build.0 = Debug|x64
		{6FCB249B-2023-4365-B008-61E136524DA2}.Debug|x86.ActiveCfg = Debug|Win32
		{6FCB249B-2023-4365-B008-61E136524DA2}.Debug|x86.Build.0 = Debug|Win32
		{6FCB249B-2023-4365-B008-61E136524DA2}.Release|ARM64.ActiveCfg = Release|ARM64
		{6FCB249B-2023-4365-B008-61E136524DA2}.Release|ARM64.Build.0 = Release|ARM64
		{6FCB249B-2023-4365-B008-61E136524DA2}.Release|x64.ActiveCfg = Release|x64
		{6FCB249B-2023-4365-B008-61E136524DA2}.Release|x64.Build.0 = Release|x64
		{6FCB249B-2023-4365-B008-61E136524DA2}.Release|x86.ActiveCfg = Release|Win32
		{6FCB249B-2023-4365-B008-61E136524DA2}.Release|x86.Build.0 = Release|Win32
		{F7CF4EA4-2F17-4AD2-BA6D-AB18DBD7825F}.Debug|ARM64.ActiveCfg = Debug|ARM64
		{F7CF4EA4-2F17-4AD2-BA6D-AB18DBD7825F}.Debug|ARM64.Build.0 = Debug|ARM64
		{F7CF4EA4-2F17-4AD2-BA6D-AB18DBD7825F}.Debug|x64.ActiveCfg = Debug|x64
		{F7CF4EA4-2F17-4AD2-BA6D-AB18DBD7825F}.Debug|x64.Build.0 = Debug|x64
		{F7CF4EA4-2F17-4AD2-BA6D-AB18DBD7825F}.Debug|x86.ActiveCfg = Debug|Win32
		{F7CF4EA4-2F17-4AD2-BA6D-AB18DBD7825F}.Debug|x86.Build.0 = Debug|Win32
		{F7CF4EA4-2F17-4AD2-BA6D-AB18DBD7825F}.Release|ARM64.ActiveCfg = Release|ARM64
		{F7CF4EA4-2F17-4AD2-BA6D-AB18DBD7825F}.Release|ARM64.Build.0 = Release|ARM64
		{F7CF4EA4-2F17-4AD2-BA6D-AB18DBD7825F}.Release|x64.ActiveCfg = Release|x64
		{F7CF4EA4-2F17-4AD2-BA6D-AB18DBD7825F}.Release|x64.Build.0 = Release|x64
		{F7CF4EA4-2F17-4AD2-BA6D-AB18DBD7825F}.Release|x86.ActiveCfg = Release|Win32
		{F7CF4EA4-2F17-4AD2-BA6D-AB18DBD7825F}.Release|x86.Build.0 = Release|Win32
		{9A1601E9-5F8F-4710-AC35-4489E4FEAC06}.Debug|ARM64.ActiveCfg = Debug|ARM64
		{9A1601E9-5F8F-4710-AC35-4489E4FEAC06}.Debug|ARM64.Build.0 = Debug|ARM64
		{9A1601E9-5F8F-4710-AC35-4489E4FEAC06}.Debug|x64.ActiveCfg = Debug|x64
		{9A1601E9-5F8F-4710-AC35-4489E4FEAC06}.Debug|x64.Build.0 = Debug|x64
		{9A1601E9-5F8F-4710-AC35-4489E4FEAC06}.Debug|x86.ActiveCfg = Debug|Win32
		{9A1601E9-5F8F-4710-AC35-4489E4FEAC06}.Debug|x86.Build.0 = Debug|Win32
		{9A1601E9-5F8F-4710-AC35-4489E4FEAC06}.Release|ARM64.ActiveCfg = Release|ARM64
		{9A1601E9-5F8F-4710-AC35-4489E4FEAC06}.Release|ARM64.Build.0 = Release|ARM64
		{9A1601E9-5F8F-4710-AC35-4489E4FEAC06}.Release|x64.ActiveCfg = Release|x64
		{9A1601E9-5F8F-4710-AC35-4489E4FEAC06}.Release|x64.Build.0 = Release|x64
		{9A1601E9-5F8F-4710-AC35-4489E4FEAC06}.Release|x86.ActiveCfg = Release|Win32
		{9A1601E9-5F8F-4710-AC35-4489E4FEAC06}.Release|x86.Build.0 = Release|Win32
		{86557449-91E5-455F-8833-BEE048453D56}.Debug|ARM64.ActiveCfg = Debug|ARM64
		{86557449-91E5-455F-8833-BEE048453D56}.Debug|ARM64.Build.0 = Debug|ARM64
		{86557449-91E5-455F-8833-BEE048453D56}.Debug|x64.ActiveCfg = Debug|x64
		{86557449-91E5-455F-8833-BEE048453D56}.Debug|x64.Build.0 = Debug|x64
		{86557449-91E5-455F-8833-BEE048453D56}.Debug|x86.ActiveCfg = Debug|Win32
		{86557449-91E5-455F-8833-BEE048453D56}.Debug|x86.Build.0 = Debug|Win32
		{86557449-91E5-455F-8833-BEE048453D56}.Release|ARM64.ActiveCfg = Release|ARM64
		{86557449-91E5-455F-8833-BEE048453D56}.Release|ARM64.Build.0 = Release|ARM64
		{86557449-91E5-455F-8833-BEE048453D56}.Release|x64.ActiveCfg = Release|x64
		{86557449-91E5-455F-8833-BEE048453D56}.Release|x64.Build.0 = Release|x64
		{86557449-91E5-455F-8833-BEE048453D56}.Release|x86.ActiveCfg = Release|Win32
		{86557449-91E5-455F-8833-BEE048453D56}.Release|x86.Build.0 = Release|Win32
		{778466C5-B966-4DC3-88F9-6C143ADE62FF}.Debug|ARM64.ActiveCfg = Debug|ARM64
		{778466C5-B966-4DC3-88F9-6C143ADE62FF}.Debug|ARM64.Build.0 = Debug|ARM64
		{778466C5-B966-4DC3-88F9-6C143ADE62FF}.Debug|x64.ActiveCfg = Debug|x64
		{778466C5-B966-4DC3-88F9-6C143ADE62FF}.Debug|x64.Build.0 = Debug|x64
		{778466C5-B966-4DC3-88F9-6C143ADE62FF}.Debug|x86.ActiveCfg = Debug|Win32
		{778466C5-B966-4DC3-88F9-6C143ADE62FF}.Debug|x86.Build.0 = Debug|Win32
		{778466C5-B966-4DC3-88F9-6C143ADE62FF}.Release|ARM64.ActiveCfg = Release|ARM64
		{778466C5-B966-4DC3-88F9-6C143ADE62FF}.Release|ARM64.Build.0 = Release|ARM64
		{778466C5-B966-4DC3-88F9-6C143ADE62FF}.Release|x64.ActiveCfg = Release|x64
		{778466C5-B966-4DC3-88F9-6C143ADE62FF}.Release|x64.Build.0 = Release|x64
		{778466C5-B966-4DC3-88F9-6C143ADE62FF}.Release|x86.ActiveCfg = Release|Win32
		{778466C5-B966-4DC3-88F9-6C143ADE62FF}.Release|x86.Build.0 = Release|Win32
		{C396908B-8885-4E3A-B88F-1AB5D4FCE253}.Debug|ARM64.ActiveCfg = Debug|ARM64
		{C396908B-8885-4E3A-B88F-1AB5D4FCE253}.Debug|ARM64.Build.0 = Debug|ARM64
		{C396908B-8885-4E3A-B88F-1AB5D4FCE253}.Debug|x64.ActiveCfg = Debug|x64
		{C396908B-8885-4E3A-B88F-1AB5D4FCE253}.Debug|x64.Build.0 = Debug|x64
		{C396908B-8885-4E3A-B88F-1AB5D4FCE253}.Debug|x86.ActiveCfg = Debug|Win32
		{C396908B-8885-4E3A-B88F-1AB5D4FCE253}.Debug|x86.Build.0 = Debug|Win32
		{C396908B-8885-4E3A-B88F-1AB5D4FCE253}.Release|ARM64.ActiveCfg = Release|ARM64
		{C396908B-8885-4E3A-B88F-1AB5D4FCE253}.Release|ARM64.Build.0 = Release|ARM64
		{C396908B-8885-4E3A-B88F-1AB5D4FCE253}.Release|x64.ActiveCfg = Release|x64
		{C396908B-8885-4E3A-B88F-1AB5D4FCE253}.Release|x64.Build.0 = Release|x64
		{C396908B-8885-4E3A-B88F-1AB5D4FCE253}.Release|x86.ActiveCfg = Release|Win32
		{C396908B-8885-4E3A-B88F-1AB5D4FCE253}.Release|x86.Build.0 = Release|Win32
		{41593906-B3E2-48DF-8C17-4B5A4FF31EB2}.Debug|ARM64.ActiveCfg = Debug|ARM64
		{41593906-B3E2-48DF-8C17-4B5A4FF31EB2}.Debug|ARM64.Build.0 = Debug|ARM64
		{41593906-B3E2-48DF-8C17-4B5A4FF31EB2}.Debug|x64.ActiveCfg = Debug|x64
		{41593906-B3E2-48DF-8C17-4B5A4FF31EB2}.Debug|x64.Build.0 = Debug|x64
		{41593906-B3E2-48DF-8C17-4B5A4FF31EB2}.Debug|x86.ActiveCfg = Debug|Win32
		{41593906-B3E2-48DF-8C17-4B5A4FF31EB2}.Debug|x86.Build.0 = Debug|Win32
		{41593906-B3E2-48DF-8C17-4B5A4FF31EB2}.Release|ARM64.ActiveCfg = Release|ARM64
		{41593906-B3E2-48DF-8C17-4B5A4FF31EB2}.Release|ARM64.Build.0 = Release|ARM64
		{41593906-B3E2-48DF-8C17-4B5A4FF31EB2}.Release|x64.ActiveCfg = Release|x64
		{41593906-B3E2-48DF-8C17-4B5A4FF31EB2}.Release|x64.Build.0 = Release|x64
		{41593906-B3E2-48DF-8C17-4B5A4FF31EB2}.Release|x86.ActiveCfg = Release|Win32
		{41593906-B3E2-48DF-8C17-4B5A4FF31EB2}.Release|x86.Build.0 = Release|Win32
		{F80BC42C-D42A-45E3-9D61-4101769D3E1B}.Debug|ARM64.ActiveCfg = Debug|ARM64
		{F80BC42C-D42A-45E3-9D61-4101769D3E1B}.Debug|ARM64.Build.0 = Debug|ARM64
		{F80BC42C-D42A-45E3-9D61-4101769D3E1B}.Debug|x64.ActiveCfg = Debug|x64
		{F80BC42C-D42A-45E3-9D61-4101769D3E1B}.Debug|x64.Build.0 = Debug|x64
		{F80BC42C-D42A-45E3-9D61-4101769D3E1B}.Debug|x86.ActiveCfg = Debug|Win32
		{F80BC42C-D42A-45E3-9D61-4101769D3E1B}.Debug|x86.Build.0 = Debug|Win32
		{F80BC42C-D42A-45E3-9D61-4101769D3E1B}.Release|ARM64.ActiveCfg = Release|ARM64
		{F80BC42C-D42A-45E3-9D61-4101769D3E1B}.Release|ARM64.Build.0 = Release|ARM64
		{F80BC42C-D42A-45E3-9D61-4101769D3E1B}.Release|x64.ActiveCfg = Release|x64
		{F80BC42C-D42A-45E3-9D61-4101769D3E1B}.Release|x64.Build.0 = Release|x64
		{F80BC42C-D42A-45E3-9D61-4101769D3E1B}.Release|x86.ActiveCfg = Release|Win32
		{F80BC42C-D42A-45E3-9D61-4101769D3E1B}.Release|x86.Build.0 = Release|Win32
		{ECBCE14D-FBA0-41A0-9396-6B215A7E8A28}.Debug|ARM64.ActiveCfg = Debug|ARM64
		{ECBCE14D-FBA0-41A0-9396-6B215A7E8A28}.Debug|ARM64.Build.0 = Debug|ARM64
		{ECBCE14D-FBA0-41A0-9396-6B215A7E8A28}.Debug|x64.ActiveCfg = Debug|x64
		{ECBCE14D-FBA0-41A0-9396-6B215A7E8A28}.Debug|x64.Build.0 = Debug|x64
		{ECBCE14D-FBA0-41A0-9396-6B215A7E8A28}.Debug|x86.ActiveCfg = Debug|Win32
		{ECBCE14D-FBA0-41A0-9396-6B215A7E8A28}.Debug|x86.Build.0 = Debug|Win32
		{ECBCE14D-FBA0-41A0-9396-6B215A7E8A28}.Release|ARM64.ActiveCfg = Release|ARM64
		{ECBCE14D-FBA0-41A0-9396-6B215A7E8A28}.Release|ARM64.Build.0 = Release|ARM64
		{ECBCE14D-FBA0-41A0-9396-6B215A7E8A28}.Release|x64.ActiveCfg = Release|x64
		{ECBCE14D-FBA0-41A0-9396-6B215A7E8A28}.Release|x64.Build.0 = Release|x64
		{ECBCE14D-FBA0-41A0-9396-6B215A7E8A28}.Release|x86.ActiveCfg = Release|Win32
		{ECBCE14D-FBA0-41A0-9396-6B215A7E8A28}.Release|x86.Build.0 = Release|Win32
		{CD888F07-9DC2-45D1-BC91-C7FD51A4B35A}.Debug|ARM64.ActiveCfg = Debug|ARM64
		{CD888F07-9DC2-45D1-BC91-C7FD51A4B35A}.Debug|ARM64.Build.0 = Debug|ARM64
		{CD888F07-9DC2-45D1-BC91-C7FD51A4B35A}.Debug|x64.ActiveCfg = Debug|x64
		{CD888F07-9DC2-45D1-BC91-C7FD51A4B35A}.Debug|x64.Build.0 = Debug|x64
		{CD888F07-9DC2-45D1-BC91-C7FD51A4B35A}.Debug|x86.ActiveCfg = Debug|Win32
		{CD888F07-9DC2-45D1-BC91-C7FD51A4B35A}.Debug|x86.Build.0 = Debug|Win32
		{CD888F07-9DC2-45D1-BC91-C7FD51A4B35A}.Release|ARM64.ActiveCfg = Release|ARM64
		{CD888F07-9DC2-45D1-BC91-C7FD51A4B35A}.Release|ARM64.Build.0 = Release|ARM64
		{CD888F07-9DC2-45D1-BC91-C7FD51A4B35A}.Release|x64.ActiveCfg = Release|x64
		{CD888F07-9DC2-45D1-BC91-C7FD51A4B35A}.Release|x64.Build.0 = Release|x64
		{CD888F07-9DC2-45D1-BC91-C7FD51A4B35A}.Release|x86.ActiveCfg = Release|Win32
		{CD888F07-9DC2-45D1-BC91-C7FD51A4B35A}.Release|x86.Build.0 = Release|Win32
		{68F80F0F-2C7C-4D74-98F3-064435B86B4A}.Debug|ARM64.ActiveCfg = Debug|ARM64
		{68F80F0F-2C7C-4D74-98F3-064435B86B4A}.Debug|ARM64.Build.0 = Debug|ARM64
		{68F80F0F-2C7C-4D74-98F3-064435B86B4A}.Debug|x64.ActiveCfg = Debug|x64
		{68F80F0F-2C7C-4D74-98F3-064435B86B4A}.Debug|x64.Build.0 = Debug|x64
		{68F80F0F-2C7C-4D74-98F3-064435B86B4A}.Debug|x86.ActiveCfg = Debug|Win32
		{68F80F0F-2C7C-4D74-98F3-064435B86B4A}.Debug|x86.Build.0 = Debug|Win32
		{68F80F0F-2C7C-4D74-98F3-064435B86B4A}.Release|ARM64.ActiveCfg = Release|ARM64
		{68F80F0F-2C7C-4D74-98F3-064435B86B4A}.Release|ARM64.Build.0 = Release|ARM64
		{68F80F0F-2C7C-4D74-98F3-064435B86B4A}.Release|x64.ActiveCfg = Release|x64
		{68F80F0F-2C7C-4D74-98F3-064435B86B4A}.Release|x64.Build.0 = Release|x64
		{68F80F0F-2C7C-4D74-98F3-064435B86B4A}.Release|x86.ActiveCfg = Release|Win32
		{68F80F0F-2C7C-4D74-98F3-064435B86B4A}.Release|x86.Build.0 = Release|Win32
		{743C5227-CBC2-47A5-941C-C9FB0126B033}.Debug|ARM64.ActiveCfg = Debug|ARM64
		{743C5227-CBC2-47A5-941C-C9FB0126B033}.Debug|ARM64.Build.0 = Debug|ARM64
		{743C5227-CBC2-47A5-941C-C9FB0126B033}.Debug|x64.ActiveCfg = Debug|x64
		{743C5227-CBC2-47A5-941C-C9FB0126B033}.Debug|x64.Build.0 = Debug|x64
		{743C5227-CBC2-47A5-941C-C9FB0126B033}.Debug|x86.ActiveCfg = Debug|Win32
		{743C5227-CBC2-47A5-941C-C9FB0126B033}.Debug|x86.Build.0 = Debug|Win32
		{743C5227-CBC2-47A5-941C-C9FB0126B033}.Release|ARM64.ActiveCfg = Release|ARM64
		{743C5227-CBC2-47A5-941C-C9FB0126B033}.Release|ARM64.Build.0 = Release|ARM64
		{743C5227-CBC2-47A5-941C-C9FB0126B033}.Release|x64.ActiveCfg = Release|x64
		{743C5227-CBC2-47A5-941C-C9FB0126B033}.Release|x64.Build.0 = Release|x64
		{743C5227-CBC2-47A5-941C-C9FB0126B033}.Release|x86.ActiveCfg = Release|Win32
		{743C5227-CBC2-47A5-941C-C9FB0126B033}.Release|x86.Build.0 = Release|Win32
		{E0D379F3-23F2-495C-BAE0-A3C926B08C5B}.Debug|ARM64.ActiveCfg = Debug|ARM64
		{E0D379F3-23F2-495C-BAE0-A3C926B08C5B}.Debug|ARM64.Build.0 = Debug|ARM64
		{E0D379F3-23F2-495C-BAE0-A3C926B08C5B}.Debug|x64.ActiveCfg = Debug|x64
		{E0D379F3-23F2-495C-BAE0-A3C926B08C5B}.Debug|x64.Build.0 = Debug|x64
		{E0D379F3-23F2-495C-BAE0-A3C926B08C5B}.Debug|x86.ActiveCfg = Debug|Win32
		{E0D379F3-23F2-495C-BAE0-A3C926B08C5B}.Debug|x86.Build.0 = Debug|Win32
		{E0D379F3-23F2-495C-BAE0-A3C926B08C5B}.Release|ARM64.ActiveCfg = Release|ARM64
		{E0D379F3-23F2-495C-BAE0-A3C926B08C5B}.Release|ARM64.Build.0 = Release|ARM64
		{E0D379F3-23F2-495C-BAE0-A3C926B08C5B}.Release|x64.ActiveCfg = Release|x64
		{E0D379F3-23F2-495C-BAE0-A3C926B08C5B}.Release|x64.Build.0 = Release|x64
		{E0D379F3-23F2-495C-BAE0-A3C926B08C5B}.Release|x86.ActiveCfg = Release|Win32
		{E0D379F3-23F2-495C-BAE0-A3C926B08C5B}.Release|x86.Build.0 = Release|Win32
		{3C5D5D92-AD59-4612-B148-2AC3BCC55426}.Debug|ARM64.ActiveCfg = Debug|ARM64
		{3C5D5D92-AD59-4612-B148-2AC3BCC55426}.Debug|ARM64.Build.0 = Debug|ARM64
		{3C5D5D92-AD59-4612-B148-2AC3BCC55426}.Debug|x64.ActiveCfg = Debug|x64
		{3C5D5D92-AD59-4612-B148-2AC3BCC55426}.Debug|x64.Build.0 = Debug|x64
		{3C5D5D92-AD59-4612-B148-2AC3BCC55426}.Debug|x86.ActiveCfg = Debug|Win32
		{3C5D5D92-AD59-4612-B148-2AC3BCC55426}.Debug|x86.Build.0 = Debug|Win32
		{3C5D5D92-AD59-4612-B148-2AC3BCC55426}.Release|ARM64.ActiveCfg = Release|ARM64
		{3C5D5D92-AD59-4612-B148-2AC3BCC55426}.Release|ARM64.Build.0 = Release|ARM64
		{3C5D5D92-AD59-4612-B148-2AC3BCC55426}.Release|x64.ActiveCfg = Release|x64
		{3C5D5D92-AD59-4612-B148-2AC3BCC55426}.Release|x64.Build.0 = Release|x64
		{3C5D5D92-AD59-4612-B148-2AC3BCC55426}.Release|x86.ActiveCfg = Release|Win32
		{3C5D5D92-AD59-4612-B148-2AC3BCC55426}.Release|x86.Build.0 = Release|Win32
	EndGlobalSection
	GlobalSection(SolutionProperties) = preSolution
		HideSolutionNode = FALSE
	EndGlobalSection
	GlobalSection(ExtensibilityGlobals) = postSolution
		SolutionGuid = {4449484A-2946-4198-BA82-BF947249090A}
	EndGlobalSection
EndGlobal
