
Microsoft Visual Studio Solution File, Format Version 12.00
# Visual Studio Version 17
VisualStudioVersion = 17.14.36429.23 d17.14
MinimumVisualStudioVersion = 10.0.40219.1
Project("{8BC9CEB8-8B4A-11D0-8D11-00A0C91BC942}") = "4-b5", "4-b5\4-b5.vcxproj", "{46819E20-F4CD-492C-BFE7-17EBF8141A68}"
EndProject
Project("{8BC9CEB8-8B4A-11D0-8D11-00A0C91BC942}") = "4-b6", "4-b6\4-b6.vcxproj", "{D967F91B-AE49-4E9C-B5F6-18832620F590}"
EndProject
Project("{8BC9CEB8-8B4A-11D0-8D11-00A0C91BC942}") = "4-b7", "4-b7\4-b7.vcxproj", "{5981CECB-3674-485C-842A-AEC4B889BFF6}"
EndProject
Project("{8BC9CEB8-8B4A-11D0-8D11-00A0C91BC942}") = "4-b8", "4-b8\4-b8.vcxproj", "{0A6A3C49-E42F-44B2-B4AD-2AB33FE8F4C0}"
EndProject
Project("{8BC9CEB8-8B4A-11D0-8D11-00A0C91BC942}") = "4-b9", "4-b9\4-b9.vcxproj", "{A49CCFC8-EDC2-4C96-9CEF-D71606C4C3BD}"
EndProject
Project("{8BC9CEB8-8B4A-11D0-8D11-00A0C91BC942}") = "4-b10", "4-b10\4-b10.vcxproj", "{C2095B9F-086D-4EBA-BFE2-46C11E4F3467}"
EndProject
Project("{8BC9CEB8-8B4A-11D0-8D11-00A0C91BC942}") = "4-b11", "4-b11\4-b11.vcxproj", "{9331AAD1-D84C-4446-B74F-6E942FF647E3}"
EndProject
Project("{8BC9CEB8-8B4A-11D0-8D11-00A0C91BC942}") = "4-b12", "4-b12\4-b12.vcxproj", "{94C40ECC-12B0-495E-BDA9-087FB2DB6BAE}"
EndProject
Global
	GlobalSection(SolutionConfigurationPlatforms) = preSolution
		Debug|ARM64 = Debug|ARM64
		Debug|x64 = Debug|x64
		Debug|x86 = Debug|x86
		Release|ARM64 = Release|ARM64
		Release|x64 = Release|x64
		Release|x86 = Release|x86
	EndGlobalSection
	GlobalSection(ProjectConfigurationPlatforms) = postSolution
		{46819E20-F4CD-492C-BFE7-17EBF8141A68}.Debug|ARM64.ActiveCfg = Debug|ARM64
		{46819E20-F4CD-492C-BFE7-17EBF8141A68}.Debug|ARM64.Build.0 = Debug|ARM64
		{46819E20-F4CD-492C-BFE7-17EBF8141A68}.Debug|x64.ActiveCfg = Debug|x64
		{46819E20-F4CD-492C-BFE7-17EBF8141A68}.Debug|x64.Build.0 = Debug|x64
		{46819E20-F4CD-492C-BFE7-17EBF8141A68}.Debug|x86.ActiveCfg = Debug|Win32
		{46819E20-F4CD-492C-BFE7-17EBF8141A68}.Debug|x86.Build.0 = Debug|Win32
		{46819E20-F4CD-492C-BFE7-17EBF8141A68}.Release|ARM64.ActiveCfg = Release|ARM64
		{46819E20-F4CD-492C-BFE7-17EBF8141A68}.Release|ARM64.Build.0 = Release|ARM64
		{46819E20-F4CD-492C-BFE7-17EBF8141A68}.Release|x64.ActiveCfg = Release|x64
		{46819E20-F4CD-492C-BFE7-17EBF8141A68}.Release|x64.Build.0 = Release|x64
		{46819E20-F4CD-492C-BFE7-17EBF8141A68}.Release|x86.ActiveCfg = Release|Win32
		{46819E20-F4CD-492C-BFE7-17EBF8141A68}.Release|x86.Build.0 = Release|Win32
		{D967F91B-AE49-4E9C-B5F6-18832620F590}.Debug|ARM64.ActiveCfg = Debug|ARM64
		{D967F91B-AE49-4E9C-B5F6-18832620F590}.Debug|ARM64.Build.0 = Debug|ARM64
		{D967F91B-AE49-4E9C-B5F6-18832620F590}.Debug|x64.ActiveCfg = Debug|x64
		{D967F91B-AE49-4E9C-B5F6-18832620F590}.Debug|x64.Build.0 = Debug|x64
		{D967F91B-AE49-4E9C-B5F6-18832620F590}.Debug|x86.ActiveCfg = Debug|Win32
		{D967F91B-AE49-4E9C-B5F6-18832620F590}.Debug|x86.Build.0 = Debug|Win32
		{D967F91B-AE49-4E9C-B5F6-18832620F590}.Release|ARM64.ActiveCfg = Release|ARM64
		{D967F91B-AE49-4E9C-B5F6-18832620F590}.Release|ARM64.Build.0 = Release|ARM64
		{D967F91B-AE49-4E9C-B5F6-18832620F590}.Release|x64.ActiveCfg = Release|x64
		{D967F91B-AE49-4E9C-B5F6-18832620F590}.Release|x64.Build.0 = Release|x64
		{D967F91B-AE49-4E9C-B5F6-18832620F590}.Release|x86.ActiveCfg = Release|Win32
		{D967F91B-AE49-4E9C-B5F6-18832620F590}.Release|x86.Build.0 = Release|Win32
		{5981CECB-3674-485C-842A-AEC4B889BFF6}.Debug|ARM64.ActiveCfg = Debug|ARM64
		{5981CECB-3674-485C-842A-AEC4B889BFF6}.Debug|ARM64.Build.0 = Debug|ARM64
		{5981CECB-3674-485C-842A-AEC4B889BFF6}.Debug|x64.ActiveCfg = Debug|x64
		{5981CECB-3674-485C-842A-AEC4B889BFF6}.Debug|x64.Build.0 = Debug|x64
		{5981CECB-3674-485C-842A-AEC4B889BFF6}.Debug|x86.ActiveCfg = Debug|Win32
		{5981CECB-3674-485C-842A-AEC4B889BFF6}.Debug|x86.Build.0 = Debug|Win32
		{5981CECB-3674-485C-842A-AEC4B889BFF6}.Release|ARM64.ActiveCfg = Release|ARM64
		{5981CECB-3674-485C-842A-AEC4B889BFF6}.Release|ARM64.Build.0 = Release|ARM64
		{5981CECB-3674-485C-842A-AEC4B889BFF6}.Release|x64.ActiveCfg = Release|x64
		{5981CECB-3674-485C-842A-AEC4B889BFF6}.Release|x64.Build.0 = Release|x64
		{5981CECB-3674-485C-842A-AEC4B889BFF6}.Release|x86.ActiveCfg = Release|Win32
		{5981CECB-3674-485C-842A-AEC4B889BFF6}.Release|x86.Build.0 = Release|Win32
		{0A6A3C49-E42F-44B2-B4AD-2AB33FE8F4C0}.Debug|ARM64.ActiveCfg = Debug|ARM64
		{0A6A3C49-E42F-44B2-B4AD-2AB33FE8F4C0}.Debug|ARM64.Build.0 = Debug|ARM64
		{0A6A3C49-E42F-44B2-B4AD-2AB33FE8F4C0}.Debug|x64.ActiveCfg = Debug|x64
		{0A6A3C49-E42F-44B2-B4AD-2AB33FE8F4C0}.Debug|x64.Build.0 = Debug|x64
		{0A6A3C49-E42F-44B2-B4AD-2AB33FE8F4C0}.Debug|x86.ActiveCfg = Debug|Win32
		{0A6A3C49-E42F-44B2-B4AD-2AB33FE8F4C0}.Debug|x86.Build.0 = Debug|Win32
		{0A6A3C49-E42F-44B2-B4AD-2AB33FE8F4C0}.Release|ARM64.ActiveCfg = Release|ARM64
		{0A6A3C49-E42F-44B2-B4AD-2AB33FE8F4C0}.Release|ARM64.Build.0 = Release|ARM64
		{0A6A3C49-E42F-44B2-B4AD-2AB33FE8F4C0}.Release|x64.ActiveCfg = Release|x64
		{0A6A3C49-E42F-44B2-B4AD-2AB33FE8F4C0}.Release|x64.Build.0 = Release|x64
		{0A6A3C49-E42F-44B2-B4AD-2AB33FE8F4C0}.Release|x86.ActiveCfg = Release|Win32
		{0A6A3C49-E42F-44B2-B4AD-2AB33FE8F4C0}.Release|x86.Build.0 = Release|Win32
		{A49CCFC8-EDC2-4C96-9CEF-D71606C4C3BD}.Debug|ARM64.ActiveCfg = Debug|ARM64
		{A49CCFC8-EDC2-4C96-9CEF-D71606C4C3BD}.Debug|ARM64.Build.0 = Debug|ARM64
		{A49CCFC8-EDC2-4C96-9CEF-D71606C4C3BD}.Debug|x64.ActiveCfg = Debug|x64
		{A49CCFC8-EDC2-4C96-9CEF-D71606C4C3BD}.Debug|x64.Build.0 = Debug|x64
		{A49CCFC8-EDC2-4C96-9CEF-D71606C4C3BD}.Debug|x86.ActiveCfg = Debug|Win32
		{A49CCFC8-EDC2-4C96-9CEF-D71606C4C3BD}.Debug|x86.Build.0 = Debug|Win32
		{A49CCFC8-EDC2-4C96-9CEF-D71606C4C3BD}.Release|ARM64.ActiveCfg = Release|ARM64
		{A49CCFC8-EDC2-4C96-9CEF-D71606C4C3BD}.Release|ARM64.Build.0 = Release|ARM64
		{A49CCFC8-EDC2-4C96-9CEF-D71606C4C3BD}.Release|x64.ActiveCfg = Release|x64
		{A49CCFC8-EDC2-4C96-9CEF-D71606C4C3BD}.Release|x64.Build.0 = Release|x64
		{A49CCFC8-EDC2-4C96-9CEF-D71606C4C3BD}.Release|x86.ActiveCfg = Release|Win32
		{A49CCFC8-EDC2-4C96-9CEF-D71606C4C3BD}.Release|x86.Build.0 = Release|Win32
		{C2095B9F-086D-4EBA-BFE2-46C11E4F3467}.Debug|ARM64.ActiveCfg = Debug|ARM64
		{C2095B9F-086D-4EBA-BFE2-46C11E4F3467}.Debug|ARM64.Build.0 = Debug|ARM64
		{C2095B9F-086D-4EBA-BFE2-46C11E4F3467}.Debug|x64.ActiveCfg = Debug|x64
		{C2095B9F-086D-4EBA-BFE2-46C11E4F3467}.Debug|x64.Build.0 = Debug|x64
		{C2095B9F-086D-4EBA-BFE2-46C11E4F3467}.Debug|x86.ActiveCfg = Debug|Win32
		{C2095B9F-086D-4EBA-BFE2-46C11E4F3467}.Debug|x86.Build.0 = Debug|Win32
		{C2095B9F-086D-4EBA-BFE2-46C11E4F3467}.Release|ARM64.ActiveCfg = Release|ARM64
		{C2095B9F-086D-4EBA-BFE2-46C11E4F3467}.Release|ARM64.Build.0 = Release|ARM64
		{C2095B9F-086D-4EBA-BFE2-46C11E4F3467}.Release|x64.ActiveCfg = Release|x64
		{C2095B9F-086D-4EBA-BFE2-46C11E4F3467}.Release|x64.Build.0 = Release|x64
		{C2095B9F-086D-4EBA-BFE2-46C11E4F3467}.Release|x86.ActiveCfg = Release|Win32
		{C2095B9F-086D-4EBA-BFE2-46C11E4F3467}.Release|x86.Build.0 = Release|Win32
		{9331AAD1-D84C-4446-B74F-6E942FF647E3}.Debug|ARM64.ActiveCfg = Debug|ARM64
		{9331AAD1-D84C-4446-B74F-6E942FF647E3}.Debug|ARM64.Build.0 = Debug|ARM64
		{9331AAD1-D84C-4446-B74F-6E942FF647E3}.Debug|x64.ActiveCfg = Debug|x64
		{9331AAD1-D84C-4446-B74F-6E942FF647E3}.Debug|x64.Build.0 = Debug|x64
		{9331AAD1-D84C-4446-B74F-6E942FF647E3}.Debug|x86.ActiveCfg = Debug|Win32
		{9331AAD1-D84C-4446-B74F-6E942FF647E3}.Debug|x86.Build.0 = Debug|Win32
		{9331AAD1-D84C-4446-B74F-6E942FF647E3}.Release|ARM64.ActiveCfg = Release|ARM64
		{9331AAD1-D84C-4446-B74F-6E942FF647E3}.Release|ARM64.Build.0 = Release|ARM64
		{9331AAD1-D84C-4446-B74F-6E942FF647E3}.Release|x64.ActiveCfg = Release|x64
		{9331AAD1-D84C-4446-B74F-6E942FF647E3}.Release|x64.Build.0 = Release|x64
		{9331AAD1-D84C-4446-B74F-6E942FF647E3}.Release|x86.ActiveCfg = Release|Win32
		{9331AAD1-D84C-4446-B74F-6E942FF647E3}.Release|x86.Build.0 = Release|Win32
		{94C40ECC-12B0-495E-BDA9-087FB2DB6BAE}.Debug|ARM64.ActiveCfg = Debug|ARM64
		{94C40ECC-12B0-495E-BDA9-087FB2DB6BAE}.Debug|ARM64.Build.0 = Debug|ARM64
		{94C40ECC-12B0-495E-BDA9-087FB2DB6BAE}.Debug|x64.ActiveCfg = Debug|x64
		{94C40ECC-12B0-495E-BDA9-087FB2DB6BAE}.Debug|x64.Build.0 = Debug|x64
		{94C40ECC-12B0-495E-BDA9-087FB2DB6BAE}.Debug|x86.ActiveCfg = Debug|Win32
		{94C40ECC-12B0-495E-BDA9-087FB2DB6BAE}.Debug|x86.Build.0 = Debug|Win32
		{94C40ECC-12B0-495E-BDA9-087FB2DB6BAE}.Release|ARM64.ActiveCfg = Release|ARM64
		{94C40ECC-12B0-495E-BDA9-087FB2DB6BAE}.Release|ARM64.Build.0 = Release|ARM64
		{94C40ECC-12B0-495E-BDA9-087FB2DB6BAE}.Release|x64.ActiveCfg = Release|x64
		{94C40ECC-12B0-495E-BDA9-087FB2DB6BAE}.Release|x64.Build.0 = Release|x64
		{94C40ECC-12B0-495E-BDA9-087FB2DB6BAE}.Release|x86.ActiveCfg = Release|Win32
		{94C40ECC-12B0-495E-BDA9-087FB2DB6BAE}.Release|x86.Build.0 = Release|Win32
	EndGlobalSection
	GlobalSection(SolutionProperties) = preSolution
		HideSolutionNode = FALSE
	EndGlobalSection
	GlobalSection(ExtensibilityGlobals) = postSolution
		SolutionGuid = {1BED7923-FDB4-4AB5-845D-60C73B7A2EE3}
	EndGlobalSection
EndGlobal
