
Microsoft Visual Studio Solution File, Format Version 12.00
# Visual Studio Version 17
VisualStudioVersion = 17.14.36429.23 d17.14
MinimumVisualStudioVersion = 10.0.40219.1
Project("{8BC9CEB8-8B4A-11D0-8D11-00A0C91BC942}") = "11", "11\11.vcxproj", "{3E857941-F559-455E-A9B6-57F65222EA7F}"
EndProject
Project("{8BC9CEB8-8B4A-11D0-8D11-00A0C91BC942}") = "06", "6\6.vcxproj", "{90E332E9-6EF4-45D3-A538-F95EC2E545CE}"
EndProject
Project("{8BC9CEB8-8B4A-11D0-8D11-00A0C91BC942}") = "07", "7\7.vcxproj", "{C9CF1018-680A-4D1B-8771-DBCF845DAFEE}"
EndProject
Project("{8BC9CEB8-8B4A-11D0-8D11-00A0C91BC942}") = "08-1", "8\8.vcxproj", "{CB1A1E25-6E68-4C4D-ABB4-F19C53D68561}"
EndProject
Project("{8BC9CEB8-8B4A-11D0-8D11-00A0C91BC942}") = "09", "09\09.vcxproj", "{92D8C10D-9596-4CE0-BFE6-8BD86D4396CD}"
EndProject
Project("{8BC9CEB8-8B4A-11D0-8D11-00A0C91BC942}") = "05", "05\05.vcxproj", "{0E217467-91CC-4FB5-A7F2-CE611CFCE0E8}"
EndProject
Project("{8BC9CEB8-8B4A-11D0-8D11-00A0C91BC942}") = "08-2", "08-2\08-2.vcxproj", "{40E223C8-EF99-4CDD-B3B5-9D231FC36430}"
EndProject
Project("{8BC9CEB8-8B4A-11D0-8D11-00A0C91BC942}") = "10", "10\10.vcxproj", "{5B89788E-0161-4E2B-8E8C-1F8F7F983AF7}"
EndProject
Global
	GlobalSection(SolutionConfigurationPlatforms) = preSolution
		Debug|ARM64 = Debug|ARM64
		Debug|x64 = Debug|x64
		Debug|x86 = Debug|x86
		Release|ARM64 = Release|ARM64
		Release|x64 = Release|x64
		Release|x86 = Release|x86
	EndGlobalSection
	GlobalSection(ProjectConfigurationPlatforms) = postSolution
		{3E857941-F559-455E-A9B6-57F65222EA7F}.Debug|ARM64.ActiveCfg = Debug|ARM64
		{3E857941-F559-455E-A9B6-57F65222EA7F}.Debug|ARM64.Build.0 = Debug|ARM64
		{3E857941-F559-455E-A9B6-57F65222EA7F}.Debug|x64.ActiveCfg = Debug|x64
		{3E857941-F559-455E-A9B6-57F65222EA7F}.Debug|x64.Build.0 = Debug|x64
		{3E857941-F559-455E-A9B6-57F65222EA7F}.Debug|x86.ActiveCfg = Debug|Win32
		{3E857941-F559-455E-A9B6-57F65222EA7F}.Debug|x86.Build.0 = Debug|Win32
		{3E857941-F559-455E-A9B6-57F65222EA7F}.Release|ARM64.ActiveCfg = Release|ARM64
		{3E857941-F559-455E-A9B6-57F65222EA7F}.Release|ARM64.Build.0 = Release|ARM64
		{3E857941-F559-455E-A9B6-57F65222EA7F}.Release|x64.ActiveCfg = Release|x64
		{3E857941-F559-455E-A9B6-57F65222EA7F}.Release|x64.Build.0 = Release|x64
		{3E857941-F559-455E-A9B6-57F65222EA7F}.Release|x86.ActiveCfg = Release|Win32
		{3E857941-F559-455E-A9B6-57F65222EA7F}.Release|x86.Build.0 = Release|Win32
		{90E332E9-6EF4-45D3-A538-F95EC2E545CE}.Debug|ARM64.ActiveCfg = Debug|ARM64
		{90E332E9-6EF4-45D3-A538-F95EC2E545CE}.Debug|ARM64.Build.0 = Debug|ARM64
		{90E332E9-6EF4-45D3-A538-F95EC2E545CE}.Debug|x64.ActiveCfg = Debug|x64
		{90E332E9-6EF4-45D3-A538-F95EC2E545CE}.Debug|x64.Build.0 = Debug|x64
		{90E332E9-6EF4-45D3-A538-F95EC2E545CE}.Debug|x86.ActiveCfg = Debug|Win32
		{90E332E9-6EF4-45D3-A538-F95EC2E545CE}.Debug|x86.Build.0 = Debug|Win32
		{90E332E9-6EF4-45D3-A538-F95EC2E545CE}.Release|ARM64.ActiveCfg = Release|ARM64
		{90E332E9-6EF4-45D3-A538-F95EC2E545CE}.Release|ARM64.Build.0 = Release|ARM64
		{90E332E9-6EF4-45D3-A538-F95EC2E545CE}.Release|x64.ActiveCfg = Release|x64
		{90E332E9-6EF4-45D3-A538-F95EC2E545CE}.Release|x64.Build.0 = Release|x64
		{90E332E9-6EF4-45D3-A538-F95EC2E545CE}.Release|x86.ActiveCfg = Release|Win32
		{90E332E9-6EF4-45D3-A538-F95EC2E545CE}.Release|x86.Build.0 = Release|Win32
		{C9CF1018-680A-4D1B-8771-DBCF845DAFEE}.Debug|ARM64.ActiveCfg = Debug|ARM64
		{C9CF1018-680A-4D1B-8771-DBCF845DAFEE}.Debug|ARM64.Build.0 = Debug|ARM64
		{C9CF1018-680A-4D1B-8771-DBCF845DAFEE}.Debug|x64.ActiveCfg = Debug|x64
		{C9CF1018-680A-4D1B-8771-DBCF845DAFEE}.Debug|x64.Build.0 = Debug|x64
		{C9CF1018-680A-4D1B-8771-DBCF845DAFEE}.Debug|x86.ActiveCfg = Debug|Win32
		{C9CF1018-680A-4D1B-8771-DBCF845DAFEE}.Debug|x86.Build.0 = Debug|Win32
		{C9CF1018-680A-4D1B-8771-DBCF845DAFEE}.Release|ARM64.ActiveCfg = Release|ARM64
		{C9CF1018-680A-4D1B-8771-DBCF845DAFEE}.Release|ARM64.Build.0 = Release|ARM64
		{C9CF1018-680A-4D1B-8771-DBCF845DAFEE}.Release|x64.ActiveCfg = Release|x64
		{C9CF1018-680A-4D1B-8771-DBCF845DAFEE}.Release|x64.Build.0 = Release|x64
		{C9CF1018-680A-4D1B-8771-DBCF845DAFEE}.Release|x86.ActiveCfg = Release|Win32
		{C9CF1018-680A-4D1B-8771-DBCF845DAFEE}.Release|x86.Build.0 = Release|Win32
		{CB1A1E25-6E68-4C4D-ABB4-F19C53D68561}.Debug|ARM64.ActiveCfg = Debug|ARM64
		{CB1A1E25-6E68-4C4D-ABB4-F19C53D68561}.Debug|ARM64.Build.0 = Debug|ARM64
		{CB1A1E25-6E68-4C4D-ABB4-F19C53D68561}.Debug|x64.ActiveCfg = Debug|x64
		{CB1A1E25-6E68-4C4D-ABB4-F19C53D68561}.Debug|x64.Build.0 = Debug|x64
		{CB1A1E25-6E68-4C4D-ABB4-F19C53D68561}.Debug|x86.ActiveCfg = Debug|Win32
		{CB1A1E25-6E68-4C4D-ABB4-F19C53D68561}.Debug|x86.Build.0 = Debug|Win32
		{CB1A1E25-6E68-4C4D-ABB4-F19C53D68561}.Release|ARM64.ActiveCfg = Release|ARM64
		{CB1A1E25-6E68-4C4D-ABB4-F19C53D68561}.Release|ARM64.Build.0 = Release|ARM64
		{CB1A1E25-6E68-4C4D-ABB4-F19C53D68561}.Release|x64.ActiveCfg = Release|x64
		{CB1A1E25-6E68-4C4D-ABB4-F19C53D68561}.Release|x64.Build.0 = Release|x64
		{CB1A1E25-6E68-4C4D-ABB4-F19C53D68561}.Release|x86.ActiveCfg = Release|Win32
		{CB1A1E25-6E68-4C4D-ABB4-F19C53D68561}.Release|x86.Build.0 = Release|Win32
		{92D8C10D-9596-4CE0-BFE6-8BD86D4396CD}.Debug|ARM64.ActiveCfg = Debug|ARM64
		{92D8C10D-9596-4CE0-BFE6-8BD86D4396CD}.Debug|ARM64.Build.0 = Debug|ARM64
		{92D8C10D-9596-4CE0-BFE6-8BD86D4396CD}.Debug|x64.ActiveCfg = Debug|x64
		{92D8C10D-9596-4CE0-BFE6-8BD86D4396CD}.Debug|x64.Build.0 = Debug|x64
		{92D8C10D-9596-4CE0-BFE6-8BD86D4396CD}.Debug|x86.ActiveCfg = Debug|Win32
		{92D8C10D-9596-4CE0-BFE6-8BD86D4396CD}.Debug|x86.Build.0 = Debug|Win32
		{92D8C10D-9596-4CE0-BFE6-8BD86D4396CD}.Release|ARM64.ActiveCfg = Release|ARM64
		{92D8C10D-9596-4CE0-BFE6-8BD86D4396CD}.Release|ARM64.Build.0 = Release|ARM64
		{92D8C10D-9596-4CE0-BFE6-8BD86D4396CD}.Release|x64.ActiveCfg = Release|x64
		{92D8C10D-9596-4CE0-BFE6-8BD86D4396CD}.Release|x64.Build.0 = Release|x64
		{92D8C10D-9596-4CE0-BFE6-8BD86D4396CD}.Release|x86.ActiveCfg = Release|Win32
		{92D8C10D-9596-4CE0-BFE6-8BD86D4396CD}.Release|x86.Build.0 = Release|Win32
		{0E217467-91CC-4FB5-A7F2-CE611CFCE0E8}.Debug|ARM64.ActiveCfg = Debug|ARM64
		{0E217467-91CC-4FB5-A7F2-CE611CFCE0E8}.Debug|ARM64.Build.0 = Debug|ARM64
		{0E217467-91CC-4FB5-A7F2-CE611CFCE0E8}.Debug|x64.ActiveCfg = Debug|x64
		{0E217467-91CC-4FB5-A7F2-CE611CFCE0E8}.Debug|x64.Build.0 = Debug|x64
		{0E217467-91CC-4FB5-A7F2-CE611CFCE0E8}.Debug|x86.ActiveCfg = Debug|Win32
		{0E217467-91CC-4FB5-A7F2-CE611CFCE0E8}.Debug|x86.Build.0 = Debug|Win32
		{0E217467-91CC-4FB5-A7F2-CE611CFCE0E8}.Release|ARM64.ActiveCfg = Release|ARM64
		{0E217467-91CC-4FB5-A7F2-CE611CFCE0E8}.Release|ARM64.Build.0 = Release|ARM64
		{0E217467-91CC-4FB5-A7F2-CE611CFCE0E8}.Release|x64.ActiveCfg = Release|x64
		{0E217467-91CC-4FB5-A7F2-CE611CFCE0E8}.Release|x64.Build.0 = Release|x64
		{0E217467-91CC-4FB5-A7F2-CE611CFCE0E8}.Release|x86.ActiveCfg = Release|Win32
		{0E217467-91CC-4FB5-A7F2-CE611CFCE0E8}.Release|x86.Build.0 = Release|Win32
		{40E223C8-EF99-4CDD-B3B5-9D231FC36430}.Debug|ARM64.ActiveCfg = Debug|ARM64
		{40E223C8-EF99-4CDD-B3B5-9D231FC36430}.Debug|ARM64.Build.0 = Debug|ARM64
		{40E223C8-EF99-4CDD-B3B5-9D231FC36430}.Debug|x64.ActiveCfg = Debug|x64
		{40E223C8-EF99-4CDD-B3B5-9D231FC36430}.Debug|x64.Build.0 = Debug|x64
		{40E223C8-EF99-4CDD-B3B5-9D231FC36430}.Debug|x86.ActiveCfg = Debug|Win32
		{40E223C8-EF99-4CDD-B3B5-9D231FC36430}.Debug|x86.Build.0 = Debug|Win32
		{40E223C8-EF99-4CDD-B3B5-9D231FC36430}.Release|ARM64.ActiveCfg = Release|ARM64
		{40E223C8-EF99-4CDD-B3B5-9D231FC36430}.Release|ARM64.Build.0 = Release|ARM64
		{40E223C8-EF99-4CDD-B3B5-9D231FC36430}.Release|x64.ActiveCfg = Release|x64
		{40E223C8-EF99-4CDD-B3B5-9D231FC36430}.Release|x64.Build.0 = Release|x64
		{40E223C8-EF99-4CDD-B3B5-9D231FC36430}.Release|x86.ActiveCfg = Release|Win32
		{40E223C8-EF99-4CDD-B3B5-9D231FC36430}.Release|x86.Build.0 = Release|Win32
		{5B89788E-0161-4E2B-8E8C-1F8F7F983AF7}.Debug|ARM64.ActiveCfg = Debug|ARM64
		{5B89788E-0161-4E2B-8E8C-1F8F7F983AF7}.Debug|ARM64.Build.0 = Debug|ARM64
		{5B89788E-0161-4E2B-8E8C-1F8F7F983AF7}.Debug|x64.ActiveCfg = Debug|x64
		{5B89788E-0161-4E2B-8E8C-1F8F7F983AF7}.Debug|x64.Build.0 = Debug|x64
		{5B89788E-0161-4E2B-8E8C-1F8F7F983AF7}.Debug|x86.ActiveCfg = Debug|Win32
		{5B89788E-0161-4E2B-8E8C-1F8F7F983AF7}.Debug|x86.Build.0 = Debug|Win32
		{5B89788E-0161-4E2B-8E8C-1F8F7F983AF7}.Release|ARM64.ActiveCfg = Release|ARM64
		{5B89788E-0161-4E2B-8E8C-1F8F7F983AF7}.Release|ARM64.Build.0 = Release|ARM64
		{5B89788E-0161-4E2B-8E8C-1F8F7F983AF7}.Release|x64.ActiveCfg = Release|x64
		{5B89788E-0161-4E2B-8E8C-1F8F7F983AF7}.Release|x64.Build.0 = Release|x64
		{5B89788E-0161-4E2B-8E8C-1F8F7F983AF7}.Release|x86.ActiveCfg = Release|Win32
		{5B89788E-0161-4E2B-8E8C-1F8F7F983AF7}.Release|x86.Build.0 = Release|Win32
	EndGlobalSection
	GlobalSection(SolutionProperties) = preSolution
		HideSolutionNode = FALSE
	EndGlobalSection
	GlobalSection(ExtensibilityGlobals) = postSolution
		SolutionGuid = {C480D064-A43D-4E7C-8E62-E6313B9F6CFF}
	EndGlobalSection
EndGlobal
