
Microsoft Visual Studio Solution File, Format Version 12.00
# Visual Studio Version 17
VisualStudioVersion = 17.14.36429.23
MinimumVisualStudioVersion = 10.0.40219.1
Project("{8BC9CEB8-8B4A-11D0-8D11-00A0C91BC942}") = "demo 1", "demo 1\demo 1.vcxproj", "{497E7041-1C2F-4D7D-BD70-4B0E597BA8D6}"
EndProject
Project("{8BC9CEB8-8B4A-11D0-8D11-00A0C91BC942}") = "demo2", "week2\week2.vcxproj", "{897622BE-BEBB-4CA1-8B76-CA238984960D}"
EndProject
Project("{8BC9CEB8-8B4A-11D0-8D11-00A0C91BC942}") = "demo3", "demo3\demo3.vcxproj", "{0EDF5870-F143-43EA-BDD9-256FEA276C9D}"
EndProject
Project("{8BC9CEB8-8B4A-11D0-8D11-00A0C91BC942}") = "demo4", "demo4\demo4.vcxproj", "{EF83D54B-C865-4944-AA51-635E1BB1156C}"
EndProject
Project("{8BC9CEB8-8B4A-11D0-8D11-00A0C91BC942}") = "demo5", "demo5\demo5.vcxproj", "{14EDEA49-BE8F-455D-8673-FF2493DEE682}"
EndProject
Project("{8BC9CEB8-8B4A-11D0-8D11-00A0C91BC942}") = "test", "test\test.vcxproj", "{D20264BE-8C50-4470-85FA-F8CA7C6DD051}"
EndProject
Project("{8BC9CEB8-8B4A-11D0-8D11-00A0C91BC942}") = "T22", "auto2\auto2.vcxproj", "{6412121E-9E98-4279-96EB-EA149C845E4E}"
EndProject
Project("{8BC9CEB8-8B4A-11D0-8D11-00A0C91BC942}") = "T27", "T23\T23.vcxproj", "{6D3602DB-5F84-41E0-871D-857AAE68C236}"
EndProject
Project("{8BC9CEB8-8B4A-11D0-8D11-00A0C91BC942}") = "test2", "test2\test2.vcxproj", "{68A3B9B4-210F-41F3-948D-B13ABF601F04}"
EndProject
Project("{8BC9CEB8-8B4A-11D0-8D11-00A0C91BC942}") = "T26", "T26\T26.vcxproj", "{3D831048-EE33-4610-8F5E-A35F8963DC92}"
EndProject
Project("{8BC9CEB8-8B4A-11D0-8D11-00A0C91BC942}") = "T29", "T29\T29.vcxproj", "{59D9FED4-10ED-4C11-A0D8-2F5AA80B9749}"
EndProject
Project("{8BC9CEB8-8B4A-11D0-8D11-00A0C91BC942}") = "T30", "T30\T30.vcxproj", "{7D029EBA-569E-42DF-B894-D76ECEE21EC5}"
EndProject
Project("{8BC9CEB8-8B4A-11D0-8D11-00A0C91BC942}") = "T31", "T31\T31.vcxproj", "{1699F9C2-6E8A-44BF-854C-55532061496A}"
EndProject
Global
	GlobalSection(SolutionConfigurationPlatforms) = preSolution
		Debug|ARM64 = Debug|ARM64
		Debug|x64 = Debug|x64
		Debug|x86 = Debug|x86
		Release|ARM64 = Release|ARM64
		Release|x64 = Release|x64
		Release|x86 = Release|x86
	EndGlobalSection
	GlobalSection(ProjectConfigurationPlatforms) = postSolution
		{497E7041-1C2F-4D7D-BD70-4B0E597BA8D6}.Debug|ARM64.ActiveCfg = Debug|ARM64
		{497E7041-1C2F-4D7D-BD70-4B0E597BA8D6}.Debug|ARM64.Build.0 = Debug|ARM64
		{497E7041-1C2F-4D7D-BD70-4B0E597BA8D6}.Debug|x64.ActiveCfg = Debug|x64
		{497E7041-1C2F-4D7D-BD70-4B0E597BA8D6}.Debug|x64.Build.0 = Debug|x64
		{497E7041-1C2F-4D7D-BD70-4B0E597BA8D6}.Debug|x86.ActiveCfg = Debug|Win32
		{497E7041-1C2F-4D7D-BD70-4B0E597BA8D6}.Debug|x86.Build.0 = Debug|Win32
		{497E7041-1C2F-4D7D-BD70-4B0E597BA8D6}.Release|ARM64.ActiveCfg = Release|ARM64
		{497E7041-1C2F-4D7D-BD70-4B0E597BA8D6}.Release|ARM64.Build.0 = Release|ARM64
		{497E7041-1C2F-4D7D-BD70-4B0E597BA8D6}.Release|x64.ActiveCfg = Release|x64
		{497E7041-1C2F-4D7D-BD70-4B0E597BA8D6}.Release|x64.Build.0 = Release|x64
		{497E7041-1C2F-4D7D-BD70-4B0E597BA8D6}.Release|x86.ActiveCfg = Release|Win32
		{497E7041-1C2F-4D7D-BD70-4B0E597BA8D6}.Release|x86.Build.0 = Release|Win32
		{897622BE-BEBB-4CA1-8B76-CA238984960D}.Debug|ARM64.ActiveCfg = Debug|ARM64
		{897622BE-BEBB-4CA1-8B76-CA238984960D}.Debug|ARM64.Build.0 = Debug|ARM64
		{897622BE-BEBB-4CA1-8B76-CA238984960D}.Debug|x64.ActiveCfg = Debug|x64
		{897622BE-BEBB-4CA1-8B76-CA238984960D}.Debug|x64.Build.0 = Debug|x64
		{897622BE-BEBB-4CA1-8B76-CA238984960D}.Debug|x86.ActiveCfg = Debug|Win32
		{897622BE-BEBB-4CA1-8B76-CA238984960D}.Debug|x86.Build.0 = Debug|Win32
		{897622BE-BEBB-4CA1-8B76-CA238984960D}.Release|ARM64.ActiveCfg = Release|ARM64
		{897622BE-BEBB-4CA1-8B76-CA238984960D}.Release|ARM64.Build.0 = Release|ARM64
		{897622BE-BEBB-4CA1-8B76-CA238984960D}.Release|x64.ActiveCfg = Release|x64
		{897622BE-BEBB-4CA1-8B76-CA238984960D}.Release|x64.Build.0 = Release|x64
		{897622BE-BEBB-4CA1-8B76-CA238984960D}.Release|x86.ActiveCfg = Release|Win32
		{897622BE-BEBB-4CA1-8B76-CA238984960D}.Release|x86.Build.0 = Release|Win32
		{0EDF5870-F143-43EA-BDD9-256FEA276C9D}.Debug|ARM64.ActiveCfg = Debug|ARM64
		{0EDF5870-F143-43EA-BDD9-256FEA276C9D}.Debug|ARM64.Build.0 = Debug|ARM64
		{0EDF5870-F143-43EA-BDD9-256FEA276C9D}.Debug|x64.ActiveCfg = Debug|x64
		{0EDF5870-F143-43EA-BDD9-256FEA276C9D}.Debug|x64.Build.0 = Debug|x64
		{0EDF5870-F143-43EA-BDD9-256FEA276C9D}.Debug|x86.ActiveCfg = Debug|Win32
		{0EDF5870-F143-43EA-BDD9-256FEA276C9D}.Debug|x86.Build.0 = Debug|Win32
		{0EDF5870-F143-43EA-BDD9-256FEA276C9D}.Release|ARM64.ActiveCfg = Release|ARM64
		{0EDF5870-F143-43EA-BDD9-256FEA276C9D}.Release|ARM64.Build.0 = Release|ARM64
		{0EDF5870-F143-43EA-BDD9-256FEA276C9D}.Release|x64.ActiveCfg = Release|x64
		{0EDF5870-F143-43EA-BDD9-256FEA276C9D}.Release|x64.Build.0 = Release|x64
		{0EDF5870-F143-43EA-BDD9-256FEA276C9D}.Release|x86.ActiveCfg = Release|Win32
		{0EDF5870-F143-43EA-BDD9-256FEA276C9D}.Release|x86.Build.0 = Release|Win32
		{EF83D54B-C865-4944-AA51-635E1BB1156C}.Debug|ARM64.ActiveCfg = Debug|ARM64
		{EF83D54B-C865-4944-AA51-635E1BB1156C}.Debug|ARM64.Build.0 = Debug|ARM64
		{EF83D54B-C865-4944-AA51-635E1BB1156C}.Debug|x64.ActiveCfg = Debug|x64
		{EF83D54B-C865-4944-AA51-635E1BB1156C}.Debug|x64.Build.0 = Debug|x64
		{EF83D54B-C865-4944-AA51-635E1BB1156C}.Debug|x86.ActiveCfg = Debug|Win32
		{EF83D54B-C865-4944-AA51-635E1BB1156C}.Debug|x86.Build.0 = Debug|Win32
		{EF83D54B-C865-4944-AA51-635E1BB1156C}.Release|ARM64.ActiveCfg = Release|ARM64
		{EF83D54B-C865-4944-AA51-635E1BB1156C}.Release|ARM64.Build.0 = Release|ARM64
		{EF83D54B-C865-4944-AA51-635E1BB1156C}.Release|x64.ActiveCfg = Release|x64
		{EF83D54B-C865-4944-AA51-635E1BB1156C}.Release|x64.Build.0 = Release|x64
		{EF83D54B-C865-4944-AA51-635E1BB1156C}.Release|x86.ActiveCfg = Release|Win32
		{EF83D54B-C865-4944-AA51-635E1BB1156C}.Release|x86.Build.0 = Release|Win32
		{14EDEA49-BE8F-455D-8673-FF2493DEE682}.Debug|ARM64.ActiveCfg = Debug|ARM64
		{14EDEA49-BE8F-455D-8673-FF2493DEE682}.Debug|ARM64.Build.0 = Debug|ARM64
		{14EDEA49-BE8F-455D-8673-FF2493DEE682}.Debug|x64.ActiveCfg = Debug|x64
		{14EDEA49-BE8F-455D-8673-FF2493DEE682}.Debug|x64.Build.0 = Debug|x64
		{14EDEA49-BE8F-455D-8673-FF2493DEE682}.Debug|x86.ActiveCfg = Debug|Win32
		{14EDEA49-BE8F-455D-8673-FF2493DEE682}.Debug|x86.Build.0 = Debug|Win32
		{14EDEA49-BE8F-455D-8673-FF2493DEE682}.Release|ARM64.ActiveCfg = Release|ARM64
		{14EDEA49-BE8F-455D-8673-FF2493DEE682}.Release|ARM64.Build.0 = Release|ARM64
		{14EDEA49-BE8F-455D-8673-FF2493DEE682}.Release|x64.ActiveCfg = Release|x64
		{14EDEA49-BE8F-455D-8673-FF2493DEE682}.Release|x64.Build.0 = Release|x64
		{14EDEA49-BE8F-455D-8673-FF2493DEE682}.Release|x86.ActiveCfg = Release|Win32
		{14EDEA49-BE8F-455D-8673-FF2493DEE682}.Release|x86.Build.0 = Release|Win32
		{D20264BE-8C50-4470-85FA-F8CA7C6DD051}.Debug|ARM64.ActiveCfg = Debug|ARM64
		{D20264BE-8C50-4470-85FA-F8CA7C6DD051}.Debug|ARM64.Build.0 = Debug|ARM64
		{D20264BE-8C50-4470-85FA-F8CA7C6DD051}.Debug|x64.ActiveCfg = Debug|x64
		{D20264BE-8C50-4470-85FA-F8CA7C6DD051}.Debug|x64.Build.0 = Debug|x64
		{D20264BE-8C50-4470-85FA-F8CA7C6DD051}.Debug|x86.ActiveCfg = Debug|Win32
		{D20264BE-8C50-4470-85FA-F8CA7C6DD051}.Debug|x86.Build.0 = Debug|Win32
		{D20264BE-8C50-4470-85FA-F8CA7C6DD051}.Release|ARM64.ActiveCfg = Release|ARM64
		{D20264BE-8C50-4470-85FA-F8CA7C6DD051}.Release|ARM64.Build.0 = Release|ARM64
		{D20264BE-8C50-4470-85FA-F8CA7C6DD051}.Release|x64.ActiveCfg = Release|x64
		{D20264BE-8C50-4470-85FA-F8CA7C6DD051}.Release|x64.Build.0 = Release|x64
		{D20264BE-8C50-4470-85FA-F8CA7C6DD051}.Release|x86.ActiveCfg = Release|Win32
		{D20264BE-8C50-4470-85FA-F8CA7C6DD051}.Release|x86.Build.0 = Release|Win32
		{6412121E-9E98-4279-96EB-EA149C845E4E}.Debug|ARM64.ActiveCfg = Debug|ARM64
		{6412121E-9E98-4279-96EB-EA149C845E4E}.Debug|ARM64.Build.0 = Debug|ARM64
		{6412121E-9E98-4279-96EB-EA149C845E4E}.Debug|x64.ActiveCfg = Debug|x64
		{6412121E-9E98-4279-96EB-EA149C845E4E}.Debug|x64.Build.0 = Debug|x64
		{6412121E-9E98-4279-96EB-EA149C845E4E}.Debug|x86.ActiveCfg = Debug|Win32
		{6412121E-9E98-4279-96EB-EA149C845E4E}.Debug|x86.Build.0 = Debug|Win32
		{6412121E-9E98-4279-96EB-EA149C845E4E}.Release|ARM64.ActiveCfg = Release|ARM64
		{6412121E-9E98-4279-96EB-EA149C845E4E}.Release|ARM64.Build.0 = Release|ARM64
		{6412121E-9E98-4279-96EB-EA149C845E4E}.Release|x64.ActiveCfg = Release|x64
		{6412121E-9E98-4279-96EB-EA149C845E4E}.Release|x64.Build.0 = Release|x64
		{6412121E-9E98-4279-96EB-EA149C845E4E}.Release|x86.ActiveCfg = Release|Win32
		{6412121E-9E98-4279-96EB-EA149C845E4E}.Release|x86.Build.0 = Release|Win32
		{6D3602DB-5F84-41E0-871D-857AAE68C236}.Debug|ARM64.ActiveCfg = Debug|ARM64
		{6D3602DB-5F84-41E0-871D-857AAE68C236}.Debug|ARM64.Build.0 = Debug|ARM64
		{6D3602DB-5F84-41E0-871D-857AAE68C236}.Debug|x64.ActiveCfg = Debug|x64
		{6D3602DB-5F84-41E0-871D-857AAE68C236}.Debug|x64.Build.0 = Debug|x64
		{6D3602DB-5F84-41E0-871D-857AAE68C236}.Debug|x86.ActiveCfg = Debug|Win32
		{6D3602DB-5F84-41E0-871D-857AAE68C236}.Debug|x86.Build.0 = Debug|Win32
		{6D3602DB-5F84-41E0-871D-857AAE68C236}.Release|ARM64.ActiveCfg = Release|ARM64
		{6D3602DB-5F84-41E0-871D-857AAE68C236}.Release|ARM64.Build.0 = Release|ARM64
		{6D3602DB-5F84-41E0-871D-857AAE68C236}.Release|x64.ActiveCfg = Release|x64
		{6D3602DB-5F84-41E0-871D-857AAE68C236}.Release|x64.Build.0 = Release|x64
		{6D3602DB-5F84-41E0-871D-857AAE68C236}.Release|x86.ActiveCfg = Release|Win32
		{6D3602DB-5F84-41E0-871D-857AAE68C236}.Release|x86.Build.0 = Release|Win32
		{68A3B9B4-210F-41F3-948D-B13ABF601F04}.Debug|ARM64.ActiveCfg = Debug|ARM64
		{68A3B9B4-210F-41F3-948D-B13ABF601F04}.Debug|ARM64.Build.0 = Debug|ARM64
		{68A3B9B4-210F-41F3-948D-B13ABF601F04}.Debug|x64.ActiveCfg = Debug|x64
		{68A3B9B4-210F-41F3-948D-B13ABF601F04}.Debug|x64.Build.0 = Debug|x64
		{68A3B9B4-210F-41F3-948D-B13ABF601F04}.Debug|x86.ActiveCfg = Debug|Win32
		{68A3B9B4-210F-41F3-948D-B13ABF601F04}.Debug|x86.Build.0 = Debug|Win32
		{68A3B9B4-210F-41F3-948D-B13ABF601F04}.Release|ARM64.ActiveCfg = Release|ARM64
		{68A3B9B4-210F-41F3-948D-B13ABF601F04}.Release|ARM64.Build.0 = Release|ARM64
		{68A3B9B4-210F-41F3-948D-B13ABF601F04}.Release|x64.ActiveCfg = Release|x64
		{68A3B9B4-210F-41F3-948D-B13ABF601F04}.Release|x64.Build.0 = Release|x64
		{68A3B9B4-210F-41F3-948D-B13ABF601F04}.Release|x86.ActiveCfg = Release|Win32
		{68A3B9B4-210F-41F3-948D-B13ABF601F04}.Release|x86.Build.0 = Release|Win32
		{3D831048-EE33-4610-8F5E-A35F8963DC92}.Debug|ARM64.ActiveCfg = Debug|ARM64
		{3D831048-EE33-4610-8F5E-A35F8963DC92}.Debug|ARM64.Build.0 = Debug|ARM64
		{3D831048-EE33-4610-8F5E-A35F8963DC92}.Debug|x64.ActiveCfg = Debug|x64
		{3D831048-EE33-4610-8F5E-A35F8963DC92}.Debug|x64.Build.0 = Debug|x64
		{3D831048-EE33-4610-8F5E-A35F8963DC92}.Debug|x86.ActiveCfg = Debug|Win32
		{3D831048-EE33-4610-8F5E-A35F8963DC92}.Debug|x86.Build.0 = Debug|Win32
		{3D831048-EE33-4610-8F5E-A35F8963DC92}.Release|ARM64.ActiveCfg = Release|ARM64
		{3D831048-EE33-4610-8F5E-A35F8963DC92}.Release|ARM64.Build.0 = Release|ARM64
		{3D831048-EE33-4610-8F5E-A35F8963DC92}.Release|x64.ActiveCfg = Release|x64
		{3D831048-EE33-4610-8F5E-A35F8963DC92}.Release|x64.Build.0 = Release|x64
		{3D831048-EE33-4610-8F5E-A35F8963DC92}.Release|x86.ActiveCfg = Release|Win32
		{3D831048-EE33-4610-8F5E-A35F8963DC92}.Release|x86.Build.0 = Release|Win32
		{59D9FED4-10ED-4C11-A0D8-2F5AA80B9749}.Debug|ARM64.ActiveCfg = Debug|ARM64
		{59D9FED4-10ED-4C11-A0D8-2F5AA80B9749}.Debug|ARM64.Build.0 = Debug|ARM64
		{59D9FED4-10ED-4C11-A0D8-2F5AA80B9749}.Debug|x64.ActiveCfg = Debug|x64
		{59D9FED4-10ED-4C11-A0D8-2F5AA80B9749}.Debug|x64.Build.0 = Debug|x64
		{59D9FED4-10ED-4C11-A0D8-2F5AA80B9749}.Debug|x86.ActiveCfg = Debug|Win32
		{59D9FED4-10ED-4C11-A0D8-2F5AA80B9749}.Debug|x86.Build.0 = Debug|Win32
		{59D9FED4-10ED-4C11-A0D8-2F5AA80B9749}.Release|ARM64.ActiveCfg = Release|ARM64
		{59D9FED4-10ED-4C11-A0D8-2F5AA80B9749}.Release|ARM64.Build.0 = Release|ARM64
		{59D9FED4-10ED-4C11-A0D8-2F5AA80B9749}.Release|x64.ActiveCfg = Release|x64
		{59D9FED4-10ED-4C11-A0D8-2F5AA80B9749}.Release|x64.Build.0 = Release|x64
		{59D9FED4-10ED-4C11-A0D8-2F5AA80B9749}.Release|x86.ActiveCfg = Release|Win32
		{59D9FED4-10ED-4C11-A0D8-2F5AA80B9749}.Release|x86.Build.0 = Release|Win32
		{7D029EBA-569E-42DF-B894-D76ECEE21EC5}.Debug|ARM64.ActiveCfg = Debug|ARM64
		{7D029EBA-569E-42DF-B894-D76ECEE21EC5}.Debug|ARM64.Build.0 = Debug|ARM64
		{7D029EBA-569E-42DF-B894-D76ECEE21EC5}.Debug|x64.ActiveCfg = Debug|x64
		{7D029EBA-569E-42DF-B894-D76ECEE21EC5}.Debug|x64.Build.0 = Debug|x64
		{7D029EBA-569E-42DF-B894-D76ECEE21EC5}.Debug|x86.ActiveCfg = Debug|Win32
		{7D029EBA-569E-42DF-B894-D76ECEE21EC5}.Debug|x86.Build.0 = Debug|Win32
		{7D029EBA-569E-42DF-B894-D76ECEE21EC5}.Release|ARM64.ActiveCfg = Release|ARM64
		{7D029EBA-569E-42DF-B894-D76ECEE21EC5}.Release|ARM64.Build.0 = Release|ARM64
		{7D029EBA-569E-42DF-B894-D76ECEE21EC5}.Release|x64.ActiveCfg = Release|x64
		{7D029EBA-569E-42DF-B894-D76ECEE21EC5}.Release|x64.Build.0 = Release|x64
		{7D029EBA-569E-42DF-B894-D76ECEE21EC5}.Release|x86.ActiveCfg = Release|Win32
		{7D029EBA-569E-42DF-B894-D76ECEE21EC5}.Release|x86.Build.0 = Release|Win32
		{1699F9C2-6E8A-44BF-854C-55532061496A}.Debug|ARM64.ActiveCfg = Debug|ARM64
		{1699F9C2-6E8A-44BF-854C-55532061496A}.Debug|ARM64.Build.0 = Debug|ARM64
		{1699F9C2-6E8A-44BF-854C-55532061496A}.Debug|x64.ActiveCfg = Debug|x64
		{1699F9C2-6E8A-44BF-854C-55532061496A}.Debug|x64.Build.0 = Debug|x64
		{1699F9C2-6E8A-44BF-854C-55532061496A}.Debug|x86.ActiveCfg = Debug|Win32
		{1699F9C2-6E8A-44BF-854C-55532061496A}.Debug|x86.Build.0 = Debug|Win32
		{1699F9C2-6E8A-44BF-854C-55532061496A}.Release|ARM64.ActiveCfg = Release|ARM64
		{1699F9C2-6E8A-44BF-854C-55532061496A}.Release|ARM64.Build.0 = Release|ARM64
		{1699F9C2-6E8A-44BF-854C-55532061496A}.Release|x64.ActiveCfg = Release|x64
		{1699F9C2-6E8A-44BF-854C-55532061496A}.Release|x64.Build.0 = Release|x64
		{1699F9C2-6E8A-44BF-854C-55532061496A}.Release|x86.ActiveCfg = Release|Win32
		{1699F9C2-6E8A-44BF-854C-55532061496A}.Release|x86.Build.0 = Release|Win32
	EndGlobalSection
	GlobalSection(SolutionProperties) = preSolution
		HideSolutionNode = FALSE
	EndGlobalSection
	GlobalSection(ExtensibilityGlobals) = postSolution
		SolutionGuid = {D74D4FA7-0E31-4029-B73D-57E36E8A79E6}
	EndGlobalSection
EndGlobal
