
Microsoft Visual Studio Solution File, Format Version 12.00
# Visual Studio Version 17
VisualStudioVersion = 17.14.36429.23
MinimumVisualStudioVersion = 10.0.40219.1
Project("{8BC9CEB8-8B4A-11D0-8D11-00A0C91BC942}") = "5-b11-1", "5-b11-1\5-b11-1.vcxproj", "{E4718E92-ED1A-4C3C-8A2F-D2208C2B9F8F}"
EndProject
Project("{8BC9CEB8-8B4A-11D0-8D11-00A0C91BC942}") = "5-b11-2", "5-b11-2\5-b11-2.vcxproj", "{67417A18-44D0-4B37-ABC3-25511EF2CE22}"
EndProject
Project("{8BC9CEB8-8B4A-11D0-8D11-00A0C91BC942}") = "5-b12", "5-b12\5-b12.vcxproj", "{8CFD43AB-CDC5-4416-A6D9-991C910DF90F}"
EndProject
Project("{8BC9CEB8-8B4A-11D0-8D11-00A0C91BC942}") = "5-b13", "5-b13\5-b13.vcxproj", "{33D9468B-0658-4B57-9FBD-55A526E0599C}"
EndProject
Project("{8BC9CEB8-8B4A-11D0-8D11-00A0C91BC942}") = "5-b14", "5-b14\5-b14.vcxproj", "{70F32B3B-DC83-4EC5-AB17-8DE32307DBBC}"
EndProject
Project("{8BC9CEB8-8B4A-11D0-8D11-00A0C91BC942}") = "Project1", "Project1\Project1.vcxproj", "{FC844D8A-40ED-43CE-9BC5-5B98E0A2A83E}"
EndProject
Global
	GlobalSection(SolutionConfigurationPlatforms) = preSolution
		Debug|ARM64 = Debug|ARM64
		Debug|x64 = Debug|x64
		Debug|x86 = Debug|x86
		Release|ARM64 = Release|ARM64
		Release|x64 = Release|x64
		Release|x86 = Release|x86
	EndGlobalSection
	GlobalSection(ProjectConfigurationPlatforms) = postSolution
		{E4718E92-ED1A-4C3C-8A2F-D2208C2B9F8F}.Debug|ARM64.ActiveCfg = Debug|ARM64
		{E4718E92-ED1A-4C3C-8A2F-D2208C2B9F8F}.Debug|ARM64.Build.0 = Debug|ARM64
		{E4718E92-ED1A-4C3C-8A2F-D2208C2B9F8F}.Debug|x64.ActiveCfg = Debug|x64
		{E4718E92-ED1A-4C3C-8A2F-D2208C2B9F8F}.Debug|x64.Build.0 = Debug|x64
		{E4718E92-ED1A-4C3C-8A2F-D2208C2B9F8F}.Debug|x86.ActiveCfg = Debug|Win32
		{E4718E92-ED1A-4C3C-8A2F-D2208C2B9F8F}.Debug|x86.Build.0 = Debug|Win32
		{E4718E92-ED1A-4C3C-8A2F-D2208C2B9F8F}.Release|ARM64.ActiveCfg = Release|ARM64
		{E4718E92-ED1A-4C3C-8A2F-D2208C2B9F8F}.Release|ARM64.Build.0 = Release|ARM64
		{E4718E92-ED1A-4C3C-8A2F-D2208C2B9F8F}.Release|x64.ActiveCfg = Release|x64
		{E4718E92-ED1A-4C3C-8A2F-D2208C2B9F8F}.Release|x64.Build.0 = Release|x64
		{E4718E92-ED1A-4C3C-8A2F-D2208C2B9F8F}.Release|x86.ActiveCfg = Release|Win32
		{E4718E92-ED1A-4C3C-8A2F-D2208C2B9F8F}.Release|x86.Build.0 = Release|Win32
		{67417A18-44D0-4B37-ABC3-25511EF2CE22}.Debug|ARM64.ActiveCfg = Debug|ARM64
		{67417A18-44D0-4B37-ABC3-25511EF2CE22}.Debug|ARM64.Build.0 = Debug|ARM64
		{67417A18-44D0-4B37-ABC3-25511EF2CE22}.Debug|x64.ActiveCfg = Debug|x64
		{67417A18-44D0-4B37-ABC3-25511EF2CE22}.Debug|x64.Build.0 = Debug|x64
		{67417A18-44D0-4B37-ABC3-25511EF2CE22}.Debug|x86.ActiveCfg = Debug|Win32
		{67417A18-44D0-4B37-ABC3-25511EF2CE22}.Debug|x86.Build.0 = Debug|Win32
		{67417A18-44D0-4B37-ABC3-25511EF2CE22}.Release|ARM64.ActiveCfg = Release|ARM64
		{67417A18-44D0-4B37-ABC3-25511EF2CE22}.Release|ARM64.Build.0 = Release|ARM64
		{67417A18-44D0-4B37-ABC3-25511EF2CE22}.Release|x64.ActiveCfg = Release|x64
		{67417A18-44D0-4B37-ABC3-25511EF2CE22}.Release|x64.Build.0 = Release|x64
		{67417A18-44D0-4B37-ABC3-25511EF2CE22}.Release|x86.ActiveCfg = Release|Win32
		{67417A18-44D0-4B37-ABC3-25511EF2CE22}.Release|x86.Build.0 = Release|Win32
		{8CFD43AB-CDC5-4416-A6D9-991C910DF90F}.Debug|ARM64.ActiveCfg = Debug|ARM64
		{8CFD43AB-CDC5-4416-A6D9-991C910DF90F}.Debug|ARM64.Build.0 = Debug|ARM64
		{8CFD43AB-CDC5-4416-A6D9-991C910DF90F}.Debug|x64.ActiveCfg = Debug|x64
		{8CFD43AB-CDC5-4416-A6D9-991C910DF90F}.Debug|x64.Build.0 = Debug|x64
		{8CFD43AB-CDC5-4416-A6D9-991C910DF90F}.Debug|x86.ActiveCfg = Debug|Win32
		{8CFD43AB-CDC5-4416-A6D9-991C910DF90F}.Debug|x86.Build.0 = Debug|Win32
		{8CFD43AB-CDC5-4416-A6D9-991C910DF90F}.Release|ARM64.ActiveCfg = Release|ARM64
		{8CFD43AB-CDC5-4416-A6D9-991C910DF90F}.Release|ARM64.Build.0 = Release|ARM64
		{8CFD43AB-CDC5-4416-A6D9-991C910DF90F}.Release|x64.ActiveCfg = Release|x64
		{8CFD43AB-CDC5-4416-A6D9-991C910DF90F}.Release|x64.Build.0 = Release|x64
		{8CFD43AB-CDC5-4416-A6D9-991C910DF90F}.Release|x86.ActiveCfg = Release|Win32
		{8CFD43AB-CDC5-4416-A6D9-991C910DF90F}.Release|x86.Build.0 = Release|Win32
		{33D9468B-0658-4B57-9FBD-55A526E0599C}.Debug|ARM64.ActiveCfg = Debug|ARM64
		{33D9468B-0658-4B57-9FBD-55A526E0599C}.Debug|ARM64.Build.0 = Debug|ARM64
		{33D9468B-0658-4B57-9FBD-55A526E0599C}.Debug|x64.ActiveCfg = Debug|x64
		{33D9468B-0658-4B57-9FBD-55A526E0599C}.Debug|x64.Build.0 = Debug|x64
		{33D9468B-0658-4B57-9FBD-55A526E0599C}.Debug|x86.ActiveCfg = Debug|Win32
		{33D9468B-0658-4B57-9FBD-55A526E0599C}.Debug|x86.Build.0 = Debug|Win32
		{33D9468B-0658-4B57-9FBD-55A526E0599C}.Release|ARM64.ActiveCfg = Release|ARM64
		{33D9468B-0658-4B57-9FBD-55A526E0599C}.Release|ARM64.Build.0 = Release|ARM64
		{33D9468B-0658-4B57-9FBD-55A526E0599C}.Release|x64.ActiveCfg = Release|x64
		{33D9468B-0658-4B57-9FBD-55A526E0599C}.Release|x64.Build.0 = Release|x64
		{33D9468B-0658-4B57-9FBD-55A526E0599C}.Release|x86.ActiveCfg = Release|Win32
		{33D9468B-0658-4B57-9FBD-55A526E0599C}.Release|x86.Build.0 = Release|Win32
		{70F32B3B-DC83-4EC5-AB17-8DE32307DBBC}.Debug|ARM64.ActiveCfg = Debug|ARM64
		{70F32B3B-DC83-4EC5-AB17-8DE32307DBBC}.Debug|ARM64.Build.0 = Debug|ARM64
		{70F32B3B-DC83-4EC5-AB17-8DE32307DBBC}.Debug|x64.ActiveCfg = Debug|x64
		{70F32B3B-DC83-4EC5-AB17-8DE32307DBBC}.Debug|x64.Build.0 = Debug|x64
		{70F32B3B-DC83-4EC5-AB17-8DE32307DBBC}.Debug|x86.ActiveCfg = Debug|Win32
		{70F32B3B-DC83-4EC5-AB17-8DE32307DBBC}.Debug|x86.Build.0 = Debug|Win32
		{70F32B3B-DC83-4EC5-AB17-8DE32307DBBC}.Release|ARM64.ActiveCfg = Release|ARM64
		{70F32B3B-DC83-4EC5-AB17-8DE32307DBBC}.Release|ARM64.Build.0 = Release|ARM64
		{70F32B3B-DC83-4EC5-AB17-8DE32307DBBC}.Release|x64.ActiveCfg = Release|x64
		{70F32B3B-DC83-4EC5-AB17-8DE32307DBBC}.Release|x64.Build.0 = Release|x64
		{70F32B3B-DC83-4EC5-AB17-8DE32307DBBC}.Release|x86.ActiveCfg = Release|Win32
		{70F32B3B-DC83-4EC5-AB17-8DE32307DBBC}.Release|x86.Build.0 = Release|Win32
		{FC844D8A-40ED-43CE-9BC5-5B98E0A2A83E}.Debug|ARM64.ActiveCfg = Debug|ARM64
		{FC844D8A-40ED-43CE-9BC5-5B98E0A2A83E}.Debug|ARM64.Build.0 = Debug|ARM64
		{FC844D8A-40ED-43CE-9BC5-5B98E0A2A83E}.Debug|x64.ActiveCfg = Debug|x64
		{FC844D8A-40ED-43CE-9BC5-5B98E0A2A83E}.Debug|x64.Build.0 = Debug|x64
		{FC844D8A-40ED-43CE-9BC5-5B98E0A2A83E}.Debug|x86.ActiveCfg = Debug|Win32
		{FC844D8A-40ED-43CE-9BC5-5B98E0A2A83E}.Debug|x86.Build.0 = Debug|Win32
		{FC844D8A-40ED-43CE-9BC5-5B98E0A2A83E}.Release|ARM64.ActiveCfg = Release|ARM64
		{FC844D8A-40ED-43CE-9BC5-5B98E0A2A83E}.Release|ARM64.Build.0 = Release|ARM64
		{FC844D8A-40ED-43CE-9BC5-5B98E0A2A83E}.Release|x64.ActiveCfg = Release|x64
		{FC844D8A-40ED-43CE-9BC5-5B98E0A2A83E}.Release|x64.Build.0 = Release|x64
		{FC844D8A-40ED-43CE-9BC5-5B98E0A2A83E}.Release|x86.ActiveCfg = Release|Win32
		{FC844D8A-40ED-43CE-9BC5-5B98E0A2A83E}.Release|x86.Build.0 = Release|Win32
	EndGlobalSection
	GlobalSection(SolutionProperties) = preSolution
		HideSolutionNode = FALSE
	EndGlobalSection
	GlobalSection(ExtensibilityGlobals) = postSolution
		SolutionGuid = {5716B13B-105A-4210-9B91-0481A2734C89}
	EndGlobalSection
EndGlobal
